
Microsoft Visual Studio Solution File, Format Version 12.00
# Visual Studio Version 17
VisualStudioVersion = 17.0.31903.59
MinimumVisualStudioVersion = 10.0.40219.1
Project("{2150E333-8FDC-42A3-9474-1A3956D46DE8}") = "src", "src", "{077B97DF-1120-48AF-B021-129BE8D9E081}"
EndProject
Project("{2150E333-8FDC-42A3-9474-1A3956D46DE8}") = "BuildingBlocks", "BuildingBlocks", "{7E695F2E-E568-46F4-A00F-4B0AC45D6B89}"
EndProject
Project("{FAE04EC0-301F-11D3-BF4B-00C04F79EFBC}") = "BuildingBlock.Domain", "src\BuildingBlocks\BuildingBlock.Domain\BuildingBlock.Domain.csproj", "{97E73DFF-484E-477A-96DD-76D56C988131}"
EndProject
Project("{FAE04EC0-301F-11D3-BF4B-00C04F79EFBC}") = "BuildingBlock.Application", "src\BuildingBlocks\BuildingBlock.Application\BuildingBlock.Application.csproj", "{43DC23FA-DCE7-4FC1-B24A-123557CB659D}"
EndProject
Project("{FAE04EC0-301F-11D3-BF4B-00C04F79EFBC}") = "BuildingBlock.Infrastructure", "src\BuildingBlocks\BuildingBlock.Infrastructure\BuildingBlock.Infrastructure.csproj", "{1580622E-B51F-4768-9E45-7EAB4AB52221}"
EndProject
Project("{FAE04EC0-301F-11D3-BF4B-00C04F79EFBC}") = "BuildingBlock.Infrastructure.Mail", "src\BuildingBlocks\BuildingBlock.Infrastructure.Mail\BuildingBlock.Infrastructure.Mail.csproj", "{DE91CB5F-EFCF-41D1-BB12-B95CC74A7EBF}"
EndProject
Project("{FAE04EC0-301F-11D3-BF4B-00C04F79EFBC}") = "BuildingBlock.SharedKernel", "src\BuildingBlocks\BuildingBlock.SharedKernel\BuildingBlock.SharedKernel.csproj", "{8F061D72-EA30-4CAF-B9AC-C3E4FC1DE9A5}"
EndProject
Project("{FAE04EC0-301F-11D3-BF4B-00C04F79EFBC}") = "BuildingBlock.Persistence", "src\BuildingBlocks\BuildingBlock.Persistence\BuildingBlock.Persistence.csproj", "{87FCE8EE-C35E-48D2-977F-6F7DB293080B}"
EndProject
Project("{FAE04EC0-301F-11D3-BF4B-00C04F79EFBC}") = "BuildingBlock.Persistence.Ef", "src\BuildingBlocks\BuildingBlock.Persistence.Ef\BuildingBlock.Persistence.Ef.csproj", "{39BE9B8F-04AB-477B-9533-0E952F63F4E4}"
EndProject
Project("{FAE04EC0-301F-11D3-BF4B-00C04F79EFBC}") = "BuildingBlock.Web", "src\BuildingBlocks\BuildingBlock.Web\BuildingBlock.Web.csproj", "{B52C9F28-AE44-49A3-B9F5-59A526568998}"
EndProject
Project("{FAE04EC0-301F-11D3-BF4B-00C04F79EFBC}") = "BuildingBlock.Contract", "src\BuildingBlocks\BuildingBlock.Contract\BuildingBlock.Contract.csproj", "{149B96F5-B5DA-4BC6-8AC0-C7DD5FBD9FFA}"
EndProject
Project("{FAE04EC0-301F-11D3-BF4B-00C04F79EFBC}") = "BuildingBlock.Grpc", "src\BuildingBlocks\BuildingBlock.Grpc\BuildingBlock.Grpc.csproj", "{D624BECF-AB06-4573-B614-25845C43CFB9}"
EndProject
Project("{FAE04EC0-301F-11D3-BF4B-00C04F79EFBC}") = "BuildingBlock.Saga", "src\BuildingBlocks\BuildingBlock.Saga\BuildingBlock.Saga.csproj", "{12BDED53-5EDB-4DF1-B0B0-92982C11C5BC}"
EndProject
Project("{FAE04EC0-301F-11D3-BF4B-00C04F79EFBC}") = "BuildingBlock.Messaging", "src\BuildingBlocks\BuildingBlock.Messaging\BuildingBlock.Messaging.csproj", "{4B0627DC-5849-4742-A2EA-0C41744A7D46}"
EndProject
Project("{FAE04EC0-301F-11D3-BF4B-00C04F79EFBC}") = "BuildingBlock.Messaging.Kafka", "src\BuildingBlocks\BuildingBlock.Messaging.Kafka\BuildingBlock.Messaging.Kafka.csproj", "{6D9152AD-EB40-40CF-AB95-C7E734985933}"
EndProject
Project("{2150E333-8FDC-42A3-9474-1A3956D46DE8}") = "ApiGateways", "ApiGateways", "{D72C7DAE-3966-4F2D-A881-588B6C079A31}"
EndProject
Project("{FAE04EC0-301F-11D3-BF4B-00C04F79EFBC}") = "YarpApiGateway", "src\ApiGateways\YarpApiGateway\YarpApiGateway.csproj", "{47062435-A061-4865-B3D6-3D213707E853}"
EndProject
Project("{2150E333-8FDC-42A3-9474-1A3956D46DE8}") = "Services", "Services", "{3A69DF5F-2BB9-492E-BDB6-D5F4195AE211}"
EndProject
Project("{2150E333-8FDC-42A3-9474-1A3956D46DE8}") = "Auth", "Auth", "{52EB34D0-0504-467A-B9CE-B7E941C180F6}"
EndProject
Project("{FAE04EC0-301F-11D3-BF4B-00C04F79EFBC}") = "Auth.Domain", "src\Services\Auth\Auth.Domain\Auth.Domain.csproj", "{B195E1C3-B1AD-460B-BF0A-F59A01FE48EB}"
EndProject
Project("{FAE04EC0-301F-11D3-BF4B-00C04F79EFBC}") = "Auth.Application", "src\Services\Auth\Auth.Application\Auth.Application.csproj", "{6AAFD962-6538-4B99-A323-55AE63DAC1AF}"
EndProject
Project("{FAE04EC0-301F-11D3-BF4B-00C04F79EFBC}") = "Auth.Persistence", "src\Services\Auth\Auth.Persistence\Auth.Persistence.csproj", "{D4F5C227-375E-4345-A5FB-ECE9859D48E0}"
EndProject
Project("{FAE04EC0-301F-11D3-BF4B-00C04F79EFBC}") = "Auth.Infrastructure", "src\Services\Auth\Auth.Infrastructure\Auth.Infrastructure.csproj", "{E923D95A-CA69-4EC3-B12E-8D599A53E243}"
EndProject
Project("{FAE04EC0-301F-11D3-BF4B-00C04F79EFBC}") = "Auth.API", "src\Services\Auth\Auth.API\Auth.API.csproj", "{C6C4F361-8283-4832-B18D-EF115E33ADD3}"
EndProject
Project("{2150E333-8FDC-42A3-9474-1A3956D46DE8}") = "User", "User", "{4A45BBF7-A629-F262-AE07-69B9726010C3}"
EndProject
Project("{FAE04EC0-301F-11D3-BF4B-00C04F79EFBC}") = "User.Domain", "src\Services\User\User.Domain\User.Domain.csproj", "{38CA15A4-3B1E-4A6C-B8A9-F7CD5534FA04}"
EndProject
Project("{FAE04EC0-301F-11D3-BF4B-00C04F79EFBC}") = "User.Application", "src\Services\User\User.Application\User.Application.csproj", "{B47DC2CA-1F6B-4027-A31C-17F07DA35BD3}"
EndProject
Project("{FAE04EC0-301F-11D3-BF4B-00C04F79EFBC}") = "User.Persistence", "src\Services\User\User.Persistence\User.Persistence.csproj", "{18B5DE0A-E5F7-444E-89F7-B75E404DCF18}"
EndProject
Project("{FAE04EC0-301F-11D3-BF4B-00C04F79EFBC}") = "User.Infrastructure", "src\Services\User\User.Infrastructure\User.Infrastructure.csproj", "{B667D8B1-A167-46BB-B218-4DA759F20651}"
EndProject
Project("{FAE04EC0-301F-11D3-BF4B-00C04F79EFBC}") = "User.API", "src\Services\User\User.API\User.API.csproj", "{8C120278-4168-4995-8448-9D1B2A9194B2}"
EndProject
Project("{2150E333-8FDC-42A3-9474-1A3956D46DE8}") = "Services", "Services", "{5854FF58-B8C5-05C6-5BF2-ACE42193F22B}"
EndProject
Project("{2150E333-8FDC-42A3-9474-1A3956D46DE8}") = "Product", "Product", "{B06B848F-2C60-96F4-F472-51BA1E48B7CF}"
EndProject
Project("{FAE04EC0-301F-11D3-BF4B-00C04F79EFBC}") = "Product.Domain", "src\Services\Product\Product.Domain\Product.Domain.csproj", "{C81443C1-8484-4802-971F-C4DD399FDA8D}"
EndProject
Project("{FAE04EC0-301F-11D3-BF4B-00C04F79EFBC}") = "Product.Application", "src\Services\Product\Product.Application\Product.Application.csproj", "{923E38FD-33B7-42CD-8974-6209281E9968}"
EndProject
Project("{FAE04EC0-301F-11D3-BF4B-00C04F79EFBC}") = "Product.Infrastructure", "src\Services\Product\Product.Infrastructure\Product.Infrastructure.csproj", "{30509D74-056E-4475-A409-3733C215D640}"
EndProject
Project("{FAE04EC0-301F-11D3-BF4B-00C04F79EFBC}") = "Product.Persistence", "src\Services\Product\Product.Persistence\Product.Persistence.csproj", "{791E38C2-D212-4DF2-B8FE-7A9281A96189}"
EndProject
Project("{FAE04EC0-301F-11D3-BF4B-00C04F79EFBC}") = "Product.API", "src\Services\Product\Product.API\Product.API.csproj", "{A37B3F0F-63C6-48E7-85CA-F1A2FF112168}"
EndProject
Project("{2150E333-8FDC-42A3-9474-1A3956D46DE8}") = "Inventory", "Inventory", "{E968773F-A3F0-8B5A-CFB8-BE121AA8E63F}"
EndProject
Project("{FAE04EC0-301F-11D3-BF4B-00C04F79EFBC}") = "Inventory.Domain", "src\Services\Inventory\Inventory.Domain\Inventory.Domain.csproj", "{54D1991E-C30B-4097-89F4-8D02EFB6A8EA}"
EndProject
Project("{FAE04EC0-301F-11D3-BF4B-00C04F79EFBC}") = "Inventory.Application", "src\Services\Inventory\Inventory.Application\Inventory.Application.csproj", "{AFE81B9A-82BD-4B45-BFB9-735E95E04B10}"
EndProject
Project("{FAE04EC0-301F-11D3-BF4B-00C04F79EFBC}") = "Inventory.Infrastructure", "src\Services\Inventory\Inventory.Infrastructure\Inventory.Infrastructure.csproj", "{FE509362-89BB-4C4E-A3E6-1059FDA030AD}"
EndProject
Project("{FAE04EC0-301F-11D3-BF4B-00C04F79EFBC}") = "Inventory.Persistence", "src\Services\Inventory\Inventory.Persistence\Inventory.Persistence.csproj", "{6FF341C6-CE75-4BC6-8A80-D4473E50F6CB}"
EndProject
Project("{FAE04EC0-301F-11D3-BF4B-00C04F79EFBC}") = "Inventory.API", "src\Services\Inventory\Inventory.API\Inventory.API.csproj", "{94F889DD-37AB-49D5-8576-D516B9512894}"
EndProject
Project("{FAE04EC0-301F-11D3-BF4B-00C04F79EFBC}") = "BuildingBlock.Persistence.Mongo", "src\BuildingBlocks\BuildingBlock.Persistence.Mongo\BuildingBlock.Persistence.Mongo.csproj", "{4C4E5DC4-E04B-462E-843F-F308E4191EBD}"
EndProject
Project("{2150E333-8FDC-42A3-9474-1A3956D46DE8}") = "Order", "Order", "{9C6C2E8D-B123-D6B1-AB18-2FEDF06AAB5F}"
EndProject
Project("{FAE04EC0-301F-11D3-BF4B-00C04F79EFBC}") = "Order.Domain", "src\Services\Order\Order.Domain\Order.Domain.csproj", "{F4F0E601-AB7D-48C2-9E36-BB7111E3B37F}"
EndProject
Project("{FAE04EC0-301F-11D3-BF4B-00C04F79EFBC}") = "Order.Application", "src\Services\Order\Order.Application\Order.Application.csproj", "{574AF9A7-BAB3-478C-AF00-DDD6BF07CC40}"
EndProject
Project("{FAE04EC0-301F-11D3-BF4B-00C04F79EFBC}") = "Order.Persistence", "src\Services\Order\Order.Persistence\Order.Persistence.csproj", "{15A4E5E3-D912-4EA0-A424-254E214CBBCF}"
EndProject
Project("{FAE04EC0-301F-11D3-BF4B-00C04F79EFBC}") = "Order.Infrastructure", "src\Services\Order\Order.Infrastructure\Order.Infrastructure.csproj", "{33B706B2-3D6C-4E92-93A5-175CA5839C27}"
EndProject
Project("{FAE04EC0-301F-11D3-BF4B-00C04F79EFBC}") = "Order.API", "src\Services\Order\Order.API\Order.API.csproj", "{1E0833AD-D443-42C9-8BF7-DEE7B6FC08EB}"
EndProject
Project("{2150E333-8FDC-42A3-9474-1A3956D46DE8}") = "Audit", "Audit", "{6ED955B7-AB36-72EE-BA5E-A53FE8CE0FC2}"
EndProject
Project("{FAE04EC0-301F-11D3-BF4B-00C04F79EFBC}") = "Audit.Domain", "src\Services\Audit\Audit.Domain\Audit.Domain.csproj", "{C5A42A0A-B289-4CEF-9A46-98A9D01F9EF4}"
EndProject
Project("{FAE04EC0-301F-11D3-BF4B-00C04F79EFBC}") = "Audit.Application", "src\Services\Audit\Audit.Application\Audit.Application.csproj", "{5B18B363-59B4-47E7-BF13-F32895526FD9}"
EndProject
Project("{FAE04EC0-301F-11D3-BF4B-00C04F79EFBC}") = "Audit.Persistence", "src\Services\Audit\Audit.Persistence\Audit.Persistence.csproj", "{FD09815C-6A69-4EB5-9ED6-BEB8DAA55A63}"
EndProject
Project("{FAE04EC0-301F-11D3-BF4B-00C04F79EFBC}") = "Audit.Infrastructure", "src\Services\Audit\Audit.Infrastructure\Audit.Infrastructure.csproj", "{50AF7F70-6852-4C09-943C-C2001A633791}"
EndProject
Project("{FAE04EC0-301F-11D3-BF4B-00C04F79EFBC}") = "Audit.API", "src\Services\Audit\Audit.API\Audit.API.csproj", "{D7508EFF-D88F-4406-96CC-C4F2F0EE293F}"
EndProject
Project("{2150E333-8FDC-42A3-9474-1A3956D46DE8}") = "tests", "tests", "{0AB3BF05-4346-4AA6-1389-037BE0695223}"
EndProject
Project("{FAE04EC0-301F-11D3-BF4B-00C04F79EFBC}") = "BuildingBlock.Persistence.Ef.Tests", "tests\unit\BuildingBlock.Persistence.Ef.Tests\BuildingBlock.Persistence.Ef.Tests.csproj", "{54308E5A-0DDE-44DB-A050-6E980642B115}"
EndProject
Project("{2150E333-8FDC-42A3-9474-1A3956D46DE8}") = "Notification", "Notification", "{AA9EE0C7-4E1A-44BC-243C-C4E356DC2F3C}"
EndProject
Project("{FAE04EC0-301F-11D3-BF4B-00C04F79EFBC}") = "Notification.Domain", "src\Services\Notification\Notification.Domain\Notification.Domain.csproj", "{000ED243-DB42-4994-9926-8F8486C7865F}"
EndProject
Project("{FAE04EC0-301F-11D3-BF4B-00C04F79EFBC}") = "Notification.Application", "src\Services\Notification\Notification.Application\Notification.Application.csproj", "{8927E8CB-24F7-4FF5-A15E-622E0411CA52}"
EndProject
Project("{FAE04EC0-301F-11D3-BF4B-00C04F79EFBC}") = "Notification.Infrastructure", "src\Services\Notification\Notification.Infrastructure\Notification.Infrastructure.csproj", "{4533C78E-CCEF-4822-8A15-F9C5E76CD313}"
EndProject
Project("{FAE04EC0-301F-11D3-BF4B-00C04F79EFBC}") = "Notification.Persistence", "src\Services\Notification\Notification.Persistence\Notification.Persistence.csproj", "{713AB70E-9C34-4114-9A74-DAFBACDC0952}"
EndProject
Project("{FAE04EC0-301F-11D3-BF4B-00C04F79EFBC}") = "Notification.API", "src\Services\Notification\Notification.API\Notification.API.csproj", "{D8B1EF8B-9267-4C82-8B9C-BD448C8EAB70}"
EndProject
Project("{FAE04EC0-301F-11D3-BF4B-00C04F79EFBC}") = "BuildingBlock.Search", "src\BuildingBlocks\BuildingBlock.Search\BuildingBlock.Search.csproj", "{954A01EE-8CF7-440C-90DE-9E147B91ECFD}"
EndProject
Project("{FAE04EC0-301F-11D3-BF4B-00C04F79EFBC}") = "BuildingBlock.SharedKernel.Tests", "tests\unit\BuildingBlock.SharedKernel.Tests\BuildingBlock.SharedKernel.Tests.csproj", "{6261DDAC-E425-4E53-8357-A6D53AB766A9}"
EndProject
Project("{FAE04EC0-301F-11D3-BF4B-00C04F79EFBC}") = "BuildingBlock.Domain.Tests", "tests\unit\BuildingBlock.Domain.Tests\BuildingBlock.Domain.Tests.csproj", "{756B722E-BB53-4BEF-870D-F286F8830B01}"
EndProject
Project("{FAE04EC0-301F-11D3-BF4B-00C04F79EFBC}") = "NovaCore.TestKit", "tests\unit\Common\NovaCore.TestKit\NovaCore.TestKit.csproj", "{D90C8C7C-1EA1-4B57-BD1B-F583C6DA4F34}"
EndProject
Project("{FAE04EC0-301F-11D3-BF4B-00C04F79EFBC}") = "Product.Domain.Tests", "tests\unit\Product.Domain.Tests\Product.Domain.Tests.csproj", "{2D1D9B4B-4EBA-481B-87C0-A1C12AFE6B7F}"
EndProject
Project("{FAE04EC0-301F-11D3-BF4B-00C04F79EFBC}") = "BuildingBlock.Criteria", "src\BuildingBlocks\BuildingBlock.Criteria\BuildingBlock.Criteria.csproj", "{9D1D15A2-400F-4F9C-9C11-A25A2A83938C}"
EndProject
Project("{2150E333-8FDC-42A3-9474-1A3956D46DE8}") = "unit", "unit", "{9D556B49-86D1-93A7-9596-FFAAB74EC556}"
EndProject
Project("{FAE04EC0-301F-11D3-BF4B-00C04F79EFBC}") = "BuildingBlock.Criteria.Tests", "tests\unit\BuildingBlock.Criteria.Tests\BuildingBlock.Criteria.Tests.csproj", "{F1E820B0-60F0-47D3-8484-C03C1F427E91}"
EndProject
Project("{FAE04EC0-301F-11D3-BF4B-00C04F79EFBC}") = "BuildingBlock.Observability", "src\BuildingBlocks\BuildingBlock.Observability\BuildingBlock.Observability.csproj", "{B7D4A06B-3F50-4AC0-B236-1A21226A58F2}"
EndProject
Project("{FAE04EC0-301F-11D3-BF4B-00C04F79EFBC}") = "Order.Application.Tests", "tests\unit\Order.Application.Tests\Order.Application.Tests.csproj", "{81BE22A1-0871-4E0C-88B2-87924ABFAC71}"
EndProject
Project("{FAE04EC0-301F-11D3-BF4B-00C04F79EFBC}") = "Notification.Persistence.Tests", "tests\unit\Notification.Persistence.Tests\Notification.Persistence.Tests.csproj", "{7DFCE8D2-3811-41B1-AD65-72DDFA5652DD}"
EndProject
Project("{2150E333-8FDC-42A3-9474-1A3956D46DE8}") = "integration", "integration", "{28A6993C-471E-82FE-7D9E-AD3B1EC22BD9}"
EndProject
Project("{FAE04EC0-301F-11D3-BF4B-00C04F79EFBC}") = "Order.IntegrationTests", "tests\integration\Order.IntegrationTests\Order.IntegrationTests.csproj", "{ACBD62FB-6E0E-4731-9202-341C610BFA2E}"
EndProject
Project("{FAE04EC0-301F-11D3-BF4B-00C04F79EFBC}") = "BuildingBlock.Infrastructure.Tests", "tests\unit\BuildingBlock.Infrastructure.Tests\BuildingBlock.Infrastructure.Tests.csproj", "{236476CD-29B5-42BB-8F50-4BDBC57010F4}"
EndProject
Project("{2150E333-8FDC-42A3-9474-1A3956D46DE8}") = "Payment", "Payment", "{BC32782B-3DC9-3934-259F-F436AC525407}"
EndProject
Project("{FAE04EC0-301F-11D3-BF4B-00C04F79EFBC}") = "Payment.Domain", "src\Services\Payment\Payment.Domain\Payment.Domain.csproj", "{29CC7C8C-2661-4A1D-87D6-3D3E0DAC511A}"
EndProject
Project("{FAE04EC0-301F-11D3-BF4B-00C04F79EFBC}") = "Payment.Application", "src\Services\Payment\Payment.Application\Payment.Application.csproj", "{A2F7E6DE-1B24-4603-9E51-4FBC2B2B9CDF}"
EndProject
Project("{FAE04EC0-301F-11D3-BF4B-00C04F79EFBC}") = "Payment.Persistence", "src\Services\Payment\Payment.Persistence\Payment.Persistence.csproj", "{9E79262F-569C-48FB-8F30-AFE530442D7E}"
EndProject
Project("{FAE04EC0-301F-11D3-BF4B-00C04F79EFBC}") = "Payment.Infrastructure", "src\Services\Payment\Payment.Infrastructure\Payment.Infrastructure.csproj", "{C25299CA-49AC-43FF-80BD-9E0FA5A01AAD}"
EndProject
Project("{FAE04EC0-301F-11D3-BF4B-00C04F79EFBC}") = "Payment.API", "src\Services\Payment\Payment.API\Payment.API.csproj", "{1B73E754-E6D1-48B8-BE5F-0C837FBBBBEE}"
EndProject
Project("{2150E333-8FDC-42A3-9474-1A3956D46DE8}") = "Promotion", "Promotion", "{60937C9B-4477-A58E-E305-B3069E16F0C3}"
EndProject
Project("{FAE04EC0-301F-11D3-BF4B-00C04F79EFBC}") = "Promotion.Domain", "src\Services\Promotion\Promotion.Domain\Promotion.Domain.csproj", "{12599FFA-7D7D-4C53-B272-059ADCACDFE1}"
EndProject
Project("{FAE04EC0-301F-11D3-BF4B-00C04F79EFBC}") = "Promotion.Application", "src\Services\Promotion\Promotion.Application\Promotion.Application.csproj", "{7ED47B0C-FE96-4F0B-AF04-06FF1789170C}"
EndProject
Project("{FAE04EC0-301F-11D3-BF4B-00C04F79EFBC}") = "Promotion.Persistence", "src\Services\Promotion\Promotion.Persistence\Promotion.Persistence.csproj", "{3F0737B1-46AC-434E-A1E4-539A6C9830BF}"
EndProject
Project("{FAE04EC0-301F-11D3-BF4B-00C04F79EFBC}") = "Promotion.Infrastructure", "src\Services\Promotion\Promotion.Infrastructure\Promotion.Infrastructure.csproj", "{143871E1-B5B4-4D68-B98D-BA1CBDCD13EB}"
EndProject
Project("{FAE04EC0-301F-11D3-BF4B-00C04F79EFBC}") = "Promotion.API", "src\Services\Promotion\Promotion.API\Promotion.API.csproj", "{3267479D-F587-45EE-B224-1E907D63C82A}"
EndProject
Project("{2150E333-8FDC-42A3-9474-1A3956D46DE8}") = "Shipping", "Shipping", "{59E94403-2D99-750A-1EA4-0C1FA3AC95B2}"
EndProject
Project("{FAE04EC0-301F-11D3-BF4B-00C04F79EFBC}") = "Shipping.Persistence", "src\Services\Shipping\Shipping.Persistence\Shipping.Persistence.csproj", "{987357F8-10C1-4E8A-A12A-EDAAA0173CB8}"
EndProject
Global
	GlobalSection(SolutionConfigurationPlatforms) = preSolution
		Debug|Any CPU = Debug|Any CPU
		Debug|x64 = Debug|x64
		Debug|x86 = Debug|x86
		Release|Any CPU = Release|Any CPU
		Release|x64 = Release|x64
		Release|x86 = Release|x86
	EndGlobalSection
	GlobalSection(ProjectConfigurationPlatforms) = postSolution
		{97E73DFF-484E-477A-96DD-76D56C988131}.Debug|Any CPU.ActiveCfg = Debug|Any CPU
		{97E73DFF-484E-477A-96DD-76D56C988131}.Debug|Any CPU.Build.0 = Debug|Any CPU
		{97E73DFF-484E-477A-96DD-76D56C988131}.Debug|x64.ActiveCfg = Debug|Any CPU
		{97E73DFF-484E-477A-96DD-76D56C988131}.Debug|x64.Build.0 = Debug|Any CPU
		{97E73DFF-484E-477A-96DD-76D56C988131}.Debug|x86.ActiveCfg = Debug|Any CPU
		{97E73DFF-484E-477A-96DD-76D56C988131}.Debug|x86.Build.0 = Debug|Any CPU
		{97E73DFF-484E-477A-96DD-76D56C988131}.Release|Any CPU.ActiveCfg = Release|Any CPU
		{97E73DFF-484E-477A-96DD-76D56C988131}.Release|Any CPU.Build.0 = Release|Any CPU
		{97E73DFF-484E-477A-96DD-76D56C988131}.Release|x64.ActiveCfg = Release|Any CPU
		{97E73DFF-484E-477A-96DD-76D56C988131}.Release|x64.Build.0 = Release|Any CPU
		{97E73DFF-484E-477A-96DD-76D56C988131}.Release|x86.ActiveCfg = Release|Any CPU
		{97E73DFF-484E-477A-96DD-76D56C988131}.Release|x86.Build.0 = Release|Any CPU
		{43DC23FA-DCE7-4FC1-B24A-123557CB659D}.Debug|Any CPU.ActiveCfg = Debug|Any CPU
		{43DC23FA-DCE7-4FC1-B24A-123557CB659D}.Debug|Any CPU.Build.0 = Debug|Any CPU
		{43DC23FA-DCE7-4FC1-B24A-123557CB659D}.Debug|x64.ActiveCfg = Debug|Any CPU
		{43DC23FA-DCE7-4FC1-B24A-123557CB659D}.Debug|x64.Build.0 = Debug|Any CPU
		{43DC23FA-DCE7-4FC1-B24A-123557CB659D}.Debug|x86.ActiveCfg = Debug|Any CPU
		{43DC23FA-DCE7-4FC1-B24A-123557CB659D}.Debug|x86.Build.0 = Debug|Any CPU
		{43DC23FA-DCE7-4FC1-B24A-123557CB659D}.Release|Any CPU.ActiveCfg = Release|Any CPU
		{43DC23FA-DCE7-4FC1-B24A-123557CB659D}.Release|Any CPU.Build.0 = Release|Any CPU
		{43DC23FA-DCE7-4FC1-B24A-123557CB659D}.Release|x64.ActiveCfg = Release|Any CPU
		{43DC23FA-DCE7-4FC1-B24A-123557CB659D}.Release|x64.Build.0 = Release|Any CPU
		{43DC23FA-DCE7-4FC1-B24A-123557CB659D}.Release|x86.ActiveCfg = Release|Any CPU
		{43DC23FA-DCE7-4FC1-B24A-123557CB659D}.Release|x86.Build.0 = Release|Any CPU
		{1580622E-B51F-4768-9E45-7EAB4AB52221}.Debug|Any CPU.ActiveCfg = Debug|Any CPU
		{1580622E-B51F-4768-9E45-7EAB4AB52221}.Debug|Any CPU.Build.0 = Debug|Any CPU
		{1580622E-B51F-4768-9E45-7EAB4AB52221}.Debug|x64.ActiveCfg = Debug|Any CPU
		{1580622E-B51F-4768-9E45-7EAB4AB52221}.Debug|x64.Build.0 = Debug|Any CPU
		{1580622E-B51F-4768-9E45-7EAB4AB52221}.Debug|x86.ActiveCfg = Debug|Any CPU
		{1580622E-B51F-4768-9E45-7EAB4AB52221}.Debug|x86.Build.0 = Debug|Any CPU
		{1580622E-B51F-4768-9E45-7EAB4AB52221}.Release|Any CPU.ActiveCfg = Release|Any CPU
		{1580622E-B51F-4768-9E45-7EAB4AB52221}.Release|Any CPU.Build.0 = Release|Any CPU
		{1580622E-B51F-4768-9E45-7EAB4AB52221}.Release|x64.ActiveCfg = Release|Any CPU
		{1580622E-B51F-4768-9E45-7EAB4AB52221}.Release|x64.Build.0 = Release|Any CPU
		{1580622E-B51F-4768-9E45-7EAB4AB52221}.Release|x86.ActiveCfg = Release|Any CPU
		{1580622E-B51F-4768-9E45-7EAB4AB52221}.Release|x86.Build.0 = Release|Any CPU
		{DE91CB5F-EFCF-41D1-BB12-B95CC74A7EBF}.Debug|Any CPU.ActiveCfg = Debug|Any CPU
		{DE91CB5F-EFCF-41D1-BB12-B95CC74A7EBF}.Debug|Any CPU.Build.0 = Debug|Any CPU
		{DE91CB5F-EFCF-41D1-BB12-B95CC74A7EBF}.Debug|x64.ActiveCfg = Debug|Any CPU
		{DE91CB5F-EFCF-41D1-BB12-B95CC74A7EBF}.Debug|x64.Build.0 = Debug|Any CPU
		{DE91CB5F-EFCF-41D1-BB12-B95CC74A7EBF}.Debug|x86.ActiveCfg = Debug|Any CPU
		{DE91CB5F-EFCF-41D1-BB12-B95CC74A7EBF}.Debug|x86.Build.0 = Debug|Any CPU
		{DE91CB5F-EFCF-41D1-BB12-B95CC74A7EBF}.Release|Any CPU.ActiveCfg = Release|Any CPU
		{DE91CB5F-EFCF-41D1-BB12-B95CC74A7EBF}.Release|Any CPU.Build.0 = Release|Any CPU
		{DE91CB5F-EFCF-41D1-BB12-B95CC74A7EBF}.Release|x64.ActiveCfg = Release|Any CPU
		{DE91CB5F-EFCF-41D1-BB12-B95CC74A7EBF}.Release|x64.Build.0 = Release|Any CPU
		{DE91CB5F-EFCF-41D1-BB12-B95CC74A7EBF}.Release|x86.ActiveCfg = Release|Any CPU
		{DE91CB5F-EFCF-41D1-BB12-B95CC74A7EBF}.Release|x86.Build.0 = Release|Any CPU
		{8F061D72-EA30-4CAF-B9AC-C3E4FC1DE9A5}.Debug|Any CPU.ActiveCfg = Debug|Any CPU
		{8F061D72-EA30-4CAF-B9AC-C3E4FC1DE9A5}.Debug|Any CPU.Build.0 = Debug|Any CPU
		{8F061D72-EA30-4CAF-B9AC-C3E4FC1DE9A5}.Debug|x64.ActiveCfg = Debug|Any CPU
		{8F061D72-EA30-4CAF-B9AC-C3E4FC1DE9A5}.Debug|x64.Build.0 = Debug|Any CPU
		{8F061D72-EA30-4CAF-B9AC-C3E4FC1DE9A5}.Debug|x86.ActiveCfg = Debug|Any CPU
		{8F061D72-EA30-4CAF-B9AC-C3E4FC1DE9A5}.Debug|x86.Build.0 = Debug|Any CPU
		{8F061D72-EA30-4CAF-B9AC-C3E4FC1DE9A5}.Release|Any CPU.ActiveCfg = Release|Any CPU
		{8F061D72-EA30-4CAF-B9AC-C3E4FC1DE9A5}.Release|Any CPU.Build.0 = Release|Any CPU
		{8F061D72-EA30-4CAF-B9AC-C3E4FC1DE9A5}.Release|x64.ActiveCfg = Release|Any CPU
		{8F061D72-EA30-4CAF-B9AC-C3E4FC1DE9A5}.Release|x64.Build.0 = Release|Any CPU
		{8F061D72-EA30-4CAF-B9AC-C3E4FC1DE9A5}.Release|x86.ActiveCfg = Release|Any CPU
		{8F061D72-EA30-4CAF-B9AC-C3E4FC1DE9A5}.Release|x86.Build.0 = Release|Any CPU
		{87FCE8EE-C35E-48D2-977F-6F7DB293080B}.Debug|Any CPU.ActiveCfg = Debug|Any CPU
		{87FCE8EE-C35E-48D2-977F-6F7DB293080B}.Debug|Any CPU.Build.0 = Debug|Any CPU
		{87FCE8EE-C35E-48D2-977F-6F7DB293080B}.Debug|x64.ActiveCfg = Debug|Any CPU
		{87FCE8EE-C35E-48D2-977F-6F7DB293080B}.Debug|x64.Build.0 = Debug|Any CPU
		{87FCE8EE-C35E-48D2-977F-6F7DB293080B}.Debug|x86.ActiveCfg = Debug|Any CPU
		{87FCE8EE-C35E-48D2-977F-6F7DB293080B}.Debug|x86.Build.0 = Debug|Any CPU
		{87FCE8EE-C35E-48D2-977F-6F7DB293080B}.Release|Any CPU.ActiveCfg = Release|Any CPU
		{87FCE8EE-C35E-48D2-977F-6F7DB293080B}.Release|Any CPU.Build.0 = Release|Any CPU
		{87FCE8EE-C35E-48D2-977F-6F7DB293080B}.Release|x64.ActiveCfg = Release|Any CPU
		{87FCE8EE-C35E-48D2-977F-6F7DB293080B}.Release|x64.Build.0 = Release|Any CPU
		{87FCE8EE-C35E-48D2-977F-6F7DB293080B}.Release|x86.ActiveCfg = Release|Any CPU
		{87FCE8EE-C35E-48D2-977F-6F7DB293080B}.Release|x86.Build.0 = Release|Any CPU
		{39BE9B8F-04AB-477B-9533-0E952F63F4E4}.Debug|Any CPU.ActiveCfg = Debug|Any CPU
		{39BE9B8F-04AB-477B-9533-0E952F63F4E4}.Debug|Any CPU.Build.0 = Debug|Any CPU
		{39BE9B8F-04AB-477B-9533-0E952F63F4E4}.Debug|x64.ActiveCfg = Debug|Any CPU
		{39BE9B8F-04AB-477B-9533-0E952F63F4E4}.Debug|x64.Build.0 = Debug|Any CPU
		{39BE9B8F-04AB-477B-9533-0E952F63F4E4}.Debug|x86.ActiveCfg = Debug|Any CPU
		{39BE9B8F-04AB-477B-9533-0E952F63F4E4}.Debug|x86.Build.0 = Debug|Any CPU
		{39BE9B8F-04AB-477B-9533-0E952F63F4E4}.Release|Any CPU.ActiveCfg = Release|Any CPU
		{39BE9B8F-04AB-477B-9533-0E952F63F4E4}.Release|Any CPU.Build.0 = Release|Any CPU
		{39BE9B8F-04AB-477B-9533-0E952F63F4E4}.Release|x64.ActiveCfg = Release|Any CPU
		{39BE9B8F-04AB-477B-9533-0E952F63F4E4}.Release|x64.Build.0 = Release|Any CPU
		{39BE9B8F-04AB-477B-9533-0E952F63F4E4}.Release|x86.ActiveCfg = Release|Any CPU
		{39BE9B8F-04AB-477B-9533-0E952F63F4E4}.Release|x86.Build.0 = Release|Any CPU
		{B52C9F28-AE44-49A3-B9F5-59A526568998}.Debug|Any CPU.ActiveCfg = Debug|Any CPU
		{B52C9F28-AE44-49A3-B9F5-59A526568998}.Debug|Any CPU.Build.0 = Debug|Any CPU
		{B52C9F28-AE44-49A3-B9F5-59A526568998}.Debug|x64.ActiveCfg = Debug|Any CPU
		{B52C9F28-AE44-49A3-B9F5-59A526568998}.Debug|x64.Build.0 = Debug|Any CPU
		{B52C9F28-AE44-49A3-B9F5-59A526568998}.Debug|x86.ActiveCfg = Debug|Any CPU
		{B52C9F28-AE44-49A3-B9F5-59A526568998}.Debug|x86.Build.0 = Debug|Any CPU
		{B52C9F28-AE44-49A3-B9F5-59A526568998}.Release|Any CPU.ActiveCfg = Release|Any CPU
		{B52C9F28-AE44-49A3-B9F5-59A526568998}.Release|Any CPU.Build.0 = Release|Any CPU
		{B52C9F28-AE44-49A3-B9F5-59A526568998}.Release|x64.ActiveCfg = Release|Any CPU
		{B52C9F28-AE44-49A3-B9F5-59A526568998}.Release|x64.Build.0 = Release|Any CPU
		{B52C9F28-AE44-49A3-B9F5-59A526568998}.Release|x86.ActiveCfg = Release|Any CPU
		{B52C9F28-AE44-49A3-B9F5-59A526568998}.Release|x86.Build.0 = Release|Any CPU
		{149B96F5-B5DA-4BC6-8AC0-C7DD5FBD9FFA}.Debug|Any CPU.ActiveCfg = Debug|Any CPU
		{149B96F5-B5DA-4BC6-8AC0-C7DD5FBD9FFA}.Debug|Any CPU.Build.0 = Debug|Any CPU
		{149B96F5-B5DA-4BC6-8AC0-C7DD5FBD9FFA}.Debug|x64.ActiveCfg = Debug|Any CPU
		{149B96F5-B5DA-4BC6-8AC0-C7DD5FBD9FFA}.Debug|x64.Build.0 = Debug|Any CPU
		{149B96F5-B5DA-4BC6-8AC0-C7DD5FBD9FFA}.Debug|x86.ActiveCfg = Debug|Any CPU
		{149B96F5-B5DA-4BC6-8AC0-C7DD5FBD9FFA}.Debug|x86.Build.0 = Debug|Any CPU
		{149B96F5-B5DA-4BC6-8AC0-C7DD5FBD9FFA}.Release|Any CPU.ActiveCfg = Release|Any CPU
		{149B96F5-B5DA-4BC6-8AC0-C7DD5FBD9FFA}.Release|Any CPU.Build.0 = Release|Any CPU
		{149B96F5-B5DA-4BC6-8AC0-C7DD5FBD9FFA}.Release|x64.ActiveCfg = Release|Any CPU
		{149B96F5-B5DA-4BC6-8AC0-C7DD5FBD9FFA}.Release|x64.Build.0 = Release|Any CPU
		{149B96F5-B5DA-4BC6-8AC0-C7DD5FBD9FFA}.Release|x86.ActiveCfg = Release|Any CPU
		{149B96F5-B5DA-4BC6-8AC0-C7DD5FBD9FFA}.Release|x86.Build.0 = Release|Any CPU
		{D624BECF-AB06-4573-B614-25845C43CFB9}.Debug|Any CPU.ActiveCfg = Debug|Any CPU
		{D624BECF-AB06-4573-B614-25845C43CFB9}.Debug|Any CPU.Build.0 = Debug|Any CPU
		{D624BECF-AB06-4573-B614-25845C43CFB9}.Debug|x64.ActiveCfg = Debug|Any CPU
		{D624BECF-AB06-4573-B614-25845C43CFB9}.Debug|x64.Build.0 = Debug|Any CPU
		{D624BECF-AB06-4573-B614-25845C43CFB9}.Debug|x86.ActiveCfg = Debug|Any CPU
		{D624BECF-AB06-4573-B614-25845C43CFB9}.Debug|x86.Build.0 = Debug|Any CPU
		{D624BECF-AB06-4573-B614-25845C43CFB9}.Release|Any CPU.ActiveCfg = Release|Any CPU
		{D624BECF-AB06-4573-B614-25845C43CFB9}.Release|Any CPU.Build.0 = Release|Any CPU
		{D624BECF-AB06-4573-B614-25845C43CFB9}.Release|x64.ActiveCfg = Release|Any CPU
		{D624BECF-AB06-4573-B614-25845C43CFB9}.Release|x64.Build.0 = Release|Any CPU
		{D624BECF-AB06-4573-B614-25845C43CFB9}.Release|x86.ActiveCfg = Release|Any CPU
		{D624BECF-AB06-4573-B614-25845C43CFB9}.Release|x86.Build.0 = Release|Any CPU
		{12BDED53-5EDB-4DF1-B0B0-92982C11C5BC}.Debug|Any CPU.ActiveCfg = Debug|Any CPU
		{12BDED53-5EDB-4DF1-B0B0-92982C11C5BC}.Debug|Any CPU.Build.0 = Debug|Any CPU
		{12BDED53-5EDB-4DF1-B0B0-92982C11C5BC}.Debug|x64.ActiveCfg = Debug|Any CPU
		{12BDED53-5EDB-4DF1-B0B0-92982C11C5BC}.Debug|x64.Build.0 = Debug|Any CPU
		{12BDED53-5EDB-4DF1-B0B0-92982C11C5BC}.Debug|x86.ActiveCfg = Debug|Any CPU
		{12BDED53-5EDB-4DF1-B0B0-92982C11C5BC}.Debug|x86.Build.0 = Debug|Any CPU
		{12BDED53-5EDB-4DF1-B0B0-92982C11C5BC}.Release|Any CPU.ActiveCfg = Release|Any CPU
		{12BDED53-5EDB-4DF1-B0B0-92982C11C5BC}.Release|Any CPU.Build.0 = Release|Any CPU
		{12BDED53-5EDB-4DF1-B0B0-92982C11C5BC}.Release|x64.ActiveCfg = Release|Any CPU
		{12BDED53-5EDB-4DF1-B0B0-92982C11C5BC}.Release|x64.Build.0 = Release|Any CPU
		{12BDED53-5EDB-4DF1-B0B0-92982C11C5BC}.Release|x86.ActiveCfg = Release|Any CPU
		{12BDED53-5EDB-4DF1-B0B0-92982C11C5BC}.Release|x86.Build.0 = Release|Any CPU
		{4B0627DC-5849-4742-A2EA-0C41744A7D46}.Debug|Any CPU.ActiveCfg = Debug|Any CPU
		{4B0627DC-5849-4742-A2EA-0C41744A7D46}.Debug|Any CPU.Build.0 = Debug|Any CPU
		{4B0627DC-5849-4742-A2EA-0C41744A7D46}.Debug|x64.ActiveCfg = Debug|Any CPU
		{4B0627DC-5849-4742-A2EA-0C41744A7D46}.Debug|x64.Build.0 = Debug|Any CPU
		{4B0627DC-5849-4742-A2EA-0C41744A7D46}.Debug|x86.ActiveCfg = Debug|Any CPU
		{4B0627DC-5849-4742-A2EA-0C41744A7D46}.Debug|x86.Build.0 = Debug|Any CPU
		{4B0627DC-5849-4742-A2EA-0C41744A7D46}.Release|Any CPU.ActiveCfg = Release|Any CPU
		{4B0627DC-5849-4742-A2EA-0C41744A7D46}.Release|Any CPU.Build.0 = Release|Any CPU
		{4B0627DC-5849-4742-A2EA-0C41744A7D46}.Release|x64.ActiveCfg = Release|Any CPU
		{4B0627DC-5849-4742-A2EA-0C41744A7D46}.Release|x64.Build.0 = Release|Any CPU
		{4B0627DC-5849-4742-A2EA-0C41744A7D46}.Release|x86.ActiveCfg = Release|Any CPU
		{4B0627DC-5849-4742-A2EA-0C41744A7D46}.Release|x86.Build.0 = Release|Any CPU
		{6D9152AD-EB40-40CF-AB95-C7E734985933}.Debug|Any CPU.ActiveCfg = Debug|Any CPU
		{6D9152AD-EB40-40CF-AB95-C7E734985933}.Debug|Any CPU.Build.0 = Debug|Any CPU
		{6D9152AD-EB40-40CF-AB95-C7E734985933}.Debug|x64.ActiveCfg = Debug|Any CPU
		{6D9152AD-EB40-40CF-AB95-C7E734985933}.Debug|x64.Build.0 = Debug|Any CPU
		{6D9152AD-EB40-40CF-AB95-C7E734985933}.Debug|x86.ActiveCfg = Debug|Any CPU
		{6D9152AD-EB40-40CF-AB95-C7E734985933}.Debug|x86.Build.0 = Debug|Any CPU
		{6D9152AD-EB40-40CF-AB95-C7E734985933}.Release|Any CPU.ActiveCfg = Release|Any CPU
		{6D9152AD-EB40-40CF-AB95-C7E734985933}.Release|Any CPU.Build.0 = Release|Any CPU
		{6D9152AD-EB40-40CF-AB95-C7E734985933}.Release|x64.ActiveCfg = Release|Any CPU
		{6D9152AD-EB40-40CF-AB95-C7E734985933}.Release|x64.Build.0 = Release|Any CPU
		{6D9152AD-EB40-40CF-AB95-C7E734985933}.Release|x86.ActiveCfg = Release|Any CPU
		{6D9152AD-EB40-40CF-AB95-C7E734985933}.Release|x86.Build.0 = Release|Any CPU
		{47062435-A061-4865-B3D6-3D213707E853}.Debug|Any CPU.ActiveCfg = Debug|Any CPU
		{47062435-A061-4865-B3D6-3D213707E853}.Debug|Any CPU.Build.0 = Debug|Any CPU
		{47062435-A061-4865-B3D6-3D213707E853}.Debug|x64.ActiveCfg = Debug|Any CPU
		{47062435-A061-4865-B3D6-3D213707E853}.Debug|x64.Build.0 = Debug|Any CPU
		{47062435-A061-4865-B3D6-3D213707E853}.Debug|x86.ActiveCfg = Debug|Any CPU
		{47062435-A061-4865-B3D6-3D213707E853}.Debug|x86.Build.0 = Debug|Any CPU
		{47062435-A061-4865-B3D6-3D213707E853}.Release|Any CPU.ActiveCfg = Release|Any CPU
		{47062435-A061-4865-B3D6-3D213707E853}.Release|Any CPU.Build.0 = Release|Any CPU
		{47062435-A061-4865-B3D6-3D213707E853}.Release|x64.ActiveCfg = Release|Any CPU
		{47062435-A061-4865-B3D6-3D213707E853}.Release|x64.Build.0 = Release|Any CPU
		{47062435-A061-4865-B3D6-3D213707E853}.Release|x86.ActiveCfg = Release|Any CPU
		{47062435-A061-4865-B3D6-3D213707E853}.Release|x86.Build.0 = Release|Any CPU
		{B195E1C3-B1AD-460B-BF0A-F59A01FE48EB}.Debug|Any CPU.ActiveCfg = Debug|Any CPU
		{B195E1C3-B1AD-460B-BF0A-F59A01FE48EB}.Debug|Any CPU.Build.0 = Debug|Any CPU
		{B195E1C3-B1AD-460B-BF0A-F59A01FE48EB}.Debug|x64.ActiveCfg = Debug|Any CPU
		{B195E1C3-B1AD-460B-BF0A-F59A01FE48EB}.Debug|x64.Build.0 = Debug|Any CPU
		{B195E1C3-B1AD-460B-BF0A-F59A01FE48EB}.Debug|x86.ActiveCfg = Debug|Any CPU
		{B195E1C3-B1AD-460B-BF0A-F59A01FE48EB}.Debug|x86.Build.0 = Debug|Any CPU
		{B195E1C3-B1AD-460B-BF0A-F59A01FE48EB}.Release|Any CPU.ActiveCfg = Release|Any CPU
		{B195E1C3-B1AD-460B-BF0A-F59A01FE48EB}.Release|Any CPU.Build.0 = Release|Any CPU
		{B195E1C3-B1AD-460B-BF0A-F59A01FE48EB}.Release|x64.ActiveCfg = Release|Any CPU
		{B195E1C3-B1AD-460B-BF0A-F59A01FE48EB}.Release|x64.Build.0 = Release|Any CPU
		{B195E1C3-B1AD-460B-BF0A-F59A01FE48EB}.Release|x86.ActiveCfg = Release|Any CPU
		{B195E1C3-B1AD-460B-BF0A-F59A01FE48EB}.Release|x86.Build.0 = Release|Any CPU
		{6AAFD962-6538-4B99-A323-55AE63DAC1AF}.Debug|Any CPU.ActiveCfg = Debug|Any CPU
		{6AAFD962-6538-4B99-A323-55AE63DAC1AF}.Debug|Any CPU.Build.0 = Debug|Any CPU
		{6AAFD962-6538-4B99-A323-55AE63DAC1AF}.Debug|x64.ActiveCfg = Debug|Any CPU
		{6AAFD962-6538-4B99-A323-55AE63DAC1AF}.Debug|x64.Build.0 = Debug|Any CPU
		{6AAFD962-6538-4B99-A323-55AE63DAC1AF}.Debug|x86.ActiveCfg = Debug|Any CPU
		{6AAFD962-6538-4B99-A323-55AE63DAC1AF}.Debug|x86.Build.0 = Debug|Any CPU
		{6AAFD962-6538-4B99-A323-55AE63DAC1AF}.Release|Any CPU.ActiveCfg = Release|Any CPU
		{6AAFD962-6538-4B99-A323-55AE63DAC1AF}.Release|Any CPU.Build.0 = Release|Any CPU
		{6AAFD962-6538-4B99-A323-55AE63DAC1AF}.Release|x64.ActiveCfg = Release|Any CPU
		{6AAFD962-6538-4B99-A323-55AE63DAC1AF}.Release|x64.Build.0 = Release|Any CPU
		{6AAFD962-6538-4B99-A323-55AE63DAC1AF}.Release|x86.ActiveCfg = Release|Any CPU
		{6AAFD962-6538-4B99-A323-55AE63DAC1AF}.Release|x86.Build.0 = Release|Any CPU
		{D4F5C227-375E-4345-A5FB-ECE9859D48E0}.Debug|Any CPU.ActiveCfg = Debug|Any CPU
		{D4F5C227-375E-4345-A5FB-ECE9859D48E0}.Debug|Any CPU.Build.0 = Debug|Any CPU
		{D4F5C227-375E-4345-A5FB-ECE9859D48E0}.Debug|x64.ActiveCfg = Debug|Any CPU
		{D4F5C227-375E-4345-A5FB-ECE9859D48E0}.Debug|x64.Build.0 = Debug|Any CPU
		{D4F5C227-375E-4345-A5FB-ECE9859D48E0}.Debug|x86.ActiveCfg = Debug|Any CPU
		{D4F5C227-375E-4345-A5FB-ECE9859D48E0}.Debug|x86.Build.0 = Debug|Any CPU
		{D4F5C227-375E-4345-A5FB-ECE9859D48E0}.Release|Any CPU.ActiveCfg = Release|Any CPU
		{D4F5C227-375E-4345-A5FB-ECE9859D48E0}.Release|Any CPU.Build.0 = Release|Any CPU
		{D4F5C227-375E-4345-A5FB-ECE9859D48E0}.Release|x64.ActiveCfg = Release|Any CPU
		{D4F5C227-375E-4345-A5FB-ECE9859D48E0}.Release|x64.Build.0 = Release|Any CPU
		{D4F5C227-375E-4345-A5FB-ECE9859D48E0}.Release|x86.ActiveCfg = Release|Any CPU
		{D4F5C227-375E-4345-A5FB-ECE9859D48E0}.Release|x86.Build.0 = Release|Any CPU
		{E923D95A-CA69-4EC3-B12E-8D599A53E243}.Debug|Any CPU.ActiveCfg = Debug|Any CPU
		{E923D95A-CA69-4EC3-B12E-8D599A53E243}.Debug|Any CPU.Build.0 = Debug|Any CPU
		{E923D95A-CA69-4EC3-B12E-8D599A53E243}.Debug|x64.ActiveCfg = Debug|Any CPU
		{E923D95A-CA69-4EC3-B12E-8D599A53E243}.Debug|x64.Build.0 = Debug|Any CPU
		{E923D95A-CA69-4EC3-B12E-8D599A53E243}.Debug|x86.ActiveCfg = Debug|Any CPU
		{E923D95A-CA69-4EC3-B12E-8D599A53E243}.Debug|x86.Build.0 = Debug|Any CPU
		{E923D95A-CA69-4EC3-B12E-8D599A53E243}.Release|Any CPU.ActiveCfg = Release|Any CPU
		{E923D95A-CA69-4EC3-B12E-8D599A53E243}.Release|Any CPU.Build.0 = Release|Any CPU
		{E923D95A-CA69-4EC3-B12E-8D599A53E243}.Release|x64.ActiveCfg = Release|Any CPU
		{E923D95A-CA69-4EC3-B12E-8D599A53E243}.Release|x64.Build.0 = Release|Any CPU
		{E923D95A-CA69-4EC3-B12E-8D599A53E243}.Release|x86.ActiveCfg = Release|Any CPU
		{E923D95A-CA69-4EC3-B12E-8D599A53E243}.Release|x86.Build.0 = Release|Any CPU
		{C6C4F361-8283-4832-B18D-EF115E33ADD3}.Debug|Any CPU.ActiveCfg = Debug|Any CPU
		{C6C4F361-8283-4832-B18D-EF115E33ADD3}.Debug|Any CPU.Build.0 = Debug|Any CPU
		{C6C4F361-8283-4832-B18D-EF115E33ADD3}.Debug|x64.ActiveCfg = Debug|Any CPU
		{C6C4F361-8283-4832-B18D-EF115E33ADD3}.Debug|x64.Build.0 = Debug|Any CPU
		{C6C4F361-8283-4832-B18D-EF115E33ADD3}.Debug|x86.ActiveCfg = Debug|Any CPU
		{C6C4F361-8283-4832-B18D-EF115E33ADD3}.Debug|x86.Build.0 = Debug|Any CPU
		{C6C4F361-8283-4832-B18D-EF115E33ADD3}.Release|Any CPU.ActiveCfg = Release|Any CPU
		{C6C4F361-8283-4832-B18D-EF115E33ADD3}.Release|Any CPU.Build.0 = Release|Any CPU
		{C6C4F361-8283-4832-B18D-EF115E33ADD3}.Release|x64.ActiveCfg = Release|Any CPU
		{C6C4F361-8283-4832-B18D-EF115E33ADD3}.Release|x64.Build.0 = Release|Any CPU
		{C6C4F361-8283-4832-B18D-EF115E33ADD3}.Release|x86.ActiveCfg = Release|Any CPU
		{C6C4F361-8283-4832-B18D-EF115E33ADD3}.Release|x86.Build.0 = Release|Any CPU
		{38CA15A4-3B1E-4A6C-B8A9-F7CD5534FA04}.Debug|Any CPU.ActiveCfg = Debug|Any CPU
		{38CA15A4-3B1E-4A6C-B8A9-F7CD5534FA04}.Debug|Any CPU.Build.0 = Debug|Any CPU
		{38CA15A4-3B1E-4A6C-B8A9-F7CD5534FA04}.Debug|x64.ActiveCfg = Debug|Any CPU
		{38CA15A4-3B1E-4A6C-B8A9-F7CD5534FA04}.Debug|x64.Build.0 = Debug|Any CPU
		{38CA15A4-3B1E-4A6C-B8A9-F7CD5534FA04}.Debug|x86.ActiveCfg = Debug|Any CPU
		{38CA15A4-3B1E-4A6C-B8A9-F7CD5534FA04}.Debug|x86.Build.0 = Debug|Any CPU
		{38CA15A4-3B1E-4A6C-B8A9-F7CD5534FA04}.Release|Any CPU.ActiveCfg = Release|Any CPU
		{38CA15A4-3B1E-4A6C-B8A9-F7CD5534FA04}.Release|Any CPU.Build.0 = Release|Any CPU
		{38CA15A4-3B1E-4A6C-B8A9-F7CD5534FA04}.Release|x64.ActiveCfg = Release|Any CPU
		{38CA15A4-3B1E-4A6C-B8A9-F7CD5534FA04}.Release|x64.Build.0 = Release|Any CPU
		{38CA15A4-3B1E-4A6C-B8A9-F7CD5534FA04}.Release|x86.ActiveCfg = Release|Any CPU
		{38CA15A4-3B1E-4A6C-B8A9-F7CD5534FA04}.Release|x86.Build.0 = Release|Any CPU
		{B47DC2CA-1F6B-4027-A31C-17F07DA35BD3}.Debug|Any CPU.ActiveCfg = Debug|Any CPU
		{B47DC2CA-1F6B-4027-A31C-17F07DA35BD3}.Debug|Any CPU.Build.0 = Debug|Any CPU
		{B47DC2CA-1F6B-4027-A31C-17F07DA35BD3}.Debug|x64.ActiveCfg = Debug|Any CPU
		{B47DC2CA-1F6B-4027-A31C-17F07DA35BD3}.Debug|x64.Build.0 = Debug|Any CPU
		{B47DC2CA-1F6B-4027-A31C-17F07DA35BD3}.Debug|x86.ActiveCfg = Debug|Any CPU
		{B47DC2CA-1F6B-4027-A31C-17F07DA35BD3}.Debug|x86.Build.0 = Debug|Any CPU
		{B47DC2CA-1F6B-4027-A31C-17F07DA35BD3}.Release|Any CPU.ActiveCfg = Release|Any CPU
		{B47DC2CA-1F6B-4027-A31C-17F07DA35BD3}.Release|Any CPU.Build.0 = Release|Any CPU
		{B47DC2CA-1F6B-4027-A31C-17F07DA35BD3}.Release|x64.ActiveCfg = Release|Any CPU
		{B47DC2CA-1F6B-4027-A31C-17F07DA35BD3}.Release|x64.Build.0 = Release|Any CPU
		{B47DC2CA-1F6B-4027-A31C-17F07DA35BD3}.Release|x86.ActiveCfg = Release|Any CPU
		{B47DC2CA-1F6B-4027-A31C-17F07DA35BD3}.Release|x86.Build.0 = Release|Any CPU
		{18B5DE0A-E5F7-444E-89F7-B75E404DCF18}.Debug|Any CPU.ActiveCfg = Debug|Any CPU
		{18B5DE0A-E5F7-444E-89F7-B75E404DCF18}.Debug|Any CPU.Build.0 = Debug|Any CPU
		{18B5DE0A-E5F7-444E-89F7-B75E404DCF18}.Debug|x64.ActiveCfg = Debug|Any CPU
		{18B5DE0A-E5F7-444E-89F7-B75E404DCF18}.Debug|x64.Build.0 = Debug|Any CPU
		{18B5DE0A-E5F7-444E-89F7-B75E404DCF18}.Debug|x86.ActiveCfg = Debug|Any CPU
		{18B5DE0A-E5F7-444E-89F7-B75E404DCF18}.Debug|x86.Build.0 = Debug|Any CPU
		{18B5DE0A-E5F7-444E-89F7-B75E404DCF18}.Release|Any CPU.ActiveCfg = Release|Any CPU
		{18B5DE0A-E5F7-444E-89F7-B75E404DCF18}.Release|Any CPU.Build.0 = Release|Any CPU
		{18B5DE0A-E5F7-444E-89F7-B75E404DCF18}.Release|x64.ActiveCfg = Release|Any CPU
		{18B5DE0A-E5F7-444E-89F7-B75E404DCF18}.Release|x64.Build.0 = Release|Any CPU
		{18B5DE0A-E5F7-444E-89F7-B75E404DCF18}.Release|x86.ActiveCfg = Release|Any CPU
		{18B5DE0A-E5F7-444E-89F7-B75E404DCF18}.Release|x86.Build.0 = Release|Any CPU
		{B667D8B1-A167-46BB-B218-4DA759F20651}.Debug|Any CPU.ActiveCfg = Debug|Any CPU
		{B667D8B1-A167-46BB-B218-4DA759F20651}.Debug|Any CPU.Build.0 = Debug|Any CPU
		{B667D8B1-A167-46BB-B218-4DA759F20651}.Debug|x64.ActiveCfg = Debug|Any CPU
		{B667D8B1-A167-46BB-B218-4DA759F20651}.Debug|x64.Build.0 = Debug|Any CPU
		{B667D8B1-A167-46BB-B218-4DA759F20651}.Debug|x86.ActiveCfg = Debug|Any CPU
		{B667D8B1-A167-46BB-B218-4DA759F20651}.Debug|x86.Build.0 = Debug|Any CPU
		{B667D8B1-A167-46BB-B218-4DA759F20651}.Release|Any CPU.ActiveCfg = Release|Any CPU
		{B667D8B1-A167-46BB-B218-4DA759F20651}.Release|Any CPU.Build.0 = Release|Any CPU
		{B667D8B1-A167-46BB-B218-4DA759F20651}.Release|x64.ActiveCfg = Release|Any CPU
		{B667D8B1-A167-46BB-B218-4DA759F20651}.Release|x64.Build.0 = Release|Any CPU
		{B667D8B1-A167-46BB-B218-4DA759F20651}.Release|x86.ActiveCfg = Release|Any CPU
		{B667D8B1-A167-46BB-B218-4DA759F20651}.Release|x86.Build.0 = Release|Any CPU
		{8C120278-4168-4995-8448-9D1B2A9194B2}.Debug|Any CPU.ActiveCfg = Debug|Any CPU
		{8C120278-4168-4995-8448-9D1B2A9194B2}.Debug|Any CPU.Build.0 = Debug|Any CPU
		{8C120278-4168-4995-8448-9D1B2A9194B2}.Debug|x64.ActiveCfg = Debug|Any CPU
		{8C120278-4168-4995-8448-9D1B2A9194B2}.Debug|x64.Build.0 = Debug|Any CPU
		{8C120278-4168-4995-8448-9D1B2A9194B2}.Debug|x86.ActiveCfg = Debug|Any CPU
		{8C120278-4168-4995-8448-9D1B2A9194B2}.Debug|x86.Build.0 = Debug|Any CPU
		{8C120278-4168-4995-8448-9D1B2A9194B2}.Release|Any CPU.ActiveCfg = Release|Any CPU
		{8C120278-4168-4995-8448-9D1B2A9194B2}.Release|Any CPU.Build.0 = Release|Any CPU
		{8C120278-4168-4995-8448-9D1B2A9194B2}.Release|x64.ActiveCfg = Release|Any CPU
		{8C120278-4168-4995-8448-9D1B2A9194B2}.Release|x64.Build.0 = Release|Any CPU
		{8C120278-4168-4995-8448-9D1B2A9194B2}.Release|x86.ActiveCfg = Release|Any CPU
		{8C120278-4168-4995-8448-9D1B2A9194B2}.Release|x86.Build.0 = Release|Any CPU
		{C81443C1-8484-4802-971F-C4DD399FDA8D}.Debug|Any CPU.ActiveCfg = Debug|Any CPU
		{C81443C1-8484-4802-971F-C4DD399FDA8D}.Debug|Any CPU.Build.0 = Debug|Any CPU
		{C81443C1-8484-4802-971F-C4DD399FDA8D}.Debug|x64.ActiveCfg = Debug|Any CPU
		{C81443C1-8484-4802-971F-C4DD399FDA8D}.Debug|x64.Build.0 = Debug|Any CPU
		{C81443C1-8484-4802-971F-C4DD399FDA8D}.Debug|x86.ActiveCfg = Debug|Any CPU
		{C81443C1-8484-4802-971F-C4DD399FDA8D}.Debug|x86.Build.0 = Debug|Any CPU
		{C81443C1-8484-4802-971F-C4DD399FDA8D}.Release|Any CPU.ActiveCfg = Release|Any CPU
		{C81443C1-8484-4802-971F-C4DD399FDA8D}.Release|Any CPU.Build.0 = Release|Any CPU
		{C81443C1-8484-4802-971F-C4DD399FDA8D}.Release|x64.ActiveCfg = Release|Any CPU
		{C81443C1-8484-4802-971F-C4DD399FDA8D}.Release|x64.Build.0 = Release|Any CPU
		{C81443C1-8484-4802-971F-C4DD399FDA8D}.Release|x86.ActiveCfg = Release|Any CPU
		{C81443C1-8484-4802-971F-C4DD399FDA8D}.Release|x86.Build.0 = Release|Any CPU
		{923E38FD-33B7-42CD-8974-6209281E9968}.Debug|Any CPU.ActiveCfg = Debug|Any CPU
		{923E38FD-33B7-42CD-8974-6209281E9968}.Debug|Any CPU.Build.0 = Debug|Any CPU
		{923E38FD-33B7-42CD-8974-6209281E9968}.Debug|x64.ActiveCfg = Debug|Any CPU
		{923E38FD-33B7-42CD-8974-6209281E9968}.Debug|x64.Build.0 = Debug|Any CPU
		{923E38FD-33B7-42CD-8974-6209281E9968}.Debug|x86.ActiveCfg = Debug|Any CPU
		{923E38FD-33B7-42CD-8974-6209281E9968}.Debug|x86.Build.0 = Debug|Any CPU
		{923E38FD-33B7-42CD-8974-6209281E9968}.Release|Any CPU.ActiveCfg = Release|Any CPU
		{923E38FD-33B7-42CD-8974-6209281E9968}.Release|Any CPU.Build.0 = Release|Any CPU
		{923E38FD-33B7-42CD-8974-6209281E9968}.Release|x64.ActiveCfg = Release|Any CPU
		{923E38FD-33B7-42CD-8974-6209281E9968}.Release|x64.Build.0 = Release|Any CPU
		{923E38FD-33B7-42CD-8974-6209281E9968}.Release|x86.ActiveCfg = Release|Any CPU
		{923E38FD-33B7-42CD-8974-6209281E9968}.Release|x86.Build.0 = Release|Any CPU
		{30509D74-056E-4475-A409-3733C215D640}.Debug|Any CPU.ActiveCfg = Debug|Any CPU
		{30509D74-056E-4475-A409-3733C215D640}.Debug|Any CPU.Build.0 = Debug|Any CPU
		{30509D74-056E-4475-A409-3733C215D640}.Debug|x64.ActiveCfg = Debug|Any CPU
		{30509D74-056E-4475-A409-3733C215D640}.Debug|x64.Build.0 = Debug|Any CPU
		{30509D74-056E-4475-A409-3733C215D640}.Debug|x86.ActiveCfg = Debug|Any CPU
		{30509D74-056E-4475-A409-3733C215D640}.Debug|x86.Build.0 = Debug|Any CPU
		{30509D74-056E-4475-A409-3733C215D640}.Release|Any CPU.ActiveCfg = Release|Any CPU
		{30509D74-056E-4475-A409-3733C215D640}.Release|Any CPU.Build.0 = Release|Any CPU
		{30509D74-056E-4475-A409-3733C215D640}.Release|x64.ActiveCfg = Release|Any CPU
		{30509D74-056E-4475-A409-3733C215D640}.Release|x64.Build.0 = Release|Any CPU
		{30509D74-056E-4475-A409-3733C215D640}.Release|x86.ActiveCfg = Release|Any CPU
		{30509D74-056E-4475-A409-3733C215D640}.Release|x86.Build.0 = Release|Any CPU
		{791E38C2-D212-4DF2-B8FE-7A9281A96189}.Debug|Any CPU.ActiveCfg = Debug|Any CPU
		{791E38C2-D212-4DF2-B8FE-7A9281A96189}.Debug|Any CPU.Build.0 = Debug|Any CPU
		{791E38C2-D212-4DF2-B8FE-7A9281A96189}.Debug|x64.ActiveCfg = Debug|Any CPU
		{791E38C2-D212-4DF2-B8FE-7A9281A96189}.Debug|x64.Build.0 = Debug|Any CPU
		{791E38C2-D212-4DF2-B8FE-7A9281A96189}.Debug|x86.ActiveCfg = Debug|Any CPU
		{791E38C2-D212-4DF2-B8FE-7A9281A96189}.Debug|x86.Build.0 = Debug|Any CPU
		{791E38C2-D212-4DF2-B8FE-7A9281A96189}.Release|Any CPU.ActiveCfg = Release|Any CPU
		{791E38C2-D212-4DF2-B8FE-7A9281A96189}.Release|Any CPU.Build.0 = Release|Any CPU
		{791E38C2-D212-4DF2-B8FE-7A9281A96189}.Release|x64.ActiveCfg = Release|Any CPU
		{791E38C2-D212-4DF2-B8FE-7A9281A96189}.Release|x64.Build.0 = Release|Any CPU
		{791E38C2-D212-4DF2-B8FE-7A9281A96189}.Release|x86.ActiveCfg = Release|Any CPU
		{791E38C2-D212-4DF2-B8FE-7A9281A96189}.Release|x86.Build.0 = Release|Any CPU
		{A37B3F0F-63C6-48E7-85CA-F1A2FF112168}.Debug|Any CPU.ActiveCfg = Debug|Any CPU
		{A37B3F0F-63C6-48E7-85CA-F1A2FF112168}.Debug|Any CPU.Build.0 = Debug|Any CPU
		{A37B3F0F-63C6-48E7-85CA-F1A2FF112168}.Debug|x64.ActiveCfg = Debug|Any CPU
		{A37B3F0F-63C6-48E7-85CA-F1A2FF112168}.Debug|x64.Build.0 = Debug|Any CPU
		{A37B3F0F-63C6-48E7-85CA-F1A2FF112168}.Debug|x86.ActiveCfg = Debug|Any CPU
		{A37B3F0F-63C6-48E7-85CA-F1A2FF112168}.Debug|x86.Build.0 = Debug|Any CPU
		{A37B3F0F-63C6-48E7-85CA-F1A2FF112168}.Release|Any CPU.ActiveCfg = Release|Any CPU
		{A37B3F0F-63C6-48E7-85CA-F1A2FF112168}.Release|Any CPU.Build.0 = Release|Any CPU
		{A37B3F0F-63C6-48E7-85CA-F1A2FF112168}.Release|x64.ActiveCfg = Release|Any CPU
		{A37B3F0F-63C6-48E7-85CA-F1A2FF112168}.Release|x64.Build.0 = Release|Any CPU
		{A37B3F0F-63C6-48E7-85CA-F1A2FF112168}.Release|x86.ActiveCfg = Release|Any CPU
		{A37B3F0F-63C6-48E7-85CA-F1A2FF112168}.Release|x86.Build.0 = Release|Any CPU
		{54D1991E-C30B-4097-89F4-8D02EFB6A8EA}.Debug|Any CPU.ActiveCfg = Debug|Any CPU
		{54D1991E-C30B-4097-89F4-8D02EFB6A8EA}.Debug|Any CPU.Build.0 = Debug|Any CPU
		{54D1991E-C30B-4097-89F4-8D02EFB6A8EA}.Debug|x64.ActiveCfg = Debug|Any CPU
		{54D1991E-C30B-4097-89F4-8D02EFB6A8EA}.Debug|x64.Build.0 = Debug|Any CPU
		{54D1991E-C30B-4097-89F4-8D02EFB6A8EA}.Debug|x86.ActiveCfg = Debug|Any CPU
		{54D1991E-C30B-4097-89F4-8D02EFB6A8EA}.Debug|x86.Build.0 = Debug|Any CPU
		{54D1991E-C30B-4097-89F4-8D02EFB6A8EA}.Release|Any CPU.ActiveCfg = Release|Any CPU
		{54D1991E-C30B-4097-89F4-8D02EFB6A8EA}.Release|Any CPU.Build.0 = Release|Any CPU
		{54D1991E-C30B-4097-89F4-8D02EFB6A8EA}.Release|x64.ActiveCfg = Release|Any CPU
		{54D1991E-C30B-4097-89F4-8D02EFB6A8EA}.Release|x64.Build.0 = Release|Any CPU
		{54D1991E-C30B-4097-89F4-8D02EFB6A8EA}.Release|x86.ActiveCfg = Release|Any CPU
		{54D1991E-C30B-4097-89F4-8D02EFB6A8EA}.Release|x86.Build.0 = Release|Any CPU
		{AFE81B9A-82BD-4B45-BFB9-735E95E04B10}.Debug|Any CPU.ActiveCfg = Debug|Any CPU
		{AFE81B9A-82BD-4B45-BFB9-735E95E04B10}.Debug|Any CPU.Build.0 = Debug|Any CPU
		{AFE81B9A-82BD-4B45-BFB9-735E95E04B10}.Debug|x64.ActiveCfg = Debug|Any CPU
		{AFE81B9A-82BD-4B45-BFB9-735E95E04B10}.Debug|x64.Build.0 = Debug|Any CPU
		{AFE81B9A-82BD-4B45-BFB9-735E95E04B10}.Debug|x86.ActiveCfg = Debug|Any CPU
		{AFE81B9A-82BD-4B45-BFB9-735E95E04B10}.Debug|x86.Build.0 = Debug|Any CPU
		{AFE81B9A-82BD-4B45-BFB9-735E95E04B10}.Release|Any CPU.ActiveCfg = Release|Any CPU
		{AFE81B9A-82BD-4B45-BFB9-735E95E04B10}.Release|Any CPU.Build.0 = Release|Any CPU
		{AFE81B9A-82BD-4B45-BFB9-735E95E04B10}.Release|x64.ActiveCfg = Release|Any CPU
		{AFE81B9A-82BD-4B45-BFB9-735E95E04B10}.Release|x64.Build.0 = Release|Any CPU
		{AFE81B9A-82BD-4B45-BFB9-735E95E04B10}.Release|x86.ActiveCfg = Release|Any CPU
		{AFE81B9A-82BD-4B45-BFB9-735E95E04B10}.Release|x86.Build.0 = Release|Any CPU
		{FE509362-89BB-4C4E-A3E6-1059FDA030AD}.Debug|Any CPU.ActiveCfg = Debug|Any CPU
		{FE509362-89BB-4C4E-A3E6-1059FDA030AD}.Debug|Any CPU.Build.0 = Debug|Any CPU
		{FE509362-89BB-4C4E-A3E6-1059FDA030AD}.Debug|x64.ActiveCfg = Debug|Any CPU
		{FE509362-89BB-4C4E-A3E6-1059FDA030AD}.Debug|x64.Build.0 = Debug|Any CPU
		{FE509362-89BB-4C4E-A3E6-1059FDA030AD}.Debug|x86.ActiveCfg = Debug|Any CPU
		{FE509362-89BB-4C4E-A3E6-1059FDA030AD}.Debug|x86.Build.0 = Debug|Any CPU
		{FE509362-89BB-4C4E-A3E6-1059FDA030AD}.Release|Any CPU.ActiveCfg = Release|Any CPU
		{FE509362-89BB-4C4E-A3E6-1059FDA030AD}.Release|Any CPU.Build.0 = Release|Any CPU
		{FE509362-89BB-4C4E-A3E6-1059FDA030AD}.Release|x64.ActiveCfg = Release|Any CPU
		{FE509362-89BB-4C4E-A3E6-1059FDA030AD}.Release|x64.Build.0 = Release|Any CPU
		{FE509362-89BB-4C4E-A3E6-1059FDA030AD}.Release|x86.ActiveCfg = Release|Any CPU
		{FE509362-89BB-4C4E-A3E6-1059FDA030AD}.Release|x86.Build.0 = Release|Any CPU
		{6FF341C6-CE75-4BC6-8A80-D4473E50F6CB}.Debug|Any CPU.ActiveCfg = Debug|Any CPU
		{6FF341C6-CE75-4BC6-8A80-D4473E50F6CB}.Debug|Any CPU.Build.0 = Debug|Any CPU
		{6FF341C6-CE75-4BC6-8A80-D4473E50F6CB}.Debug|x64.ActiveCfg = Debug|Any CPU
		{6FF341C6-CE75-4BC6-8A80-D4473E50F6CB}.Debug|x64.Build.0 = Debug|Any CPU
		{6FF341C6-CE75-4BC6-8A80-D4473E50F6CB}.Debug|x86.ActiveCfg = Debug|Any CPU
		{6FF341C6-CE75-4BC6-8A80-D4473E50F6CB}.Debug|x86.Build.0 = Debug|Any CPU
		{6FF341C6-CE75-4BC6-8A80-D4473E50F6CB}.Release|Any CPU.ActiveCfg = Release|Any CPU
		{6FF341C6-CE75-4BC6-8A80-D4473E50F6CB}.Release|Any CPU.Build.0 = Release|Any CPU
		{6FF341C6-CE75-4BC6-8A80-D4473E50F6CB}.Release|x64.ActiveCfg = Release|Any CPU
		{6FF341C6-CE75-4BC6-8A80-D4473E50F6CB}.Release|x64.Build.0 = Release|Any CPU
		{6FF341C6-CE75-4BC6-8A80-D4473E50F6CB}.Release|x86.ActiveCfg = Release|Any CPU
		{6FF341C6-CE75-4BC6-8A80-D4473E50F6CB}.Release|x86.Build.0 = Release|Any CPU
		{94F889DD-37AB-49D5-8576-D516B9512894}.Debug|Any CPU.ActiveCfg = Debug|Any CPU
		{94F889DD-37AB-49D5-8576-D516B9512894}.Debug|Any CPU.Build.0 = Debug|Any CPU
		{94F889DD-37AB-49D5-8576-D516B9512894}.Debug|x64.ActiveCfg = Debug|Any CPU
		{94F889DD-37AB-49D5-8576-D516B9512894}.Debug|x64.Build.0 = Debug|Any CPU
		{94F889DD-37AB-49D5-8576-D516B9512894}.Debug|x86.ActiveCfg = Debug|Any CPU
		{94F889DD-37AB-49D5-8576-D516B9512894}.Debug|x86.Build.0 = Debug|Any CPU
		{94F889DD-37AB-49D5-8576-D516B9512894}.Release|Any CPU.ActiveCfg = Release|Any CPU
		{94F889DD-37AB-49D5-8576-D516B9512894}.Release|Any CPU.Build.0 = Release|Any CPU
		{94F889DD-37AB-49D5-8576-D516B9512894}.Release|x64.ActiveCfg = Release|Any CPU
		{94F889DD-37AB-49D5-8576-D516B9512894}.Release|x64.Build.0 = Release|Any CPU
		{94F889DD-37AB-49D5-8576-D516B9512894}.Release|x86.ActiveCfg = Release|Any CPU
		{94F889DD-37AB-49D5-8576-D516B9512894}.Release|x86.Build.0 = Release|Any CPU
		{4C4E5DC4-E04B-462E-843F-F308E4191EBD}.Debug|Any CPU.ActiveCfg = Debug|Any CPU
		{4C4E5DC4-E04B-462E-843F-F308E4191EBD}.Debug|Any CPU.Build.0 = Debug|Any CPU
		{4C4E5DC4-E04B-462E-843F-F308E4191EBD}.Debug|x64.ActiveCfg = Debug|Any CPU
		{4C4E5DC4-E04B-462E-843F-F308E4191EBD}.Debug|x64.Build.0 = Debug|Any CPU
		{4C4E5DC4-E04B-462E-843F-F308E4191EBD}.Debug|x86.ActiveCfg = Debug|Any CPU
		{4C4E5DC4-E04B-462E-843F-F308E4191EBD}.Debug|x86.Build.0 = Debug|Any CPU
		{4C4E5DC4-E04B-462E-843F-F308E4191EBD}.Release|Any CPU.ActiveCfg = Release|Any CPU
		{4C4E5DC4-E04B-462E-843F-F308E4191EBD}.Release|Any CPU.Build.0 = Release|Any CPU
		{4C4E5DC4-E04B-462E-843F-F308E4191EBD}.Release|x64.ActiveCfg = Release|Any CPU
		{4C4E5DC4-E04B-462E-843F-F308E4191EBD}.Release|x64.Build.0 = Release|Any CPU
		{4C4E5DC4-E04B-462E-843F-F308E4191EBD}.Release|x86.ActiveCfg = Release|Any CPU
		{4C4E5DC4-E04B-462E-843F-F308E4191EBD}.Release|x86.Build.0 = Release|Any CPU
		{F4F0E601-AB7D-48C2-9E36-BB7111E3B37F}.Debug|Any CPU.ActiveCfg = Debug|Any CPU
		{F4F0E601-AB7D-48C2-9E36-BB7111E3B37F}.Debug|Any CPU.Build.0 = Debug|Any CPU
		{F4F0E601-AB7D-48C2-9E36-BB7111E3B37F}.Debug|x64.ActiveCfg = Debug|Any CPU
		{F4F0E601-AB7D-48C2-9E36-BB7111E3B37F}.Debug|x64.Build.0 = Debug|Any CPU
		{F4F0E601-AB7D-48C2-9E36-BB7111E3B37F}.Debug|x86.ActiveCfg = Debug|Any CPU
		{F4F0E601-AB7D-48C2-9E36-BB7111E3B37F}.Debug|x86.Build.0 = Debug|Any CPU
		{F4F0E601-AB7D-48C2-9E36-BB7111E3B37F}.Release|Any CPU.ActiveCfg = Release|Any CPU
		{F4F0E601-AB7D-48C2-9E36-BB7111E3B37F}.Release|Any CPU.Build.0 = Release|Any CPU
		{F4F0E601-AB7D-48C2-9E36-BB7111E3B37F}.Release|x64.ActiveCfg = Release|Any CPU
		{F4F0E601-AB7D-48C2-9E36-BB7111E3B37F}.Release|x64.Build.0 = Release|Any CPU
		{F4F0E601-AB7D-48C2-9E36-BB7111E3B37F}.Release|x86.ActiveCfg = Release|Any CPU
		{F4F0E601-AB7D-48C2-9E36-BB7111E3B37F}.Release|x86.Build.0 = Release|Any CPU
		{574AF9A7-BAB3-478C-AF00-DDD6BF07CC40}.Debug|Any CPU.ActiveCfg = Debug|Any CPU
		{574AF9A7-BAB3-478C-AF00-DDD6BF07CC40}.Debug|Any CPU.Build.0 = Debug|Any CPU
		{574AF9A7-BAB3-478C-AF00-DDD6BF07CC40}.Debug|x64.ActiveCfg = Debug|Any CPU
		{574AF9A7-BAB3-478C-AF00-DDD6BF07CC40}.Debug|x64.Build.0 = Debug|Any CPU
		{574AF9A7-BAB3-478C-AF00-DDD6BF07CC40}.Debug|x86.ActiveCfg = Debug|Any CPU
		{574AF9A7-BAB3-478C-AF00-DDD6BF07CC40}.Debug|x86.Build.0 = Debug|Any CPU
		{574AF9A7-BAB3-478C-AF00-DDD6BF07CC40}.Release|Any CPU.ActiveCfg = Release|Any CPU
		{574AF9A7-BAB3-478C-AF00-DDD6BF07CC40}.Release|Any CPU.Build.0 = Release|Any CPU
		{574AF9A7-BAB3-478C-AF00-DDD6BF07CC40}.Release|x64.ActiveCfg = Release|Any CPU
		{574AF9A7-BAB3-478C-AF00-DDD6BF07CC40}.Release|x64.Build.0 = Release|Any CPU
		{574AF9A7-BAB3-478C-AF00-DDD6BF07CC40}.Release|x86.ActiveCfg = Release|Any CPU
		{574AF9A7-BAB3-478C-AF00-DDD6BF07CC40}.Release|x86.Build.0 = Release|Any CPU
		{15A4E5E3-D912-4EA0-A424-254E214CBBCF}.Debug|Any CPU.ActiveCfg = Debug|Any CPU
		{15A4E5E3-D912-4EA0-A424-254E214CBBCF}.Debug|Any CPU.Build.0 = Debug|Any CPU
		{15A4E5E3-D912-4EA0-A424-254E214CBBCF}.Debug|x64.ActiveCfg = Debug|Any CPU
		{15A4E5E3-D912-4EA0-A424-254E214CBBCF}.Debug|x64.Build.0 = Debug|Any CPU
		{15A4E5E3-D912-4EA0-A424-254E214CBBCF}.Debug|x86.ActiveCfg = Debug|Any CPU
		{15A4E5E3-D912-4EA0-A424-254E214CBBCF}.Debug|x86.Build.0 = Debug|Any CPU
		{15A4E5E3-D912-4EA0-A424-254E214CBBCF}.Release|Any CPU.ActiveCfg = Release|Any CPU
		{15A4E5E3-D912-4EA0-A424-254E214CBBCF}.Release|Any CPU.Build.0 = Release|Any CPU
		{15A4E5E3-D912-4EA0-A424-254E214CBBCF}.Release|x64.ActiveCfg = Release|Any CPU
		{15A4E5E3-D912-4EA0-A424-254E214CBBCF}.Release|x64.Build.0 = Release|Any CPU
		{15A4E5E3-D912-4EA0-A424-254E214CBBCF}.Release|x86.ActiveCfg = Release|Any CPU
		{15A4E5E3-D912-4EA0-A424-254E214CBBCF}.Release|x86.Build.0 = Release|Any CPU
		{33B706B2-3D6C-4E92-93A5-175CA5839C27}.Debug|Any CPU.ActiveCfg = Debug|Any CPU
		{33B706B2-3D6C-4E92-93A5-175CA5839C27}.Debug|Any CPU.Build.0 = Debug|Any CPU
		{33B706B2-3D6C-4E92-93A5-175CA5839C27}.Debug|x64.ActiveCfg = Debug|Any CPU
		{33B706B2-3D6C-4E92-93A5-175CA5839C27}.Debug|x64.Build.0 = Debug|Any CPU
		{33B706B2-3D6C-4E92-93A5-175CA5839C27}.Debug|x86.ActiveCfg = Debug|Any CPU
		{33B706B2-3D6C-4E92-93A5-175CA5839C27}.Debug|x86.Build.0 = Debug|Any CPU
		{33B706B2-3D6C-4E92-93A5-175CA5839C27}.Release|Any CPU.ActiveCfg = Release|Any CPU
		{33B706B2-3D6C-4E92-93A5-175CA5839C27}.Release|Any CPU.Build.0 = Release|Any CPU
		{33B706B2-3D6C-4E92-93A5-175CA5839C27}.Release|x64.ActiveCfg = Release|Any CPU
		{33B706B2-3D6C-4E92-93A5-175CA5839C27}.Release|x64.Build.0 = Release|Any CPU
		{33B706B2-3D6C-4E92-93A5-175CA5839C27}.Release|x86.ActiveCfg = Release|Any CPU
		{33B706B2-3D6C-4E92-93A5-175CA5839C27}.Release|x86.Build.0 = Release|Any CPU
		{1E0833AD-D443-42C9-8BF7-DEE7B6FC08EB}.Debug|Any CPU.ActiveCfg = Debug|Any CPU
		{1E0833AD-D443-42C9-8BF7-DEE7B6FC08EB}.Debug|Any CPU.Build.0 = Debug|Any CPU
		{1E0833AD-D443-42C9-8BF7-DEE7B6FC08EB}.Debug|x64.ActiveCfg = Debug|Any CPU
		{1E0833AD-D443-42C9-8BF7-DEE7B6FC08EB}.Debug|x64.Build.0 = Debug|Any CPU
		{1E0833AD-D443-42C9-8BF7-DEE7B6FC08EB}.Debug|x86.ActiveCfg = Debug|Any CPU
		{1E0833AD-D443-42C9-8BF7-DEE7B6FC08EB}.Debug|x86.Build.0 = Debug|Any CPU
		{1E0833AD-D443-42C9-8BF7-DEE7B6FC08EB}.Release|Any CPU.ActiveCfg = Release|Any CPU
		{1E0833AD-D443-42C9-8BF7-DEE7B6FC08EB}.Release|Any CPU.Build.0 = Release|Any CPU
		{1E0833AD-D443-42C9-8BF7-DEE7B6FC08EB}.Release|x64.ActiveCfg = Release|Any CPU
		{1E0833AD-D443-42C9-8BF7-DEE7B6FC08EB}.Release|x64.Build.0 = Release|Any CPU
		{1E0833AD-D443-42C9-8BF7-DEE7B6FC08EB}.Release|x86.ActiveCfg = Release|Any CPU
		{1E0833AD-D443-42C9-8BF7-DEE7B6FC08EB}.Release|x86.Build.0 = Release|Any CPU
		{C5A42A0A-B289-4CEF-9A46-98A9D01F9EF4}.Debug|Any CPU.ActiveCfg = Debug|Any CPU
		{C5A42A0A-B289-4CEF-9A46-98A9D01F9EF4}.Debug|Any CPU.Build.0 = Debug|Any CPU
		{C5A42A0A-B289-4CEF-9A46-98A9D01F9EF4}.Debug|x64.ActiveCfg = Debug|Any CPU
		{C5A42A0A-B289-4CEF-9A46-98A9D01F9EF4}.Debug|x64.Build.0 = Debug|Any CPU
		{C5A42A0A-B289-4CEF-9A46-98A9D01F9EF4}.Debug|x86.ActiveCfg = Debug|Any CPU
		{C5A42A0A-B289-4CEF-9A46-98A9D01F9EF4}.Debug|x86.Build.0 = Debug|Any CPU
		{C5A42A0A-B289-4CEF-9A46-98A9D01F9EF4}.Release|Any CPU.ActiveCfg = Release|Any CPU
		{C5A42A0A-B289-4CEF-9A46-98A9D01F9EF4}.Release|Any CPU.Build.0 = Release|Any CPU
		{C5A42A0A-B289-4CEF-9A46-98A9D01F9EF4}.Release|x64.ActiveCfg = Release|Any CPU
		{C5A42A0A-B289-4CEF-9A46-98A9D01F9EF4}.Release|x64.Build.0 = Release|Any CPU
		{C5A42A0A-B289-4CEF-9A46-98A9D01F9EF4}.Release|x86.ActiveCfg = Release|Any CPU
		{C5A42A0A-B289-4CEF-9A46-98A9D01F9EF4}.Release|x86.Build.0 = Release|Any CPU
		{5B18B363-59B4-47E7-BF13-F32895526FD9}.Debug|Any CPU.ActiveCfg = Debug|Any CPU
		{5B18B363-59B4-47E7-BF13-F32895526FD9}.Debug|Any CPU.Build.0 = Debug|Any CPU
		{5B18B363-59B4-47E7-BF13-F32895526FD9}.Debug|x64.ActiveCfg = Debug|Any CPU
		{5B18B363-59B4-47E7-BF13-F32895526FD9}.Debug|x64.Build.0 = Debug|Any CPU
		{5B18B363-59B4-47E7-BF13-F32895526FD9}.Debug|x86.ActiveCfg = Debug|Any CPU
		{5B18B363-59B4-47E7-BF13-F32895526FD9}.Debug|x86.Build.0 = Debug|Any CPU
		{5B18B363-59B4-47E7-BF13-F32895526FD9}.Release|Any CPU.ActiveCfg = Release|Any CPU
		{5B18B363-59B4-47E7-BF13-F32895526FD9}.Release|Any CPU.Build.0 = Release|Any CPU
		{5B18B363-59B4-47E7-BF13-F32895526FD9}.Release|x64.ActiveCfg = Release|Any CPU
		{5B18B363-59B4-47E7-BF13-F32895526FD9}.Release|x64.Build.0 = Release|Any CPU
		{5B18B363-59B4-47E7-BF13-F32895526FD9}.Release|x86.ActiveCfg = Release|Any CPU
		{5B18B363-59B4-47E7-BF13-F32895526FD9}.Release|x86.Build.0 = Release|Any CPU
		{FD09815C-6A69-4EB5-9ED6-BEB8DAA55A63}.Debug|Any CPU.ActiveCfg = Debug|Any CPU
		{FD09815C-6A69-4EB5-9ED6-BEB8DAA55A63}.Debug|Any CPU.Build.0 = Debug|Any CPU
		{FD09815C-6A69-4EB5-9ED6-BEB8DAA55A63}.Debug|x64.ActiveCfg = Debug|Any CPU
		{FD09815C-6A69-4EB5-9ED6-BEB8DAA55A63}.Debug|x64.Build.0 = Debug|Any CPU
		{FD09815C-6A69-4EB5-9ED6-BEB8DAA55A63}.Debug|x86.ActiveCfg = Debug|Any CPU
		{FD09815C-6A69-4EB5-9ED6-BEB8DAA55A63}.Debug|x86.Build.0 = Debug|Any CPU
		{FD09815C-6A69-4EB5-9ED6-BEB8DAA55A63}.Release|Any CPU.ActiveCfg = Release|Any CPU
		{FD09815C-6A69-4EB5-9ED6-BEB8DAA55A63}.Release|Any CPU.Build.0 = Release|Any CPU
		{FD09815C-6A69-4EB5-9ED6-BEB8DAA55A63}.Release|x64.ActiveCfg = Release|Any CPU
		{FD09815C-6A69-4EB5-9ED6-BEB8DAA55A63}.Release|x64.Build.0 = Release|Any CPU
		{FD09815C-6A69-4EB5-9ED6-BEB8DAA55A63}.Release|x86.ActiveCfg = Release|Any CPU
		{FD09815C-6A69-4EB5-9ED6-BEB8DAA55A63}.Release|x86.Build.0 = Release|Any CPU
		{50AF7F70-6852-4C09-943C-C2001A633791}.Debug|Any CPU.ActiveCfg = Debug|Any CPU
		{50AF7F70-6852-4C09-943C-C2001A633791}.Debug|Any CPU.Build.0 = Debug|Any CPU
		{50AF7F70-6852-4C09-943C-C2001A633791}.Debug|x64.ActiveCfg = Debug|Any CPU
		{50AF7F70-6852-4C09-943C-C2001A633791}.Debug|x64.Build.0 = Debug|Any CPU
		{50AF7F70-6852-4C09-943C-C2001A633791}.Debug|x86.ActiveCfg = Debug|Any CPU
		{50AF7F70-6852-4C09-943C-C2001A633791}.Debug|x86.Build.0 = Debug|Any CPU
		{50AF7F70-6852-4C09-943C-C2001A633791}.Release|Any CPU.ActiveCfg = Release|Any CPU
		{50AF7F70-6852-4C09-943C-C2001A633791}.Release|Any CPU.Build.0 = Release|Any CPU
		{50AF7F70-6852-4C09-943C-C2001A633791}.Release|x64.ActiveCfg = Release|Any CPU
		{50AF7F70-6852-4C09-943C-C2001A633791}.Release|x64.Build.0 = Release|Any CPU
		{50AF7F70-6852-4C09-943C-C2001A633791}.Release|x86.ActiveCfg = Release|Any CPU
		{50AF7F70-6852-4C09-943C-C2001A633791}.Release|x86.Build.0 = Release|Any CPU
		{D7508EFF-D88F-4406-96CC-C4F2F0EE293F}.Debug|Any CPU.ActiveCfg = Debug|Any CPU
		{D7508EFF-D88F-4406-96CC-C4F2F0EE293F}.Debug|Any CPU.Build.0 = Debug|Any CPU
		{D7508EFF-D88F-4406-96CC-C4F2F0EE293F}.Debug|x64.ActiveCfg = Debug|Any CPU
		{D7508EFF-D88F-4406-96CC-C4F2F0EE293F}.Debug|x64.Build.0 = Debug|Any CPU
		{D7508EFF-D88F-4406-96CC-C4F2F0EE293F}.Debug|x86.ActiveCfg = Debug|Any CPU
		{D7508EFF-D88F-4406-96CC-C4F2F0EE293F}.Debug|x86.Build.0 = Debug|Any CPU
		{D7508EFF-D88F-4406-96CC-C4F2F0EE293F}.Release|Any CPU.ActiveCfg = Release|Any CPU
		{D7508EFF-D88F-4406-96CC-C4F2F0EE293F}.Release|Any CPU.Build.0 = Release|Any CPU
		{D7508EFF-D88F-4406-96CC-C4F2F0EE293F}.Release|x64.ActiveCfg = Release|Any CPU
		{D7508EFF-D88F-4406-96CC-C4F2F0EE293F}.Release|x64.Build.0 = Release|Any CPU
		{D7508EFF-D88F-4406-96CC-C4F2F0EE293F}.Release|x86.ActiveCfg = Release|Any CPU
		{D7508EFF-D88F-4406-96CC-C4F2F0EE293F}.Release|x86.Build.0 = Release|Any CPU
		{54308E5A-0DDE-44DB-A050-6E980642B115}.Debug|Any CPU.ActiveCfg = Debug|Any CPU
		{54308E5A-0DDE-44DB-A050-6E980642B115}.Debug|Any CPU.Build.0 = Debug|Any CPU
		{54308E5A-0DDE-44DB-A050-6E980642B115}.Debug|x64.ActiveCfg = Debug|Any CPU
		{54308E5A-0DDE-44DB-A050-6E980642B115}.Debug|x64.Build.0 = Debug|Any CPU
		{54308E5A-0DDE-44DB-A050-6E980642B115}.Debug|x86.ActiveCfg = Debug|Any CPU
		{54308E5A-0DDE-44DB-A050-6E980642B115}.Debug|x86.Build.0 = Debug|Any CPU
		{54308E5A-0DDE-44DB-A050-6E980642B115}.Release|Any CPU.ActiveCfg = Release|Any CPU
		{54308E5A-0DDE-44DB-A050-6E980642B115}.Release|Any CPU.Build.0 = Release|Any CPU
		{54308E5A-0DDE-44DB-A050-6E980642B115}.Release|x64.ActiveCfg = Release|Any CPU
		{54308E5A-0DDE-44DB-A050-6E980642B115}.Release|x64.Build.0 = Release|Any CPU
		{54308E5A-0DDE-44DB-A050-6E980642B115}.Release|x86.ActiveCfg = Release|Any CPU
		{54308E5A-0DDE-44DB-A050-6E980642B115}.Release|x86.Build.0 = Release|Any CPU
		{000ED243-DB42-4994-9926-8F8486C7865F}.Debug|Any CPU.ActiveCfg = Debug|Any CPU
		{000ED243-DB42-4994-9926-8F8486C7865F}.Debug|Any CPU.Build.0 = Debug|Any CPU
		{000ED243-DB42-4994-9926-8F8486C7865F}.Debug|x64.ActiveCfg = Debug|Any CPU
		{000ED243-DB42-4994-9926-8F8486C7865F}.Debug|x64.Build.0 = Debug|Any CPU
		{000ED243-DB42-4994-9926-8F8486C7865F}.Debug|x86.ActiveCfg = Debug|Any CPU
		{000ED243-DB42-4994-9926-8F8486C7865F}.Debug|x86.Build.0 = Debug|Any CPU
		{000ED243-DB42-4994-9926-8F8486C7865F}.Release|Any CPU.ActiveCfg = Release|Any CPU
		{000ED243-DB42-4994-9926-8F8486C7865F}.Release|Any CPU.Build.0 = Release|Any CPU
		{000ED243-DB42-4994-9926-8F8486C7865F}.Release|x64.ActiveCfg = Release|Any CPU
		{000ED243-DB42-4994-9926-8F8486C7865F}.Release|x64.Build.0 = Release|Any CPU
		{000ED243-DB42-4994-9926-8F8486C7865F}.Release|x86.ActiveCfg = Release|Any CPU
		{000ED243-DB42-4994-9926-8F8486C7865F}.Release|x86.Build.0 = Release|Any CPU
		{8927E8CB-24F7-4FF5-A15E-622E0411CA52}.Debug|Any CPU.ActiveCfg = Debug|Any CPU
		{8927E8CB-24F7-4FF5-A15E-622E0411CA52}.Debug|Any CPU.Build.0 = Debug|Any CPU
		{8927E8CB-24F7-4FF5-A15E-622E0411CA52}.Debug|x64.ActiveCfg = Debug|Any CPU
		{8927E8CB-24F7-4FF5-A15E-622E0411CA52}.Debug|x64.Build.0 = Debug|Any CPU
		{8927E8CB-24F7-4FF5-A15E-622E0411CA52}.Debug|x86.ActiveCfg = Debug|Any CPU
		{8927E8CB-24F7-4FF5-A15E-622E0411CA52}.Debug|x86.Build.0 = Debug|Any CPU
		{8927E8CB-24F7-4FF5-A15E-622E0411CA52}.Release|Any CPU.ActiveCfg = Release|Any CPU
		{8927E8CB-24F7-4FF5-A15E-622E0411CA52}.Release|Any CPU.Build.0 = Release|Any CPU
		{8927E8CB-24F7-4FF5-A15E-622E0411CA52}.Release|x64.ActiveCfg = Release|Any CPU
		{8927E8CB-24F7-4FF5-A15E-622E0411CA52}.Release|x64.Build.0 = Release|Any CPU
		{8927E8CB-24F7-4FF5-A15E-622E0411CA52}.Release|x86.ActiveCfg = Release|Any CPU
		{8927E8CB-24F7-4FF5-A15E-622E0411CA52}.Release|x86.Build.0 = Release|Any CPU
		{4533C78E-CCEF-4822-8A15-F9C5E76CD313}.Debug|Any CPU.ActiveCfg = Debug|Any CPU
		{4533C78E-CCEF-4822-8A15-F9C5E76CD313}.Debug|Any CPU.Build.0 = Debug|Any CPU
		{4533C78E-CCEF-4822-8A15-F9C5E76CD313}.Debug|x64.ActiveCfg = Debug|Any CPU
		{4533C78E-CCEF-4822-8A15-F9C5E76CD313}.Debug|x64.Build.0 = Debug|Any CPU
		{4533C78E-CCEF-4822-8A15-F9C5E76CD313}.Debug|x86.ActiveCfg = Debug|Any CPU
		{4533C78E-CCEF-4822-8A15-F9C5E76CD313}.Debug|x86.Build.0 = Debug|Any CPU
		{4533C78E-CCEF-4822-8A15-F9C5E76CD313}.Release|Any CPU.ActiveCfg = Release|Any CPU
		{4533C78E-CCEF-4822-8A15-F9C5E76CD313}.Release|Any CPU.Build.0 = Release|Any CPU
		{4533C78E-CCEF-4822-8A15-F9C5E76CD313}.Release|x64.ActiveCfg = Release|Any CPU
		{4533C78E-CCEF-4822-8A15-F9C5E76CD313}.Release|x64.Build.0 = Release|Any CPU
		{4533C78E-CCEF-4822-8A15-F9C5E76CD313}.Release|x86.ActiveCfg = Release|Any CPU
		{4533C78E-CCEF-4822-8A15-F9C5E76CD313}.Release|x86.Build.0 = Release|Any CPU
		{713AB70E-9C34-4114-9A74-DAFBACDC0952}.Debug|Any CPU.ActiveCfg = Debug|Any CPU
		{713AB70E-9C34-4114-9A74-DAFBACDC0952}.Debug|Any CPU.Build.0 = Debug|Any CPU
		{713AB70E-9C34-4114-9A74-DAFBACDC0952}.Debug|x64.ActiveCfg = Debug|Any CPU
		{713AB70E-9C34-4114-9A74-DAFBACDC0952}.Debug|x64.Build.0 = Debug|Any CPU
		{713AB70E-9C34-4114-9A74-DAFBACDC0952}.Debug|x86.ActiveCfg = Debug|Any CPU
		{713AB70E-9C34-4114-9A74-DAFBACDC0952}.Debug|x86.Build.0 = Debug|Any CPU
		{713AB70E-9C34-4114-9A74-DAFBACDC0952}.Release|Any CPU.ActiveCfg = Release|Any CPU
		{713AB70E-9C34-4114-9A74-DAFBACDC0952}.Release|Any CPU.Build.0 = Release|Any CPU
		{713AB70E-9C34-4114-9A74-DAFBACDC0952}.Release|x64.ActiveCfg = Release|Any CPU
		{713AB70E-9C34-4114-9A74-DAFBACDC0952}.Release|x64.Build.0 = Release|Any CPU
		{713AB70E-9C34-4114-9A74-DAFBACDC0952}.Release|x86.ActiveCfg = Release|Any CPU
		{713AB70E-9C34-4114-9A74-DAFBACDC0952}.Release|x86.Build.0 = Release|Any CPU
		{D8B1EF8B-9267-4C82-8B9C-BD448C8EAB70}.Debug|Any CPU.ActiveCfg = Debug|Any CPU
		{D8B1EF8B-9267-4C82-8B9C-BD448C8EAB70}.Debug|Any CPU.Build.0 = Debug|Any CPU
		{D8B1EF8B-9267-4C82-8B9C-BD448C8EAB70}.Debug|x64.ActiveCfg = Debug|Any CPU
		{D8B1EF8B-9267-4C82-8B9C-BD448C8EAB70}.Debug|x64.Build.0 = Debug|Any CPU
		{D8B1EF8B-9267-4C82-8B9C-BD448C8EAB70}.Debug|x86.ActiveCfg = Debug|Any CPU
		{D8B1EF8B-9267-4C82-8B9C-BD448C8EAB70}.Debug|x86.Build.0 = Debug|Any CPU
		{D8B1EF8B-9267-4C82-8B9C-BD448C8EAB70}.Release|Any CPU.ActiveCfg = Release|Any CPU
		{D8B1EF8B-9267-4C82-8B9C-BD448C8EAB70}.Release|Any CPU.Build.0 = Release|Any CPU
		{D8B1EF8B-9267-4C82-8B9C-BD448C8EAB70}.Release|x64.ActiveCfg = Release|Any CPU
		{D8B1EF8B-9267-4C82-8B9C-BD448C8EAB70}.Release|x64.Build.0 = Release|Any CPU
		{D8B1EF8B-9267-4C82-8B9C-BD448C8EAB70}.Release|x86.ActiveCfg = Release|Any CPU
		{D8B1EF8B-9267-4C82-8B9C-BD448C8EAB70}.Release|x86.Build.0 = Release|Any CPU
		{954A01EE-8CF7-440C-90DE-9E147B91ECFD}.Debug|Any CPU.ActiveCfg = Debug|Any CPU
		{954A01EE-8CF7-440C-90DE-9E147B91ECFD}.Debug|Any CPU.Build.0 = Debug|Any CPU
		{954A01EE-8CF7-440C-90DE-9E147B91ECFD}.Debug|x64.ActiveCfg = Debug|Any CPU
		{954A01EE-8CF7-440C-90DE-9E147B91ECFD}.Debug|x64.Build.0 = Debug|Any CPU
		{954A01EE-8CF7-440C-90DE-9E147B91ECFD}.Debug|x86.ActiveCfg = Debug|Any CPU
		{954A01EE-8CF7-440C-90DE-9E147B91ECFD}.Debug|x86.Build.0 = Debug|Any CPU
		{954A01EE-8CF7-440C-90DE-9E147B91ECFD}.Release|Any CPU.ActiveCfg = Release|Any CPU
		{954A01EE-8CF7-440C-90DE-9E147B91ECFD}.Release|Any CPU.Build.0 = Release|Any CPU
		{954A01EE-8CF7-440C-90DE-9E147B91ECFD}.Release|x64.ActiveCfg = Release|Any CPU
		{954A01EE-8CF7-440C-90DE-9E147B91ECFD}.Release|x64.Build.0 = Release|Any CPU
		{954A01EE-8CF7-440C-90DE-9E147B91ECFD}.Release|x86.ActiveCfg = Release|Any CPU
		{954A01EE-8CF7-440C-90DE-9E147B91ECFD}.Release|x86.Build.0 = Release|Any CPU
		{6261DDAC-E425-4E53-8357-A6D53AB766A9}.Debug|Any CPU.ActiveCfg = Debug|Any CPU
		{6261DDAC-E425-4E53-8357-A6D53AB766A9}.Debug|Any CPU.Build.0 = Debug|Any CPU
		{6261DDAC-E425-4E53-8357-A6D53AB766A9}.Debug|x64.ActiveCfg = Debug|Any CPU
		{6261DDAC-E425-4E53-8357-A6D53AB766A9}.Debug|x64.Build.0 = Debug|Any CPU
		{6261DDAC-E425-4E53-8357-A6D53AB766A9}.Debug|x86.ActiveCfg = Debug|Any CPU
		{6261DDAC-E425-4E53-8357-A6D53AB766A9}.Debug|x86.Build.0 = Debug|Any CPU
		{6261DDAC-E425-4E53-8357-A6D53AB766A9}.Release|Any CPU.ActiveCfg = Release|Any CPU
		{6261DDAC-E425-4E53-8357-A6D53AB766A9}.Release|Any CPU.Build.0 = Release|Any CPU
		{6261DDAC-E425-4E53-8357-A6D53AB766A9}.Release|x64.ActiveCfg = Release|Any CPU
		{6261DDAC-E425-4E53-8357-A6D53AB766A9}.Release|x64.Build.0 = Release|Any CPU
		{6261DDAC-E425-4E53-8357-A6D53AB766A9}.Release|x86.ActiveCfg = Release|Any CPU
		{6261DDAC-E425-4E53-8357-A6D53AB766A9}.Release|x86.Build.0 = Release|Any CPU
		{756B722E-BB53-4BEF-870D-F286F8830B01}.Debug|Any CPU.ActiveCfg = Debug|Any CPU
		{756B722E-BB53-4BEF-870D-F286F8830B01}.Debug|Any CPU.Build.0 = Debug|Any CPU
		{756B722E-BB53-4BEF-870D-F286F8830B01}.Debug|x64.ActiveCfg = Debug|Any CPU
		{756B722E-BB53-4BEF-870D-F286F8830B01}.Debug|x64.Build.0 = Debug|Any CPU
		{756B722E-BB53-4BEF-870D-F286F8830B01}.Debug|x86.ActiveCfg = Debug|Any CPU
		{756B722E-BB53-4BEF-870D-F286F8830B01}.Debug|x86.Build.0 = Debug|Any CPU
		{756B722E-BB53-4BEF-870D-F286F8830B01}.Release|Any CPU.ActiveCfg = Release|Any CPU
		{756B722E-BB53-4BEF-870D-F286F8830B01}.Release|Any CPU.Build.0 = Release|Any CPU
		{756B722E-BB53-4BEF-870D-F286F8830B01}.Release|x64.ActiveCfg = Release|Any CPU
		{756B722E-BB53-4BEF-870D-F286F8830B01}.Release|x64.Build.0 = Release|Any CPU
		{756B722E-BB53-4BEF-870D-F286F8830B01}.Release|x86.ActiveCfg = Release|Any CPU
		{756B722E-BB53-4BEF-870D-F286F8830B01}.Release|x86.Build.0 = Release|Any CPU
		{D90C8C7C-1EA1-4B57-BD1B-F583C6DA4F34}.Debug|Any CPU.ActiveCfg = Debug|Any CPU
		{D90C8C7C-1EA1-4B57-BD1B-F583C6DA4F34}.Debug|Any CPU.Build.0 = Debug|Any CPU
		{D90C8C7C-1EA1-4B57-BD1B-F583C6DA4F34}.Debug|x64.ActiveCfg = Debug|Any CPU
		{D90C8C7C-1EA1-4B57-BD1B-F583C6DA4F34}.Debug|x64.Build.0 = Debug|Any CPU
		{D90C8C7C-1EA1-4B57-BD1B-F583C6DA4F34}.Debug|x86.ActiveCfg = Debug|Any CPU
		{D90C8C7C-1EA1-4B57-BD1B-F583C6DA4F34}.Debug|x86.Build.0 = Debug|Any CPU
		{D90C8C7C-1EA1-4B57-BD1B-F583C6DA4F34}.Release|Any CPU.ActiveCfg = Release|Any CPU
		{D90C8C7C-1EA1-4B57-BD1B-F583C6DA4F34}.Release|Any CPU.Build.0 = Release|Any CPU
		{D90C8C7C-1EA1-4B57-BD1B-F583C6DA4F34}.Release|x64.ActiveCfg = Release|Any CPU
		{D90C8C7C-1EA1-4B57-BD1B-F583C6DA4F34}.Release|x64.Build.0 = Release|Any CPU
		{D90C8C7C-1EA1-4B57-BD1B-F583C6DA4F34}.Release|x86.ActiveCfg = Release|Any CPU
		{D90C8C7C-1EA1-4B57-BD1B-F583C6DA4F34}.Release|x86.Build.0 = Release|Any CPU
		{2D1D9B4B-4EBA-481B-87C0-A1C12AFE6B7F}.Debug|Any CPU.ActiveCfg = Debug|Any CPU
		{2D1D9B4B-4EBA-481B-87C0-A1C12AFE6B7F}.Debug|Any CPU.Build.0 = Debug|Any CPU
		{2D1D9B4B-4EBA-481B-87C0-A1C12AFE6B7F}.Debug|x64.ActiveCfg = Debug|Any CPU
		{2D1D9B4B-4EBA-481B-87C0-A1C12AFE6B7F}.Debug|x64.Build.0 = Debug|Any CPU
		{2D1D9B4B-4EBA-481B-87C0-A1C12AFE6B7F}.Debug|x86.ActiveCfg = Debug|Any CPU
		{2D1D9B4B-4EBA-481B-87C0-A1C12AFE6B7F}.Debug|x86.Build.0 = Debug|Any CPU
		{2D1D9B4B-4EBA-481B-87C0-A1C12AFE6B7F}.Release|Any CPU.ActiveCfg = Release|Any CPU
		{2D1D9B4B-4EBA-481B-87C0-A1C12AFE6B7F}.Release|Any CPU.Build.0 = Release|Any CPU
		{2D1D9B4B-4EBA-481B-87C0-A1C12AFE6B7F}.Release|x64.ActiveCfg = Release|Any CPU
		{2D1D9B4B-4EBA-481B-87C0-A1C12AFE6B7F}.Release|x64.Build.0 = Release|Any CPU
		{2D1D9B4B-4EBA-481B-87C0-A1C12AFE6B7F}.Release|x86.ActiveCfg = Release|Any CPU
		{2D1D9B4B-4EBA-481B-87C0-A1C12AFE6B7F}.Release|x86.Build.0 = Release|Any CPU
		{9D1D15A2-400F-4F9C-9C11-A25A2A83938C}.Debug|Any CPU.ActiveCfg = Debug|Any CPU
		{9D1D15A2-400F-4F9C-9C11-A25A2A83938C}.Debug|Any CPU.Build.0 = Debug|Any CPU
		{9D1D15A2-400F-4F9C-9C11-A25A2A83938C}.Debug|x64.ActiveCfg = Debug|Any CPU
		{9D1D15A2-400F-4F9C-9C11-A25A2A83938C}.Debug|x64.Build.0 = Debug|Any CPU
		{9D1D15A2-400F-4F9C-9C11-A25A2A83938C}.Debug|x86.ActiveCfg = Debug|Any CPU
		{9D1D15A2-400F-4F9C-9C11-A25A2A83938C}.Debug|x86.Build.0 = Debug|Any CPU
		{9D1D15A2-400F-4F9C-9C11-A25A2A83938C}.Release|Any CPU.ActiveCfg = Release|Any CPU
		{9D1D15A2-400F-4F9C-9C11-A25A2A83938C}.Release|Any CPU.Build.0 = Release|Any CPU
		{9D1D15A2-400F-4F9C-9C11-A25A2A83938C}.Release|x64.ActiveCfg = Release|Any CPU
		{9D1D15A2-400F-4F9C-9C11-A25A2A83938C}.Release|x64.Build.0 = Release|Any CPU
		{9D1D15A2-400F-4F9C-9C11-A25A2A83938C}.Release|x86.ActiveCfg = Release|Any CPU
		{9D1D15A2-400F-4F9C-9C11-A25A2A83938C}.Release|x86.Build.0 = Release|Any CPU
		{F1E820B0-60F0-47D3-8484-C03C1F427E91}.Debug|Any CPU.ActiveCfg = Debug|Any CPU
		{F1E820B0-60F0-47D3-8484-C03C1F427E91}.Debug|Any CPU.Build.0 = Debug|Any CPU
		{F1E820B0-60F0-47D3-8484-C03C1F427E91}.Debug|x64.ActiveCfg = Debug|Any CPU
		{F1E820B0-60F0-47D3-8484-C03C1F427E91}.Debug|x64.Build.0 = Debug|Any CPU
		{F1E820B0-60F0-47D3-8484-C03C1F427E91}.Debug|x86.ActiveCfg = Debug|Any CPU
		{F1E820B0-60F0-47D3-8484-C03C1F427E91}.Debug|x86.Build.0 = Debug|Any CPU
		{F1E820B0-60F0-47D3-8484-C03C1F427E91}.Release|Any CPU.ActiveCfg = Release|Any CPU
		{F1E820B0-60F0-47D3-8484-C03C1F427E91}.Release|Any CPU.Build.0 = Release|Any CPU
		{F1E820B0-60F0-47D3-8484-C03C1F427E91}.Release|x64.ActiveCfg = Release|Any CPU
		{F1E820B0-60F0-47D3-8484-C03C1F427E91}.Release|x64.Build.0 = Release|Any CPU
		{F1E820B0-60F0-47D3-8484-C03C1F427E91}.Release|x86.ActiveCfg = Release|Any CPU
		{F1E820B0-60F0-47D3-8484-C03C1F427E91}.Release|x86.Build.0 = Release|Any CPU
		{B7D4A06B-3F50-4AC0-B236-1A21226A58F2}.Debug|Any CPU.ActiveCfg = Debug|Any CPU
		{B7D4A06B-3F50-4AC0-B236-1A21226A58F2}.Debug|Any CPU.Build.0 = Debug|Any CPU
		{B7D4A06B-3F50-4AC0-B236-1A21226A58F2}.Debug|x64.ActiveCfg = Debug|Any CPU
		{B7D4A06B-3F50-4AC0-B236-1A21226A58F2}.Debug|x64.Build.0 = Debug|Any CPU
		{B7D4A06B-3F50-4AC0-B236-1A21226A58F2}.Debug|x86.ActiveCfg = Debug|Any CPU
		{B7D4A06B-3F50-4AC0-B236-1A21226A58F2}.Debug|x86.Build.0 = Debug|Any CPU
		{B7D4A06B-3F50-4AC0-B236-1A21226A58F2}.Release|Any CPU.ActiveCfg = Release|Any CPU
		{B7D4A06B-3F50-4AC0-B236-1A21226A58F2}.Release|Any CPU.Build.0 = Release|Any CPU
		{B7D4A06B-3F50-4AC0-B236-1A21226A58F2}.Release|x64.ActiveCfg = Release|Any CPU
		{B7D4A06B-3F50-4AC0-B236-1A21226A58F2}.Release|x64.Build.0 = Release|Any CPU
		{B7D4A06B-3F50-4AC0-B236-1A21226A58F2}.Release|x86.ActiveCfg = Release|Any CPU
		{B7D4A06B-3F50-4AC0-B236-1A21226A58F2}.Release|x86.Build.0 = Release|Any CPU
		{81BE22A1-0871-4E0C-88B2-87924ABFAC71}.Debug|Any CPU.ActiveCfg = Debug|Any CPU
		{81BE22A1-0871-4E0C-88B2-87924ABFAC71}.Debug|Any CPU.Build.0 = Debug|Any CPU
		{81BE22A1-0871-4E0C-88B2-87924ABFAC71}.Debug|x64.ActiveCfg = Debug|Any CPU
		{81BE22A1-0871-4E0C-88B2-87924ABFAC71}.Debug|x64.Build.0 = Debug|Any CPU
		{81BE22A1-0871-4E0C-88B2-87924ABFAC71}.Debug|x86.ActiveCfg = Debug|Any CPU
		{81BE22A1-0871-4E0C-88B2-87924ABFAC71}.Debug|x86.Build.0 = Debug|Any CPU
		{81BE22A1-0871-4E0C-88B2-87924ABFAC71}.Release|Any CPU.ActiveCfg = Release|Any CPU
		{81BE22A1-0871-4E0C-88B2-87924ABFAC71}.Release|Any CPU.Build.0 = Release|Any CPU
		{81BE22A1-0871-4E0C-88B2-87924ABFAC71}.Release|x64.ActiveCfg = Release|Any CPU
		{81BE22A1-0871-4E0C-88B2-87924ABFAC71}.Release|x64.Build.0 = Release|Any CPU
		{81BE22A1-0871-4E0C-88B2-87924ABFAC71}.Release|x86.ActiveCfg = Release|Any CPU
		{81BE22A1-0871-4E0C-88B2-87924ABFAC71}.Release|x86.Build.0 = Release|Any CPU
		{7DFCE8D2-3811-41B1-AD65-72DDFA5652DD}.Debug|Any CPU.ActiveCfg = Debug|Any CPU
		{7DFCE8D2-3811-41B1-AD65-72DDFA5652DD}.Debug|Any CPU.Build.0 = Debug|Any CPU
		{7DFCE8D2-3811-41B1-AD65-72DDFA5652DD}.Debug|x64.ActiveCfg = Debug|Any CPU
		{7DFCE8D2-3811-41B1-AD65-72DDFA5652DD}.Debug|x64.Build.0 = Debug|Any CPU
		{7DFCE8D2-3811-41B1-AD65-72DDFA5652DD}.Debug|x86.ActiveCfg = Debug|Any CPU
		{7DFCE8D2-3811-41B1-AD65-72DDFA5652DD}.Debug|x86.Build.0 = Debug|Any CPU
		{7DFCE8D2-3811-41B1-AD65-72DDFA5652DD}.Release|Any CPU.ActiveCfg = Release|Any CPU
		{7DFCE8D2-3811-41B1-AD65-72DDFA5652DD}.Release|Any CPU.Build.0 = Release|Any CPU
		{7DFCE8D2-3811-41B1-AD65-72DDFA5652DD}.Release|x64.ActiveCfg = Release|Any CPU
		{7DFCE8D2-3811-41B1-AD65-72DDFA5652DD}.Release|x64.Build.0 = Release|Any CPU
		{7DFCE8D2-3811-41B1-AD65-72DDFA5652DD}.Release|x86.ActiveCfg = Release|Any CPU
		{7DFCE8D2-3811-41B1-AD65-72DDFA5652DD}.Release|x86.Build.0 = Release|Any CPU
		{ACBD62FB-6E0E-4731-9202-341C610BFA2E}.Debug|Any CPU.ActiveCfg = Debug|Any CPU
		{ACBD62FB-6E0E-4731-9202-341C610BFA2E}.Debug|Any CPU.Build.0 = Debug|Any CPU
		{ACBD62FB-6E0E-4731-9202-341C610BFA2E}.Debug|x64.ActiveCfg = Debug|Any CPU
		{ACBD62FB-6E0E-4731-9202-341C610BFA2E}.Debug|x64.Build.0 = Debug|Any CPU
		{ACBD62FB-6E0E-4731-9202-341C610BFA2E}.Debug|x86.ActiveCfg = Debug|Any CPU
		{ACBD62FB-6E0E-4731-9202-341C610BFA2E}.Debug|x86.Build.0 = Debug|Any CPU
		{ACBD62FB-6E0E-4731-9202-341C610BFA2E}.Release|Any CPU.ActiveCfg = Release|Any CPU
		{ACBD62FB-6E0E-4731-9202-341C610BFA2E}.Release|Any CPU.Build.0 = Release|Any CPU
		{ACBD62FB-6E0E-4731-9202-341C610BFA2E}.Release|x64.ActiveCfg = Release|Any CPU
		{ACBD62FB-6E0E-4731-9202-341C610BFA2E}.Release|x64.Build.0 = Release|Any CPU
		{ACBD62FB-6E0E-4731-9202-341C610BFA2E}.Release|x86.ActiveCfg = Release|Any CPU
		{ACBD62FB-6E0E-4731-9202-341C610BFA2E}.Release|x86.Build.0 = Release|Any CPU
		{236476CD-29B5-42BB-8F50-4BDBC57010F4}.Debug|Any CPU.ActiveCfg = Debug|Any CPU
		{236476CD-29B5-42BB-8F50-4BDBC57010F4}.Debug|Any CPU.Build.0 = Debug|Any CPU
		{236476CD-29B5-42BB-8F50-4BDBC57010F4}.Debug|x64.ActiveCfg = Debug|Any CPU
		{236476CD-29B5-42BB-8F50-4BDBC57010F4}.Debug|x64.Build.0 = Debug|Any CPU
		{236476CD-29B5-42BB-8F50-4BDBC57010F4}.Debug|x86.ActiveCfg = Debug|Any CPU
		{236476CD-29B5-42BB-8F50-4BDBC57010F4}.Debug|x86.Build.0 = Debug|Any CPU
		{236476CD-29B5-42BB-8F50-4BDBC57010F4}.Release|Any CPU.ActiveCfg = Release|Any CPU
		{236476CD-29B5-42BB-8F50-4BDBC57010F4}.Release|Any CPU.Build.0 = Release|Any CPU
		{236476CD-29B5-42BB-8F50-4BDBC57010F4}.Release|x64.ActiveCfg = Release|Any CPU
		{236476CD-29B5-42BB-8F50-4BDBC57010F4}.Release|x64.Build.0 = Release|Any CPU
		{236476CD-29B5-42BB-8F50-4BDBC57010F4}.Release|x86.ActiveCfg = Release|Any CPU
		{236476CD-29B5-42BB-8F50-4BDBC57010F4}.Release|x86.Build.0 = Release|Any CPU
		{29CC7C8C-2661-4A1D-87D6-3D3E0DAC511A}.Debug|Any CPU.ActiveCfg = Debug|Any CPU
		{29CC7C8C-2661-4A1D-87D6-3D3E0DAC511A}.Debug|Any CPU.Build.0 = Debug|Any CPU
		{29CC7C8C-2661-4A1D-87D6-3D3E0DAC511A}.Debug|x64.ActiveCfg = Debug|Any CPU
		{29CC7C8C-2661-4A1D-87D6-3D3E0DAC511A}.Debug|x64.Build.0 = Debug|Any CPU
		{29CC7C8C-2661-4A1D-87D6-3D3E0DAC511A}.Debug|x86.ActiveCfg = Debug|Any CPU
		{29CC7C8C-2661-4A1D-87D6-3D3E0DAC511A}.Debug|x86.Build.0 = Debug|Any CPU
		{29CC7C8C-2661-4A1D-87D6-3D3E0DAC511A}.Release|Any CPU.ActiveCfg = Release|Any CPU
		{29CC7C8C-2661-4A1D-87D6-3D3E0DAC511A}.Release|Any CPU.Build.0 = Release|Any CPU
		{29CC7C8C-2661-4A1D-87D6-3D3E0DAC511A}.Release|x64.ActiveCfg = Release|Any CPU
		{29CC7C8C-2661-4A1D-87D6-3D3E0DAC511A}.Release|x64.Build.0 = Release|Any CPU
		{29CC7C8C-2661-4A1D-87D6-3D3E0DAC511A}.Release|x86.ActiveCfg = Release|Any CPU
		{29CC7C8C-2661-4A1D-87D6-3D3E0DAC511A}.Release|x86.Build.0 = Release|Any CPU
		{A2F7E6DE-1B24-4603-9E51-4FBC2B2B9CDF}.Debug|Any CPU.ActiveCfg = Debug|Any CPU
		{A2F7E6DE-1B24-4603-9E51-4FBC2B2B9CDF}.Debug|Any CPU.Build.0 = Debug|Any CPU
		{A2F7E6DE-1B24-4603-9E51-4FBC2B2B9CDF}.Debug|x64.ActiveCfg = Debug|Any CPU
		{A2F7E6DE-1B24-4603-9E51-4FBC2B2B9CDF}.Debug|x64.Build.0 = Debug|Any CPU
		{A2F7E6DE-1B24-4603-9E51-4FBC2B2B9CDF}.Debug|x86.ActiveCfg = Debug|Any CPU
		{A2F7E6DE-1B24-4603-9E51-4FBC2B2B9CDF}.Debug|x86.Build.0 = Debug|Any CPU
		{A2F7E6DE-1B24-4603-9E51-4FBC2B2B9CDF}.Release|Any CPU.ActiveCfg = Release|Any CPU
		{A2F7E6DE-1B24-4603-9E51-4FBC2B2B9CDF}.Release|Any CPU.Build.0 = Release|Any CPU
		{A2F7E6DE-1B24-4603-9E51-4FBC2B2B9CDF}.Release|x64.ActiveCfg = Release|Any CPU
		{A2F7E6DE-1B24-4603-9E51-4FBC2B2B9CDF}.Release|x64.Build.0 = Release|Any CPU
		{A2F7E6DE-1B24-4603-9E51-4FBC2B2B9CDF}.Release|x86.ActiveCfg = Release|Any CPU
		{A2F7E6DE-1B24-4603-9E51-4FBC2B2B9CDF}.Release|x86.Build.0 = Release|Any CPU
		{9E79262F-569C-48FB-8F30-AFE530442D7E}.Debug|Any CPU.ActiveCfg = Debug|Any CPU
		{9E79262F-569C-48FB-8F30-AFE530442D7E}.Debug|Any CPU.Build.0 = Debug|Any CPU
		{9E79262F-569C-48FB-8F30-AFE530442D7E}.Debug|x64.ActiveCfg = Debug|Any CPU
		{9E79262F-569C-48FB-8F30-AFE530442D7E}.Debug|x64.Build.0 = Debug|Any CPU
		{9E79262F-569C-48FB-8F30-AFE530442D7E}.Debug|x86.ActiveCfg = Debug|Any CPU
		{9E79262F-569C-48FB-8F30-AFE530442D7E}.Debug|x86.Build.0 = Debug|Any CPU
		{9E79262F-569C-48FB-8F30-AFE530442D7E}.Release|Any CPU.ActiveCfg = Release|Any CPU
		{9E79262F-569C-48FB-8F30-AFE530442D7E}.Release|Any CPU.Build.0 = Release|Any CPU
		{9E79262F-569C-48FB-8F30-AFE530442D7E}.Release|x64.ActiveCfg = Release|Any CPU
		{9E79262F-569C-48FB-8F30-AFE530442D7E}.Release|x64.Build.0 = Release|Any CPU
		{9E79262F-569C-48FB-8F30-AFE530442D7E}.Release|x86.ActiveCfg = Release|Any CPU
		{9E79262F-569C-48FB-8F30-AFE530442D7E}.Release|x86.Build.0 = Release|Any CPU
		{C25299CA-49AC-43FF-80BD-9E0FA5A01AAD}.Debug|Any CPU.ActiveCfg = Debug|Any CPU
		{C25299CA-49AC-43FF-80BD-9E0FA5A01AAD}.Debug|Any CPU.Build.0 = Debug|Any CPU
		{C25299CA-49AC-43FF-80BD-9E0FA5A01AAD}.Debug|x64.ActiveCfg = Debug|Any CPU
		{C25299CA-49AC-43FF-80BD-9E0FA5A01AAD}.Debug|x64.Build.0 = Debug|Any CPU
		{C25299CA-49AC-43FF-80BD-9E0FA5A01AAD}.Debug|x86.ActiveCfg = Debug|Any CPU
		{C25299CA-49AC-43FF-80BD-9E0FA5A01AAD}.Debug|x86.Build.0 = Debug|Any CPU
		{C25299CA-49AC-43FF-80BD-9E0FA5A01AAD}.Release|Any CPU.ActiveCfg = Release|Any CPU
		{C25299CA-49AC-43FF-80BD-9E0FA5A01AAD}.Release|Any CPU.Build.0 = Release|Any CPU
		{C25299CA-49AC-43FF-80BD-9E0FA5A01AAD}.Release|x64.ActiveCfg = Release|Any CPU
		{C25299CA-49AC-43FF-80BD-9E0FA5A01AAD}.Release|x64.Build.0 = Release|Any CPU
		{C25299CA-49AC-43FF-80BD-9E0FA5A01AAD}.Release|x86.ActiveCfg = Release|Any CPU
		{C25299CA-49AC-43FF-80BD-9E0FA5A01AAD}.Release|x86.Build.0 = Release|Any CPU
		{1B73E754-E6D1-48B8-BE5F-0C837FBBBBEE}.Debug|Any CPU.ActiveCfg = Debug|Any CPU
		{1B73E754-E6D1-48B8-BE5F-0C837FBBBBEE}.Debug|Any CPU.Build.0 = Debug|Any CPU
		{1B73E754-E6D1-48B8-BE5F-0C837FBBBBEE}.Debug|x64.ActiveCfg = Debug|Any CPU
		{1B73E754-E6D1-48B8-BE5F-0C837FBBBBEE}.Debug|x64.Build.0 = Debug|Any CPU
		{1B73E754-E6D1-48B8-BE5F-0C837FBBBBEE}.Debug|x86.ActiveCfg = Debug|Any CPU
		{1B73E754-E6D1-48B8-BE5F-0C837FBBBBEE}.Debug|x86.Build.0 = Debug|Any CPU
		{1B73E754-E6D1-48B8-BE5F-0C837FBBBBEE}.Release|Any CPU.ActiveCfg = Release|Any CPU
		{1B73E754-E6D1-48B8-BE5F-0C837FBBBBEE}.Release|Any CPU.Build.0 = Release|Any CPU
		{1B73E754-E6D1-48B8-BE5F-0C837FBBBBEE}.Release|x64.ActiveCfg = Release|Any CPU
		{1B73E754-E6D1-48B8-BE5F-0C837FBBBBEE}.Release|x64.Build.0 = Release|Any CPU
		{1B73E754-E6D1-48B8-BE5F-0C837FBBBBEE}.Release|x86.ActiveCfg = Release|Any CPU
		{1B73E754-E6D1-48B8-BE5F-0C837FBBBBEE}.Release|x86.Build.0 = Release|Any CPU
		{12599FFA-7D7D-4C53-B272-059ADCACDFE1}.Debug|Any CPU.ActiveCfg = Debug|Any CPU
		{12599FFA-7D7D-4C53-B272-059ADCACDFE1}.Debug|Any CPU.Build.0 = Debug|Any CPU
		{12599FFA-7D7D-4C53-B272-059ADCACDFE1}.Debug|x64.ActiveCfg = Debug|Any CPU
		{12599FFA-7D7D-4C53-B272-059ADCACDFE1}.Debug|x64.Build.0 = Debug|Any CPU
		{12599FFA-7D7D-4C53-B272-059ADCACDFE1}.Debug|x86.ActiveCfg = Debug|Any CPU
		{12599FFA-7D7D-4C53-B272-059ADCACDFE1}.Debug|x86.Build.0 = Debug|Any CPU
		{12599FFA-7D7D-4C53-B272-059ADCACDFE1}.Release|Any CPU.ActiveCfg = Release|Any CPU
		{12599FFA-7D7D-4C53-B272-059ADCACDFE1}.Release|Any CPU.Build.0 = Release|Any CPU
		{12599FFA-7D7D-4C53-B272-059ADCACDFE1}.Release|x64.ActiveCfg = Release|Any CPU
		{12599FFA-7D7D-4C53-B272-059ADCACDFE1}.Release|x64.Build.0 = Release|Any CPU
		{12599FFA-7D7D-4C53-B272-059ADCACDFE1}.Release|x86.ActiveCfg = Release|Any CPU
		{12599FFA-7D7D-4C53-B272-059ADCACDFE1}.Release|x86.Build.0 = Release|Any CPU
		{7ED47B0C-FE96-4F0B-AF04-06FF1789170C}.Debug|Any CPU.ActiveCfg = Debug|Any CPU
		{7ED47B0C-FE96-4F0B-AF04-06FF1789170C}.Debug|Any CPU.Build.0 = Debug|Any CPU
		{7ED47B0C-FE96-4F0B-AF04-06FF1789170C}.Debug|x64.ActiveCfg = Debug|Any CPU
		{7ED47B0C-FE96-4F0B-AF04-06FF1789170C}.Debug|x64.Build.0 = Debug|Any CPU
		{7ED47B0C-FE96-4F0B-AF04-06FF1789170C}.Debug|x86.ActiveCfg = Debug|Any CPU
		{7ED47B0C-FE96-4F0B-AF04-06FF1789170C}.Debug|x86.Build.0 = Debug|Any CPU
		{7ED47B0C-FE96-4F0B-AF04-06FF1789170C}.Release|Any CPU.ActiveCfg = Release|Any CPU
		{7ED47B0C-FE96-4F0B-AF04-06FF1789170C}.Release|Any CPU.Build.0 = Release|Any CPU
		{7ED47B0C-FE96-4F0B-AF04-06FF1789170C}.Release|x64.ActiveCfg = Release|Any CPU
		{7ED47B0C-FE96-4F0B-AF04-06FF1789170C}.Release|x64.Build.0 = Release|Any CPU
		{7ED47B0C-FE96-4F0B-AF04-06FF1789170C}.Release|x86.ActiveCfg = Release|Any CPU
		{7ED47B0C-FE96-4F0B-AF04-06FF1789170C}.Release|x86.Build.0 = Release|Any CPU
		{3F0737B1-46AC-434E-A1E4-539A6C9830BF}.Debug|Any CPU.ActiveCfg = Debug|Any CPU
		{3F0737B1-46AC-434E-A1E4-539A6C9830BF}.Debug|Any CPU.Build.0 = Debug|Any CPU
		{3F0737B1-46AC-434E-A1E4-539A6C9830BF}.Debug|x64.ActiveCfg = Debug|Any CPU
		{3F0737B1-46AC-434E-A1E4-539A6C9830BF}.Debug|x64.Build.0 = Debug|Any CPU
		{3F0737B1-46AC-434E-A1E4-539A6C9830BF}.Debug|x86.ActiveCfg = Debug|Any CPU
		{3F0737B1-46AC-434E-A1E4-539A6C9830BF}.Debug|x86.Build.0 = Debug|Any CPU
		{3F0737B1-46AC-434E-A1E4-539A6C9830BF}.Release|Any CPU.ActiveCfg = Release|Any CPU
		{3F0737B1-46AC-434E-A1E4-539A6C9830BF}.Release|Any CPU.Build.0 = Release|Any CPU
		{3F0737B1-46AC-434E-A1E4-539A6C9830BF}.Release|x64.ActiveCfg = Release|Any CPU
		{3F0737B1-46AC-434E-A1E4-539A6C9830BF}.Release|x64.Build.0 = Release|Any CPU
		{3F0737B1-46AC-434E-A1E4-539A6C9830BF}.Release|x86.ActiveCfg = Release|Any CPU
		{3F0737B1-46AC-434E-A1E4-539A6C9830BF}.Release|x86.Build.0 = Release|Any CPU
		{143871E1-B5B4-4D68-B98D-BA1CBDCD13EB}.Debug|Any CPU.ActiveCfg = Debug|Any CPU
		{143871E1-B5B4-4D68-B98D-BA1CBDCD13EB}.Debug|Any CPU.Build.0 = Debug|Any CPU
		{143871E1-B5B4-4D68-B98D-BA1CBDCD13EB}.Debug|x64.ActiveCfg = Debug|Any CPU
		{143871E1-B5B4-4D68-B98D-BA1CBDCD13EB}.Debug|x64.Build.0 = Debug|Any CPU
		{143871E1-B5B4-4D68-B98D-BA1CBDCD13EB}.Debug|x86.ActiveCfg = Debug|Any CPU
		{143871E1-B5B4-4D68-B98D-BA1CBDCD13EB}.Debug|x86.Build.0 = Debug|Any CPU
		{143871E1-B5B4-4D68-B98D-BA1CBDCD13EB}.Release|Any CPU.ActiveCfg = Release|Any CPU
		{143871E1-B5B4-4D68-B98D-BA1CBDCD13EB}.Release|Any CPU.Build.0 = Release|Any CPU
		{143871E1-B5B4-4D68-B98D-BA1CBDCD13EB}.Release|x64.ActiveCfg = Release|Any CPU
		{143871E1-B5B4-4D68-B98D-BA1CBDCD13EB}.Release|x64.Build.0 = Release|Any CPU
		{143871E1-B5B4-4D68-B98D-BA1CBDCD13EB}.Release|x86.ActiveCfg = Release|Any CPU
		{143871E1-B5B4-4D68-B98D-BA1CBDCD13EB}.Release|x86.Build.0 = Release|Any CPU
		{3267479D-F587-45EE-B224-1E907D63C82A}.Debug|Any CPU.ActiveCfg = Debug|Any CPU
		{3267479D-F587-45EE-B224-1E907D63C82A}.Debug|Any CPU.Build.0 = Debug|Any CPU
		{3267479D-F587-45EE-B224-1E907D63C82A}.Debug|x64.ActiveCfg = Debug|Any CPU
		{3267479D-F587-45EE-B224-1E907D63C82A}.Debug|x64.Build.0 = Debug|Any CPU
		{3267479D-F587-45EE-B224-1E907D63C82A}.Debug|x86.ActiveCfg = Debug|Any CPU
		{3267479D-F587-45EE-B224-1E907D63C82A}.Debug|x86.Build.0 = Debug|Any CPU
		{3267479D-F587-45EE-B224-1E907D63C82A}.Release|Any CPU.ActiveCfg = Release|Any CPU
		{3267479D-F587-45EE-B224-1E907D63C82A}.Release|Any CPU.Build.0 = Release|Any CPU
		{3267479D-F587-45EE-B224-1E907D63C82A}.Release|x64.ActiveCfg = Release|Any CPU
		{3267479D-F587-45EE-B224-1E907D63C82A}.Release|x64.Build.0 = Release|Any CPU
		{3267479D-F587-45EE-B224-1E907D63C82A}.Release|x86.ActiveCfg = Release|Any CPU
		{3267479D-F587-45EE-B224-1E907D63C82A}.Release|x86.Build.0 = Release|Any CPU
		{987357F8-10C1-4E8A-A12A-EDAAA0173CB8}.Debug|Any CPU.ActiveCfg = Debug|Any CPU
		{987357F8-10C1-4E8A-A12A-EDAAA0173CB8}.Debug|Any CPU.Build.0 = Debug|Any CPU
		{987357F8-10C1-4E8A-A12A-EDAAA0173CB8}.Debug|x64.ActiveCfg = Debug|Any CPU
		{987357F8-10C1-4E8A-A12A-EDAAA0173CB8}.Debug|x64.Build.0 = Debug|Any CPU
		{987357F8-10C1-4E8A-A12A-EDAAA0173CB8}.Debug|x86.ActiveCfg = Debug|Any CPU
		{987357F8-10C1-4E8A-A12A-EDAAA0173CB8}.Debug|x86.Build.0 = Debug|Any CPU
		{987357F8-10C1-4E8A-A12A-EDAAA0173CB8}.Release|Any CPU.ActiveCfg = Release|Any CPU
		{987357F8-10C1-4E8A-A12A-EDAAA0173CB8}.Release|Any CPU.Build.0 = Release|Any CPU
		{987357F8-10C1-4E8A-A12A-EDAAA0173CB8}.Release|x64.ActiveCfg = Release|Any CPU
		{987357F8-10C1-4E8A-A12A-EDAAA0173CB8}.Release|x64.Build.0 = Release|Any CPU
		{987357F8-10C1-4E8A-A12A-EDAAA0173CB8}.Release|x86.ActiveCfg = Release|Any CPU
		{987357F8-10C1-4E8A-A12A-EDAAA0173CB8}.Release|x86.Build.0 = Release|Any CPU
	EndGlobalSection
	GlobalSection(SolutionProperties) = preSolution
		HideSolutionNode = FALSE
	EndGlobalSection
	GlobalSection(NestedProjects) = preSolution
		{7E695F2E-E568-46F4-A00F-4B0AC45D6B89} = {077B97DF-1120-48AF-B021-129BE8D9E081}
		{97E73DFF-484E-477A-96DD-76D56C988131} = {7E695F2E-E568-46F4-A00F-4B0AC45D6B89}
		{43DC23FA-DCE7-4FC1-B24A-123557CB659D} = {7E695F2E-E568-46F4-A00F-4B0AC45D6B89}
		{1580622E-B51F-4768-9E45-7EAB4AB52221} = {7E695F2E-E568-46F4-A00F-4B0AC45D6B89}
		{DE91CB5F-EFCF-41D1-BB12-B95CC74A7EBF} = {7E695F2E-E568-46F4-A00F-4B0AC45D6B89}
		{8F061D72-EA30-4CAF-B9AC-C3E4FC1DE9A5} = {7E695F2E-E568-46F4-A00F-4B0AC45D6B89}
		{87FCE8EE-C35E-48D2-977F-6F7DB293080B} = {7E695F2E-E568-46F4-A00F-4B0AC45D6B89}
		{39BE9B8F-04AB-477B-9533-0E952F63F4E4} = {7E695F2E-E568-46F4-A00F-4B0AC45D6B89}
		{B52C9F28-AE44-49A3-B9F5-59A526568998} = {7E695F2E-E568-46F4-A00F-4B0AC45D6B89}
		{149B96F5-B5DA-4BC6-8AC0-C7DD5FBD9FFA} = {7E695F2E-E568-46F4-A00F-4B0AC45D6B89}
		{D624BECF-AB06-4573-B614-25845C43CFB9} = {7E695F2E-E568-46F4-A00F-4B0AC45D6B89}
		{12BDED53-5EDB-4DF1-B0B0-92982C11C5BC} = {7E695F2E-E568-46F4-A00F-4B0AC45D6B89}
		{4B0627DC-5849-4742-A2EA-0C41744A7D46} = {7E695F2E-E568-46F4-A00F-4B0AC45D6B89}
		{6D9152AD-EB40-40CF-AB95-C7E734985933} = {7E695F2E-E568-46F4-A00F-4B0AC45D6B89}
		{D72C7DAE-3966-4F2D-A881-588B6C079A31} = {077B97DF-1120-48AF-B021-129BE8D9E081}
		{47062435-A061-4865-B3D6-3D213707E853} = {D72C7DAE-3966-4F2D-A881-588B6C079A31}
		{3A69DF5F-2BB9-492E-BDB6-D5F4195AE211} = {077B97DF-1120-48AF-B021-129BE8D9E081}
		{52EB34D0-0504-467A-B9CE-B7E941C180F6} = {3A69DF5F-2BB9-492E-BDB6-D5F4195AE211}
		{B195E1C3-B1AD-460B-BF0A-F59A01FE48EB} = {52EB34D0-0504-467A-B9CE-B7E941C180F6}
		{6AAFD962-6538-4B99-A323-55AE63DAC1AF} = {52EB34D0-0504-467A-B9CE-B7E941C180F6}
		{D4F5C227-375E-4345-A5FB-ECE9859D48E0} = {52EB34D0-0504-467A-B9CE-B7E941C180F6}
		{E923D95A-CA69-4EC3-B12E-8D599A53E243} = {52EB34D0-0504-467A-B9CE-B7E941C180F6}
		{C6C4F361-8283-4832-B18D-EF115E33ADD3} = {52EB34D0-0504-467A-B9CE-B7E941C180F6}
		{4A45BBF7-A629-F262-AE07-69B9726010C3} = {3A69DF5F-2BB9-492E-BDB6-D5F4195AE211}
		{38CA15A4-3B1E-4A6C-B8A9-F7CD5534FA04} = {4A45BBF7-A629-F262-AE07-69B9726010C3}
		{B47DC2CA-1F6B-4027-A31C-17F07DA35BD3} = {4A45BBF7-A629-F262-AE07-69B9726010C3}
		{18B5DE0A-E5F7-444E-89F7-B75E404DCF18} = {4A45BBF7-A629-F262-AE07-69B9726010C3}
		{B667D8B1-A167-46BB-B218-4DA759F20651} = {4A45BBF7-A629-F262-AE07-69B9726010C3}
		{8C120278-4168-4995-8448-9D1B2A9194B2} = {4A45BBF7-A629-F262-AE07-69B9726010C3}
		{B06B848F-2C60-96F4-F472-51BA1E48B7CF} = {5854FF58-B8C5-05C6-5BF2-ACE42193F22B}
		{C81443C1-8484-4802-971F-C4DD399FDA8D} = {B06B848F-2C60-96F4-F472-51BA1E48B7CF}
		{923E38FD-33B7-42CD-8974-6209281E9968} = {B06B848F-2C60-96F4-F472-51BA1E48B7CF}
		{30509D74-056E-4475-A409-3733C215D640} = {B06B848F-2C60-96F4-F472-51BA1E48B7CF}
		{791E38C2-D212-4DF2-B8FE-7A9281A96189} = {B06B848F-2C60-96F4-F472-51BA1E48B7CF}
		{A37B3F0F-63C6-48E7-85CA-F1A2FF112168} = {B06B848F-2C60-96F4-F472-51BA1E48B7CF}
		{E968773F-A3F0-8B5A-CFB8-BE121AA8E63F} = {5854FF58-B8C5-05C6-5BF2-ACE42193F22B}
		{54D1991E-C30B-4097-89F4-8D02EFB6A8EA} = {E968773F-A3F0-8B5A-CFB8-BE121AA8E63F}
		{AFE81B9A-82BD-4B45-BFB9-735E95E04B10} = {E968773F-A3F0-8B5A-CFB8-BE121AA8E63F}
		{FE509362-89BB-4C4E-A3E6-1059FDA030AD} = {E968773F-A3F0-8B5A-CFB8-BE121AA8E63F}
		{6FF341C6-CE75-4BC6-8A80-D4473E50F6CB} = {E968773F-A3F0-8B5A-CFB8-BE121AA8E63F}
		{94F889DD-37AB-49D5-8576-D516B9512894} = {E968773F-A3F0-8B5A-CFB8-BE121AA8E63F}
		{4C4E5DC4-E04B-462E-843F-F308E4191EBD} = {7E695F2E-E568-46F4-A00F-4B0AC45D6B89}
		{9C6C2E8D-B123-D6B1-AB18-2FEDF06AAB5F} = {3A69DF5F-2BB9-492E-BDB6-D5F4195AE211}
		{F4F0E601-AB7D-48C2-9E36-BB7111E3B37F} = {9C6C2E8D-B123-D6B1-AB18-2FEDF06AAB5F}
		{574AF9A7-BAB3-478C-AF00-DDD6BF07CC40} = {9C6C2E8D-B123-D6B1-AB18-2FEDF06AAB5F}
		{15A4E5E3-D912-4EA0-A424-254E214CBBCF} = {9C6C2E8D-B123-D6B1-AB18-2FEDF06AAB5F}
		{33B706B2-3D6C-4E92-93A5-175CA5839C27} = {9C6C2E8D-B123-D6B1-AB18-2FEDF06AAB5F}
		{1E0833AD-D443-42C9-8BF7-DEE7B6FC08EB} = {9C6C2E8D-B123-D6B1-AB18-2FEDF06AAB5F}
		{6ED955B7-AB36-72EE-BA5E-A53FE8CE0FC2} = {3A69DF5F-2BB9-492E-BDB6-D5F4195AE211}
		{C5A42A0A-B289-4CEF-9A46-98A9D01F9EF4} = {6ED955B7-AB36-72EE-BA5E-A53FE8CE0FC2}
		{5B18B363-59B4-47E7-BF13-F32895526FD9} = {6ED955B7-AB36-72EE-BA5E-A53FE8CE0FC2}
		{FD09815C-6A69-4EB5-9ED6-BEB8DAA55A63} = {6ED955B7-AB36-72EE-BA5E-A53FE8CE0FC2}
		{50AF7F70-6852-4C09-943C-C2001A633791} = {6ED955B7-AB36-72EE-BA5E-A53FE8CE0FC2}
		{D7508EFF-D88F-4406-96CC-C4F2F0EE293F} = {6ED955B7-AB36-72EE-BA5E-A53FE8CE0FC2}
		{54308E5A-0DDE-44DB-A050-6E980642B115} = {0AB3BF05-4346-4AA6-1389-037BE0695223}
		{000ED243-DB42-4994-9926-8F8486C7865F} = {AA9EE0C7-4E1A-44BC-243C-C4E356DC2F3C}
		{8927E8CB-24F7-4FF5-A15E-622E0411CA52} = {AA9EE0C7-4E1A-44BC-243C-C4E356DC2F3C}
		{4533C78E-CCEF-4822-8A15-F9C5E76CD313} = {AA9EE0C7-4E1A-44BC-243C-C4E356DC2F3C}
		{713AB70E-9C34-4114-9A74-DAFBACDC0952} = {AA9EE0C7-4E1A-44BC-243C-C4E356DC2F3C}
		{D8B1EF8B-9267-4C82-8B9C-BD448C8EAB70} = {AA9EE0C7-4E1A-44BC-243C-C4E356DC2F3C}
		{954A01EE-8CF7-440C-90DE-9E147B91ECFD} = {7E695F2E-E568-46F4-A00F-4B0AC45D6B89}
		{6261DDAC-E425-4E53-8357-A6D53AB766A9} = {0AB3BF05-4346-4AA6-1389-037BE0695223}
		{756B722E-BB53-4BEF-870D-F286F8830B01} = {0AB3BF05-4346-4AA6-1389-037BE0695223}
		{D90C8C7C-1EA1-4B57-BD1B-F583C6DA4F34} = {0AB3BF05-4346-4AA6-1389-037BE0695223}
		{2D1D9B4B-4EBA-481B-87C0-A1C12AFE6B7F} = {0AB3BF05-4346-4AA6-1389-037BE0695223}
		{9D1D15A2-400F-4F9C-9C11-A25A2A83938C} = {7E695F2E-E568-46F4-A00F-4B0AC45D6B89}
		{9D556B49-86D1-93A7-9596-FFAAB74EC556} = {0AB3BF05-4346-4AA6-1389-037BE0695223}
		{F1E820B0-60F0-47D3-8484-C03C1F427E91} = {9D556B49-86D1-93A7-9596-FFAAB74EC556}
		{B7D4A06B-3F50-4AC0-B236-1A21226A58F2} = {7E695F2E-E568-46F4-A00F-4B0AC45D6B89}
		{81BE22A1-0871-4E0C-88B2-87924ABFAC71} = {9D556B49-86D1-93A7-9596-FFAAB74EC556}
		{7DFCE8D2-3811-41B1-AD65-72DDFA5652DD} = {9D556B49-86D1-93A7-9596-FFAAB74EC556}
		{28A6993C-471E-82FE-7D9E-AD3B1EC22BD9} = {0AB3BF05-4346-4AA6-1389-037BE0695223}
		{ACBD62FB-6E0E-4731-9202-341C610BFA2E} = {28A6993C-471E-82FE-7D9E-AD3B1EC22BD9}
		{236476CD-29B5-42BB-8F50-4BDBC57010F4} = {9D556B49-86D1-93A7-9596-FFAAB74EC556}
		{29CC7C8C-2661-4A1D-87D6-3D3E0DAC511A} = {BC32782B-3DC9-3934-259F-F436AC525407}
		{A2F7E6DE-1B24-4603-9E51-4FBC2B2B9CDF} = {BC32782B-3DC9-3934-259F-F436AC525407}
		{9E79262F-569C-48FB-8F30-AFE530442D7E} = {BC32782B-3DC9-3934-259F-F436AC525407}
		{C25299CA-49AC-43FF-80BD-9E0FA5A01AAD} = {BC32782B-3DC9-3934-259F-F436AC525407}
		{1B73E754-E6D1-48B8-BE5F-0C837FBBBBEE} = {BC32782B-3DC9-3934-259F-F436AC525407}
		{60937C9B-4477-A58E-E305-B3069E16F0C3} = {5854FF58-B8C5-05C6-5BF2-ACE42193F22B}
		{12599FFA-7D7D-4C53-B272-059ADCACDFE1} = {60937C9B-4477-A58E-E305-B3069E16F0C3}
		{7ED47B0C-FE96-4F0B-AF04-06FF1789170C} = {60937C9B-4477-A58E-E305-B3069E16F0C3}
		{3F0737B1-46AC-434E-A1E4-539A6C9830BF} = {60937C9B-4477-A58E-E305-B3069E16F0C3}
		{143871E1-B5B4-4D68-B98D-BA1CBDCD13EB} = {60937C9B-4477-A58E-E305-B3069E16F0C3}
		{3267479D-F587-45EE-B224-1E907D63C82A} = {60937C9B-4477-A58E-E305-B3069E16F0C3}
		{987357F8-10C1-4E8A-A12A-EDAAA0173CB8} = {59E94403-2D99-750A-1EA4-0C1FA3AC95B2}
	EndGlobalSection
EndGlobal
