
Microsoft Visual Studio Solution File, Format Version 12.00
# Visual Studio Version 17
VisualStudioVersion = 17.0.31903.59
MinimumVisualStudioVersion = 10.0.40219.1
Project("{FAE04EC0-301F-11D3-BF4B-00C04F79EFBC}") = "Auth.Domain", "Auth.Domain\Auth.Domain.csproj", "{313537DF-EE10-4AFC-B8C3-A5BFD7E76F27}"
EndProject
Project("{FAE04EC0-301F-11D3-BF4B-00C04F79EFBC}") = "BuildingBlock.Domain", "..\..\BuildingBlocks\BuildingBlock.Domain\BuildingBlock.Domain.csproj", "{79186C5E-E6F9-409B-BD95-94A4DA68BF0D}"
EndProject
Project("{FAE04EC0-301F-11D3-BF4B-00C04F79EFBC}") = "BuildingBlock.SharedKernel", "..\..\BuildingBlocks\BuildingBlock.SharedKernel\BuildingBlock.SharedKernel.csproj", "{B794FCA9-B5C6-4D9E-A0AB-924B0C81DF66}"
EndProject
Project("{FAE04EC0-301F-11D3-BF4B-00C04F79EFBC}") = "Auth.Application", "Auth.Application\Auth.Application.csproj", "{71A21FA3-6956-4A9B-8398-C47F89E1D4E2}"
EndProject
Project("{FAE04EC0-301F-11D3-BF4B-00C04F79EFBC}") = "BuildingBlock.Application", "..\..\BuildingBlocks\BuildingBlock.Application\BuildingBlock.Application.csproj", "{2858710B-10D6-4F2D-9DB3-2AC3BDB1649E}"
EndProject
Project("{FAE04EC0-301F-11D3-BF4B-00C04F79EFBC}") = "BuildingBlock.Contract", "..\..\BuildingBlocks\BuildingBlock.Contract\BuildingBlock.Contract.csproj", "{AE569040-0398-435F-92E9-E38AC84ECCBA}"
EndProject
Project("{FAE04EC0-301F-11D3-BF4B-00C04F79EFBC}") = "BuildingBlock.Criteria", "..\..\BuildingBlocks\BuildingBlock.Criteria\BuildingBlock.Criteria.csproj", "{DE558D5F-4359-43DA-AFB6-9A07A579BF1C}"
EndProject
Project("{FAE04EC0-301F-11D3-BF4B-00C04F79EFBC}") = "BuildingBlock.Messaging", "..\..\BuildingBlocks\BuildingBlock.Messaging\BuildingBlock.Messaging.csproj", "{D7490386-D1CA-41FA-AF54-2280240294C0}"
EndProject
Project("{FAE04EC0-301F-11D3-BF4B-00C04F79EFBC}") = "Auth.Infrastructure", "Auth.Infrastructure\Auth.Infrastructure.csproj", "{3580A602-887E-4497-A8AA-2EA5FE23D296}"
EndProject
Project("{FAE04EC0-301F-11D3-BF4B-00C04F79EFBC}") = "BuildingBlock.Infrastructure", "..\..\BuildingBlocks\BuildingBlock.Infrastructure\BuildingBlock.Infrastructure.csproj", "{75A03527-D061-4891-A89C-430A166D2D6A}"
EndProject
Project("{FAE04EC0-301F-11D3-BF4B-00C04F79EFBC}") = "BuildingBlock.Observability", "..\..\BuildingBlocks\BuildingBlock.Observability\BuildingBlock.Observability.csproj", "{296D126F-F671-4D72-960A-70691F4B91C6}"
EndProject
Project("{FAE04EC0-301F-11D3-BF4B-00C04F79EFBC}") = "BuildingBlock.Grpc", "..\..\BuildingBlocks\BuildingBlock.Grpc\BuildingBlock.Grpc.csproj", "{11AF9558-9F89-4184-8E76-32E0AF88F285}"
EndProject
Project("{FAE04EC0-301F-11D3-BF4B-00C04F79EFBC}") = "BuildingBlock.Messaging.Kafka", "..\..\BuildingBlocks\BuildingBlock.Messaging.Kafka\BuildingBlock.Messaging.Kafka.csproj", "{CB697CC5-7672-4773-8E72-B168A495229A}"
EndProject
Project("{FAE04EC0-301F-11D3-BF4B-00C04F79EFBC}") = "Auth.Persistence", "Auth.Persistence\Auth.Persistence.csproj", "{BDB3D1EA-C22C-4C2B-A6AA-EFA174FE9C5E}"
EndProject
Project("{FAE04EC0-301F-11D3-BF4B-00C04F79EFBC}") = "BuildingBlock.Persistence", "..\..\BuildingBlocks\BuildingBlock.Persistence\BuildingBlock.Persistence.csproj", "{4E02EE8D-BB9A-4BE0-A540-899CBE058DCC}"
EndProject
Project("{FAE04EC0-301F-11D3-BF4B-00C04F79EFBC}") = "BuildingBlock.Persistence.Ef", "..\..\BuildingBlocks\BuildingBlock.Persistence.Ef\BuildingBlock.Persistence.Ef.csproj", "{58340142-B3CB-4C82-B75E-7D32C14D279A}"
EndProject
Project("{FAE04EC0-301F-11D3-BF4B-00C04F79EFBC}") = "Auth.API", "Auth.API\Auth.API.csproj", "{02BD5ED2-C39E-4451-85E0-BC812499C341}"
EndProject
Project("{FAE04EC0-301F-11D3-BF4B-00C04F79EFBC}") = "BuildingBlock.Web", "..\..\BuildingBlocks\BuildingBlock.Web\BuildingBlock.Web.csproj", "{BDF7C167-6370-45DD-B2A9-E7A95DFCE6AB}"
EndProject
Project("{FAE04EC0-301F-11D3-BF4B-00C04F79EFBC}") = "Auth.Application.Tests", "..\..\..\tests\unit\Auth.Application.Tests\Auth.Application.Tests.csproj", "{9A398927-F423-484B-AE94-4DCE1EFD495D}"
EndProject
Project("{FAE04EC0-301F-11D3-BF4B-00C04F79EFBC}") = "NovaCore.TestKit", "..\..\..\tests\unit\Common\NovaCore.TestKit\NovaCore.TestKit.csproj", "{E2E893EE-ABDF-464F-96B7-94C5116963BB}"
EndProject
Project("{2150E333-8FDC-42A3-9474-1A3956D46DE8}") = "Gateway", "Gateway", "{E7BDDBC6-9FD1-D1D7-ACD8-2C4F8E3D2461}"
EndProject
Project("{FAE04EC0-301F-11D3-BF4B-00C04F79EFBC}") = "YarpApiGateway", "..\..\ApiGateways\YarpApiGateway\YarpApiGateway.csproj", "{8782F76E-544A-41CF-B9CA-DBEEB12BA911}"
EndProject
Project("{FAE04EC0-301F-11D3-BF4B-00C04F79EFBC}") = "Auth.DbMigrator", "Auth.DbMigrator\Auth.DbMigrator.csproj", "{EB80C3FD-EDD8-4B5D-BEA4-AA3A5C7342D2}"
EndProject
Global
	GlobalSection(SolutionConfigurationPlatforms) = preSolution
		Debug|Any CPU = Debug|Any CPU
		Debug|x64 = Debug|x64
		Debug|x86 = Debug|x86
		Release|Any CPU = Release|Any CPU
		Release|x64 = Release|x64
		Release|x86 = Release|x86
	EndGlobalSection
	GlobalSection(ProjectConfigurationPlatforms) = postSolution
		{313537DF-EE10-4AFC-B8C3-A5BFD7E76F27}.Debug|Any CPU.ActiveCfg = Debug|Any CPU
		{313537DF-EE10-4AFC-B8C3-A5BFD7E76F27}.Debug|Any CPU.Build.0 = Debug|Any CPU
		{313537DF-EE10-4AFC-B8C3-A5BFD7E76F27}.Debug|x64.ActiveCfg = Debug|Any CPU
		{313537DF-EE10-4AFC-B8C3-A5BFD7E76F27}.Debug|x64.Build.0 = Debug|Any CPU
		{313537DF-EE10-4AFC-B8C3-A5BFD7E76F27}.Debug|x86.ActiveCfg = Debug|Any CPU
		{313537DF-EE10-4AFC-B8C3-A5BFD7E76F27}.Debug|x86.Build.0 = Debug|Any CPU
		{313537DF-EE10-4AFC-B8C3-A5BFD7E76F27}.Release|Any CPU.ActiveCfg = Release|Any CPU
		{313537DF-EE10-4AFC-B8C3-A5BFD7E76F27}.Release|Any CPU.Build.0 = Release|Any CPU
		{313537DF-EE10-4AFC-B8C3-A5BFD7E76F27}.Release|x64.ActiveCfg = Release|Any CPU
		{313537DF-EE10-4AFC-B8C3-A5BFD7E76F27}.Release|x64.Build.0 = Release|Any CPU
		{313537DF-EE10-4AFC-B8C3-A5BFD7E76F27}.Release|x86.ActiveCfg = Release|Any CPU
		{313537DF-EE10-4AFC-B8C3-A5BFD7E76F27}.Release|x86.Build.0 = Release|Any CPU
		{79186C5E-E6F9-409B-BD95-94A4DA68BF0D}.Debug|Any CPU.ActiveCfg = Debug|Any CPU
		{79186C5E-E6F9-409B-BD95-94A4DA68BF0D}.Debug|Any CPU.Build.0 = Debug|Any CPU
		{79186C5E-E6F9-409B-BD95-94A4DA68BF0D}.Debug|x64.ActiveCfg = Debug|Any CPU
		{79186C5E-E6F9-409B-BD95-94A4DA68BF0D}.Debug|x64.Build.0 = Debug|Any CPU
		{79186C5E-E6F9-409B-BD95-94A4DA68BF0D}.Debug|x86.ActiveCfg = Debug|Any CPU
		{79186C5E-E6F9-409B-BD95-94A4DA68BF0D}.Debug|x86.Build.0 = Debug|Any CPU
		{79186C5E-E6F9-409B-BD95-94A4DA68BF0D}.Release|Any CPU.ActiveCfg = Release|Any CPU
		{79186C5E-E6F9-409B-BD95-94A4DA68BF0D}.Release|Any CPU.Build.0 = Release|Any CPU
		{79186C5E-E6F9-409B-BD95-94A4DA68BF0D}.Release|x64.ActiveCfg = Release|Any CPU
		{79186C5E-E6F9-409B-BD95-94A4DA68BF0D}.Release|x64.Build.0 = Release|Any CPU
		{79186C5E-E6F9-409B-BD95-94A4DA68BF0D}.Release|x86.ActiveCfg = Release|Any CPU
		{79186C5E-E6F9-409B-BD95-94A4DA68BF0D}.Release|x86.Build.0 = Release|Any CPU
		{B794FCA9-B5C6-4D9E-A0AB-924B0C81DF66}.Debug|Any CPU.ActiveCfg = Debug|Any CPU
		{B794FCA9-B5C6-4D9E-A0AB-924B0C81DF66}.Debug|Any CPU.Build.0 = Debug|Any CPU
		{B794FCA9-B5C6-4D9E-A0AB-924B0C81DF66}.Debug|x64.ActiveCfg = Debug|Any CPU
		{B794FCA9-B5C6-4D9E-A0AB-924B0C81DF66}.Debug|x64.Build.0 = Debug|Any CPU
		{B794FCA9-B5C6-4D9E-A0AB-924B0C81DF66}.Debug|x86.ActiveCfg = Debug|Any CPU
		{B794FCA9-B5C6-4D9E-A0AB-924B0C81DF66}.Debug|x86.Build.0 = Debug|Any CPU
		{B794FCA9-B5C6-4D9E-A0AB-924B0C81DF66}.Release|Any CPU.ActiveCfg = Release|Any CPU
		{B794FCA9-B5C6-4D9E-A0AB-924B0C81DF66}.Release|Any CPU.Build.0 = Release|Any CPU
		{B794FCA9-B5C6-4D9E-A0AB-924B0C81DF66}.Release|x64.ActiveCfg = Release|Any CPU
		{B794FCA9-B5C6-4D9E-A0AB-924B0C81DF66}.Release|x64.Build.0 = Release|Any CPU
		{B794FCA9-B5C6-4D9E-A0AB-924B0C81DF66}.Release|x86.ActiveCfg = Release|Any CPU
		{B794FCA9-B5C6-4D9E-A0AB-924B0C81DF66}.Release|x86.Build.0 = Release|Any CPU
		{71A21FA3-6956-4A9B-8398-C47F89E1D4E2}.Debug|Any CPU.ActiveCfg = Debug|Any CPU
		{71A21FA3-6956-4A9B-8398-C47F89E1D4E2}.Debug|Any CPU.Build.0 = Debug|Any CPU
		{71A21FA3-6956-4A9B-8398-C47F89E1D4E2}.Debug|x64.ActiveCfg = Debug|Any CPU
		{71A21FA3-6956-4A9B-8398-C47F89E1D4E2}.Debug|x64.Build.0 = Debug|Any CPU
		{71A21FA3-6956-4A9B-8398-C47F89E1D4E2}.Debug|x86.ActiveCfg = Debug|Any CPU
		{71A21FA3-6956-4A9B-8398-C47F89E1D4E2}.Debug|x86.Build.0 = Debug|Any CPU
		{71A21FA3-6956-4A9B-8398-C47F89E1D4E2}.Release|Any CPU.ActiveCfg = Release|Any CPU
		{71A21FA3-6956-4A9B-8398-C47F89E1D4E2}.Release|Any CPU.Build.0 = Release|Any CPU
		{71A21FA3-6956-4A9B-8398-C47F89E1D4E2}.Release|x64.ActiveCfg = Release|Any CPU
		{71A21FA3-6956-4A9B-8398-C47F89E1D4E2}.Release|x64.Build.0 = Release|Any CPU
		{71A21FA3-6956-4A9B-8398-C47F89E1D4E2}.Release|x86.ActiveCfg = Release|Any CPU
		{71A21FA3-6956-4A9B-8398-C47F89E1D4E2}.Release|x86.Build.0 = Release|Any CPU
		{2858710B-10D6-4F2D-9DB3-2AC3BDB1649E}.Debug|Any CPU.ActiveCfg = Debug|Any CPU
		{2858710B-10D6-4F2D-9DB3-2AC3BDB1649E}.Debug|Any CPU.Build.0 = Debug|Any CPU
		{2858710B-10D6-4F2D-9DB3-2AC3BDB1649E}.Debug|x64.ActiveCfg = Debug|Any CPU
		{2858710B-10D6-4F2D-9DB3-2AC3BDB1649E}.Debug|x64.Build.0 = Debug|Any CPU
		{2858710B-10D6-4F2D-9DB3-2AC3BDB1649E}.Debug|x86.ActiveCfg = Debug|Any CPU
		{2858710B-10D6-4F2D-9DB3-2AC3BDB1649E}.Debug|x86.Build.0 = Debug|Any CPU
		{2858710B-10D6-4F2D-9DB3-2AC3BDB1649E}.Release|Any CPU.ActiveCfg = Release|Any CPU
		{2858710B-10D6-4F2D-9DB3-2AC3BDB1649E}.Release|Any CPU.Build.0 = Release|Any CPU
		{2858710B-10D6-4F2D-9DB3-2AC3BDB1649E}.Release|x64.ActiveCfg = Release|Any CPU
		{2858710B-10D6-4F2D-9DB3-2AC3BDB1649E}.Release|x64.Build.0 = Release|Any CPU
		{2858710B-10D6-4F2D-9DB3-2AC3BDB1649E}.Release|x86.ActiveCfg = Release|Any CPU
		{2858710B-10D6-4F2D-9DB3-2AC3BDB1649E}.Release|x86.Build.0 = Release|Any CPU
		{AE569040-0398-435F-92E9-E38AC84ECCBA}.Debug|Any CPU.ActiveCfg = Debug|Any CPU
		{AE569040-0398-435F-92E9-E38AC84ECCBA}.Debug|Any CPU.Build.0 = Debug|Any CPU
		{AE569040-0398-435F-92E9-E38AC84ECCBA}.Debug|x64.ActiveCfg = Debug|Any CPU
		{AE569040-0398-435F-92E9-E38AC84ECCBA}.Debug|x64.Build.0 = Debug|Any CPU
		{AE569040-0398-435F-92E9-E38AC84ECCBA}.Debug|x86.ActiveCfg = Debug|Any CPU
		{AE569040-0398-435F-92E9-E38AC84ECCBA}.Debug|x86.Build.0 = Debug|Any CPU
		{AE569040-0398-435F-92E9-E38AC84ECCBA}.Release|Any CPU.ActiveCfg = Release|Any CPU
		{AE569040-0398-435F-92E9-E38AC84ECCBA}.Release|Any CPU.Build.0 = Release|Any CPU
		{AE569040-0398-435F-92E9-E38AC84ECCBA}.Release|x64.ActiveCfg = Release|Any CPU
		{AE569040-0398-435F-92E9-E38AC84ECCBA}.Release|x64.Build.0 = Release|Any CPU
		{AE569040-0398-435F-92E9-E38AC84ECCBA}.Release|x86.ActiveCfg = Release|Any CPU
		{AE569040-0398-435F-92E9-E38AC84ECCBA}.Release|x86.Build.0 = Release|Any CPU
		{DE558D5F-4359-43DA-AFB6-9A07A579BF1C}.Debug|Any CPU.ActiveCfg = Debug|Any CPU
		{DE558D5F-4359-43DA-AFB6-9A07A579BF1C}.Debug|Any CPU.Build.0 = Debug|Any CPU
		{DE558D5F-4359-43DA-AFB6-9A07A579BF1C}.Debug|x64.ActiveCfg = Debug|Any CPU
		{DE558D5F-4359-43DA-AFB6-9A07A579BF1C}.Debug|x64.Build.0 = Debug|Any CPU
		{DE558D5F-4359-43DA-AFB6-9A07A579BF1C}.Debug|x86.ActiveCfg = Debug|Any CPU
		{DE558D5F-4359-43DA-AFB6-9A07A579BF1C}.Debug|x86.Build.0 = Debug|Any CPU
		{DE558D5F-4359-43DA-AFB6-9A07A579BF1C}.Release|Any CPU.ActiveCfg = Release|Any CPU
		{DE558D5F-4359-43DA-AFB6-9A07A579BF1C}.Release|Any CPU.Build.0 = Release|Any CPU
		{DE558D5F-4359-43DA-AFB6-9A07A579BF1C}.Release|x64.ActiveCfg = Release|Any CPU
		{DE558D5F-4359-43DA-AFB6-9A07A579BF1C}.Release|x64.Build.0 = Release|Any CPU
		{DE558D5F-4359-43DA-AFB6-9A07A579BF1C}.Release|x86.ActiveCfg = Release|Any CPU
		{DE558D5F-4359-43DA-AFB6-9A07A579BF1C}.Release|x86.Build.0 = Release|Any CPU
		{D7490386-D1CA-41FA-AF54-2280240294C0}.Debug|Any CPU.ActiveCfg = Debug|Any CPU
		{D7490386-D1CA-41FA-AF54-2280240294C0}.Debug|Any CPU.Build.0 = Debug|Any CPU
		{D7490386-D1CA-41FA-AF54-2280240294C0}.Debug|x64.ActiveCfg = Debug|Any CPU
		{D7490386-D1CA-41FA-AF54-2280240294C0}.Debug|x64.Build.0 = Debug|Any CPU
		{D7490386-D1CA-41FA-AF54-2280240294C0}.Debug|x86.ActiveCfg = Debug|Any CPU
		{D7490386-D1CA-41FA-AF54-2280240294C0}.Debug|x86.Build.0 = Debug|Any CPU
		{D7490386-D1CA-41FA-AF54-2280240294C0}.Release|Any CPU.ActiveCfg = Release|Any CPU
		{D7490386-D1CA-41FA-AF54-2280240294C0}.Release|Any CPU.Build.0 = Release|Any CPU
		{D7490386-D1CA-41FA-AF54-2280240294C0}.Release|x64.ActiveCfg = Release|Any CPU
		{D7490386-D1CA-41FA-AF54-2280240294C0}.Release|x64.Build.0 = Release|Any CPU
		{D7490386-D1CA-41FA-AF54-2280240294C0}.Release|x86.ActiveCfg = Release|Any CPU
		{D7490386-D1CA-41FA-AF54-2280240294C0}.Release|x86.Build.0 = Release|Any CPU
		{3580A602-887E-4497-A8AA-2EA5FE23D296}.Debug|Any CPU.ActiveCfg = Debug|Any CPU
		{3580A602-887E-4497-A8AA-2EA5FE23D296}.Debug|Any CPU.Build.0 = Debug|Any CPU
		{3580A602-887E-4497-A8AA-2EA5FE23D296}.Debug|x64.ActiveCfg = Debug|Any CPU
		{3580A602-887E-4497-A8AA-2EA5FE23D296}.Debug|x64.Build.0 = Debug|Any CPU
		{3580A602-887E-4497-A8AA-2EA5FE23D296}.Debug|x86.ActiveCfg = Debug|Any CPU
		{3580A602-887E-4497-A8AA-2EA5FE23D296}.Debug|x86.Build.0 = Debug|Any CPU
		{3580A602-887E-4497-A8AA-2EA5FE23D296}.Release|Any CPU.ActiveCfg = Release|Any CPU
		{3580A602-887E-4497-A8AA-2EA5FE23D296}.Release|Any CPU.Build.0 = Release|Any CPU
		{3580A602-887E-4497-A8AA-2EA5FE23D296}.Release|x64.ActiveCfg = Release|Any CPU
		{3580A602-887E-4497-A8AA-2EA5FE23D296}.Release|x64.Build.0 = Release|Any CPU
		{3580A602-887E-4497-A8AA-2EA5FE23D296}.Release|x86.ActiveCfg = Release|Any CPU
		{3580A602-887E-4497-A8AA-2EA5FE23D296}.Release|x86.Build.0 = Release|Any CPU
		{75A03527-D061-4891-A89C-430A166D2D6A}.Debug|Any CPU.ActiveCfg = Debug|Any CPU
		{75A03527-D061-4891-A89C-430A166D2D6A}.Debug|Any CPU.Build.0 = Debug|Any CPU
		{75A03527-D061-4891-A89C-430A166D2D6A}.Debug|x64.ActiveCfg = Debug|Any CPU
		{75A03527-D061-4891-A89C-430A166D2D6A}.Debug|x64.Build.0 = Debug|Any CPU
		{75A03527-D061-4891-A89C-430A166D2D6A}.Debug|x86.ActiveCfg = Debug|Any CPU
		{75A03527-D061-4891-A89C-430A166D2D6A}.Debug|x86.Build.0 = Debug|Any CPU
		{75A03527-D061-4891-A89C-430A166D2D6A}.Release|Any CPU.ActiveCfg = Release|Any CPU
		{75A03527-D061-4891-A89C-430A166D2D6A}.Release|Any CPU.Build.0 = Release|Any CPU
		{75A03527-D061-4891-A89C-430A166D2D6A}.Release|x64.ActiveCfg = Release|Any CPU
		{75A03527-D061-4891-A89C-430A166D2D6A}.Release|x64.Build.0 = Release|Any CPU
		{75A03527-D061-4891-A89C-430A166D2D6A}.Release|x86.ActiveCfg = Release|Any CPU
		{75A03527-D061-4891-A89C-430A166D2D6A}.Release|x86.Build.0 = Release|Any CPU
		{296D126F-F671-4D72-960A-70691F4B91C6}.Debug|Any CPU.ActiveCfg = Debug|Any CPU
		{296D126F-F671-4D72-960A-70691F4B91C6}.Debug|Any CPU.Build.0 = Debug|Any CPU
		{296D126F-F671-4D72-960A-70691F4B91C6}.Debug|x64.ActiveCfg = Debug|Any CPU
		{296D126F-F671-4D72-960A-70691F4B91C6}.Debug|x64.Build.0 = Debug|Any CPU
		{296D126F-F671-4D72-960A-70691F4B91C6}.Debug|x86.ActiveCfg = Debug|Any CPU
		{296D126F-F671-4D72-960A-70691F4B91C6}.Debug|x86.Build.0 = Debug|Any CPU
		{296D126F-F671-4D72-960A-70691F4B91C6}.Release|Any CPU.ActiveCfg = Release|Any CPU
		{296D126F-F671-4D72-960A-70691F4B91C6}.Release|Any CPU.Build.0 = Release|Any CPU
		{296D126F-F671-4D72-960A-70691F4B91C6}.Release|x64.ActiveCfg = Release|Any CPU
		{296D126F-F671-4D72-960A-70691F4B91C6}.Release|x64.Build.0 = Release|Any CPU
		{296D126F-F671-4D72-960A-70691F4B91C6}.Release|x86.ActiveCfg = Release|Any CPU
		{296D126F-F671-4D72-960A-70691F4B91C6}.Release|x86.Build.0 = Release|Any CPU
		{11AF9558-9F89-4184-8E76-32E0AF88F285}.Debug|Any CPU.ActiveCfg = Debug|Any CPU
		{11AF9558-9F89-4184-8E76-32E0AF88F285}.Debug|Any CPU.Build.0 = Debug|Any CPU
		{11AF9558-9F89-4184-8E76-32E0AF88F285}.Debug|x64.ActiveCfg = Debug|Any CPU
		{11AF9558-9F89-4184-8E76-32E0AF88F285}.Debug|x64.Build.0 = Debug|Any CPU
		{11AF9558-9F89-4184-8E76-32E0AF88F285}.Debug|x86.ActiveCfg = Debug|Any CPU
		{11AF9558-9F89-4184-8E76-32E0AF88F285}.Debug|x86.Build.0 = Debug|Any CPU
		{11AF9558-9F89-4184-8E76-32E0AF88F285}.Release|Any CPU.ActiveCfg = Release|Any CPU
		{11AF9558-9F89-4184-8E76-32E0AF88F285}.Release|Any CPU.Build.0 = Release|Any CPU
		{11AF9558-9F89-4184-8E76-32E0AF88F285}.Release|x64.ActiveCfg = Release|Any CPU
		{11AF9558-9F89-4184-8E76-32E0AF88F285}.Release|x64.Build.0 = Release|Any CPU
		{11AF9558-9F89-4184-8E76-32E0AF88F285}.Release|x86.ActiveCfg = Release|Any CPU
		{11AF9558-9F89-4184-8E76-32E0AF88F285}.Release|x86.Build.0 = Release|Any CPU
		{CB697CC5-7672-4773-8E72-B168A495229A}.Debug|Any CPU.ActiveCfg = Debug|Any CPU
		{CB697CC5-7672-4773-8E72-B168A495229A}.Debug|Any CPU.Build.0 = Debug|Any CPU
		{CB697CC5-7672-4773-8E72-B168A495229A}.Debug|x64.ActiveCfg = Debug|Any CPU
		{CB697CC5-7672-4773-8E72-B168A495229A}.Debug|x64.Build.0 = Debug|Any CPU
		{CB697CC5-7672-4773-8E72-B168A495229A}.Debug|x86.ActiveCfg = Debug|Any CPU
		{CB697CC5-7672-4773-8E72-B168A495229A}.Debug|x86.Build.0 = Debug|Any CPU
		{CB697CC5-7672-4773-8E72-B168A495229A}.Release|Any CPU.ActiveCfg = Release|Any CPU
		{CB697CC5-7672-4773-8E72-B168A495229A}.Release|Any CPU.Build.0 = Release|Any CPU
		{CB697CC5-7672-4773-8E72-B168A495229A}.Release|x64.ActiveCfg = Release|Any CPU
		{CB697CC5-7672-4773-8E72-B168A495229A}.Release|x64.Build.0 = Release|Any CPU
		{CB697CC5-7672-4773-8E72-B168A495229A}.Release|x86.ActiveCfg = Release|Any CPU
		{CB697CC5-7672-4773-8E72-B168A495229A}.Release|x86.Build.0 = Release|Any CPU
		{BDB3D1EA-C22C-4C2B-A6AA-EFA174FE9C5E}.Debug|Any CPU.ActiveCfg = Debug|Any CPU
		{BDB3D1EA-C22C-4C2B-A6AA-EFA174FE9C5E}.Debug|Any CPU.Build.0 = Debug|Any CPU
		{BDB3D1EA-C22C-4C2B-A6AA-EFA174FE9C5E}.Debug|x64.ActiveCfg = Debug|Any CPU
		{BDB3D1EA-C22C-4C2B-A6AA-EFA174FE9C5E}.Debug|x64.Build.0 = Debug|Any CPU
		{BDB3D1EA-C22C-4C2B-A6AA-EFA174FE9C5E}.Debug|x86.ActiveCfg = Debug|Any CPU
		{BDB3D1EA-C22C-4C2B-A6AA-EFA174FE9C5E}.Debug|x86.Build.0 = Debug|Any CPU
		{BDB3D1EA-C22C-4C2B-A6AA-EFA174FE9C5E}.Release|Any CPU.ActiveCfg = Release|Any CPU
		{BDB3D1EA-C22C-4C2B-A6AA-EFA174FE9C5E}.Release|Any CPU.Build.0 = Release|Any CPU
		{BDB3D1EA-C22C-4C2B-A6AA-EFA174FE9C5E}.Release|x64.ActiveCfg = Release|Any CPU
		{BDB3D1EA-C22C-4C2B-A6AA-EFA174FE9C5E}.Release|x64.Build.0 = Release|Any CPU
		{BDB3D1EA-C22C-4C2B-A6AA-EFA174FE9C5E}.Release|x86.ActiveCfg = Release|Any CPU
		{BDB3D1EA-C22C-4C2B-A6AA-EFA174FE9C5E}.Release|x86.Build.0 = Release|Any CPU
		{4E02EE8D-BB9A-4BE0-A540-899CBE058DCC}.Debug|Any CPU.ActiveCfg = Debug|Any CPU
		{4E02EE8D-BB9A-4BE0-A540-899CBE058DCC}.Debug|Any CPU.Build.0 = Debug|Any CPU
		{4E02EE8D-BB9A-4BE0-A540-899CBE058DCC}.Debug|x64.ActiveCfg = Debug|Any CPU
		{4E02EE8D-BB9A-4BE0-A540-899CBE058DCC}.Debug|x64.Build.0 = Debug|Any CPU
		{4E02EE8D-BB9A-4BE0-A540-899CBE058DCC}.Debug|x86.ActiveCfg = Debug|Any CPU
		{4E02EE8D-BB9A-4BE0-A540-899CBE058DCC}.Debug|x86.Build.0 = Debug|Any CPU
		{4E02EE8D-BB9A-4BE0-A540-899CBE058DCC}.Release|Any CPU.ActiveCfg = Release|Any CPU
		{4E02EE8D-BB9A-4BE0-A540-899CBE058DCC}.Release|Any CPU.Build.0 = Release|Any CPU
		{4E02EE8D-BB9A-4BE0-A540-899CBE058DCC}.Release|x64.ActiveCfg = Release|Any CPU
		{4E02EE8D-BB9A-4BE0-A540-899CBE058DCC}.Release|x64.Build.0 = Release|Any CPU
		{4E02EE8D-BB9A-4BE0-A540-899CBE058DCC}.Release|x86.ActiveCfg = Release|Any CPU
		{4E02EE8D-BB9A-4BE0-A540-899CBE058DCC}.Release|x86.Build.0 = Release|Any CPU
		{58340142-B3CB-4C82-B75E-7D32C14D279A}.Debug|Any CPU.ActiveCfg = Debug|Any CPU
		{58340142-B3CB-4C82-B75E-7D32C14D279A}.Debug|Any CPU.Build.0 = Debug|Any CPU
		{58340142-B3CB-4C82-B75E-7D32C14D279A}.Debug|x64.ActiveCfg = Debug|Any CPU
		{58340142-B3CB-4C82-B75E-7D32C14D279A}.Debug|x64.Build.0 = Debug|Any CPU
		{58340142-B3CB-4C82-B75E-7D32C14D279A}.Debug|x86.ActiveCfg = Debug|Any CPU
		{58340142-B3CB-4C82-B75E-7D32C14D279A}.Debug|x86.Build.0 = Debug|Any CPU
		{58340142-B3CB-4C82-B75E-7D32C14D279A}.Release|Any CPU.ActiveCfg = Release|Any CPU
		{58340142-B3CB-4C82-B75E-7D32C14D279A}.Release|Any CPU.Build.0 = Release|Any CPU
		{58340142-B3CB-4C82-B75E-7D32C14D279A}.Release|x64.ActiveCfg = Release|Any CPU
		{58340142-B3CB-4C82-B75E-7D32C14D279A}.Release|x64.Build.0 = Release|Any CPU
		{58340142-B3CB-4C82-B75E-7D32C14D279A}.Release|x86.ActiveCfg = Release|Any CPU
		{58340142-B3CB-4C82-B75E-7D32C14D279A}.Release|x86.Build.0 = Release|Any CPU
		{02BD5ED2-C39E-4451-85E0-BC812499C341}.Debug|Any CPU.ActiveCfg = Debug|Any CPU
		{02BD5ED2-C39E-4451-85E0-BC812499C341}.Debug|Any CPU.Build.0 = Debug|Any CPU
		{02BD5ED2-C39E-4451-85E0-BC812499C341}.Debug|x64.ActiveCfg = Debug|Any CPU
		{02BD5ED2-C39E-4451-85E0-BC812499C341}.Debug|x64.Build.0 = Debug|Any CPU
		{02BD5ED2-C39E-4451-85E0-BC812499C341}.Debug|x86.ActiveCfg = Debug|Any CPU
		{02BD5ED2-C39E-4451-85E0-BC812499C341}.Debug|x86.Build.0 = Debug|Any CPU
		{02BD5ED2-C39E-4451-85E0-BC812499C341}.Release|Any CPU.ActiveCfg = Release|Any CPU
		{02BD5ED2-C39E-4451-85E0-BC812499C341}.Release|Any CPU.Build.0 = Release|Any CPU
		{02BD5ED2-C39E-4451-85E0-BC812499C341}.Release|x64.ActiveCfg = Release|Any CPU
		{02BD5ED2-C39E-4451-85E0-BC812499C341}.Release|x64.Build.0 = Release|Any CPU
		{02BD5ED2-C39E-4451-85E0-BC812499C341}.Release|x86.ActiveCfg = Release|Any CPU
		{02BD5ED2-C39E-4451-85E0-BC812499C341}.Release|x86.Build.0 = Release|Any CPU
		{BDF7C167-6370-45DD-B2A9-E7A95DFCE6AB}.Debug|Any CPU.ActiveCfg = Debug|Any CPU
		{BDF7C167-6370-45DD-B2A9-E7A95DFCE6AB}.Debug|Any CPU.Build.0 = Debug|Any CPU
		{BDF7C167-6370-45DD-B2A9-E7A95DFCE6AB}.Debug|x64.ActiveCfg = Debug|Any CPU
		{BDF7C167-6370-45DD-B2A9-E7A95DFCE6AB}.Debug|x64.Build.0 = Debug|Any CPU
		{BDF7C167-6370-45DD-B2A9-E7A95DFCE6AB}.Debug|x86.ActiveCfg = Debug|Any CPU
		{BDF7C167-6370-45DD-B2A9-E7A95DFCE6AB}.Debug|x86.Build.0 = Debug|Any CPU
		{BDF7C167-6370-45DD-B2A9-E7A95DFCE6AB}.Release|Any CPU.ActiveCfg = Release|Any CPU
		{BDF7C167-6370-45DD-B2A9-E7A95DFCE6AB}.Release|Any CPU.Build.0 = Release|Any CPU
		{BDF7C167-6370-45DD-B2A9-E7A95DFCE6AB}.Release|x64.ActiveCfg = Release|Any CPU
		{BDF7C167-6370-45DD-B2A9-E7A95DFCE6AB}.Release|x64.Build.0 = Release|Any CPU
		{BDF7C167-6370-45DD-B2A9-E7A95DFCE6AB}.Release|x86.ActiveCfg = Release|Any CPU
		{BDF7C167-6370-45DD-B2A9-E7A95DFCE6AB}.Release|x86.Build.0 = Release|Any CPU
		{9A398927-F423-484B-AE94-4DCE1EFD495D}.Debug|Any CPU.ActiveCfg = Debug|Any CPU
		{9A398927-F423-484B-AE94-4DCE1EFD495D}.Debug|Any CPU.Build.0 = Debug|Any CPU
		{9A398927-F423-484B-AE94-4DCE1EFD495D}.Debug|x64.ActiveCfg = Debug|Any CPU
		{9A398927-F423-484B-AE94-4DCE1EFD495D}.Debug|x64.Build.0 = Debug|Any CPU
		{9A398927-F423-484B-AE94-4DCE1EFD495D}.Debug|x86.ActiveCfg = Debug|Any CPU
		{9A398927-F423-484B-AE94-4DCE1EFD495D}.Debug|x86.Build.0 = Debug|Any CPU
		{9A398927-F423-484B-AE94-4DCE1EFD495D}.Release|Any CPU.ActiveCfg = Release|Any CPU
		{9A398927-F423-484B-AE94-4DCE1EFD495D}.Release|Any CPU.Build.0 = Release|Any CPU
		{9A398927-F423-484B-AE94-4DCE1EFD495D}.Release|x64.ActiveCfg = Release|Any CPU
		{9A398927-F423-484B-AE94-4DCE1EFD495D}.Release|x64.Build.0 = Release|Any CPU
		{9A398927-F423-484B-AE94-4DCE1EFD495D}.Release|x86.ActiveCfg = Release|Any CPU
		{9A398927-F423-484B-AE94-4DCE1EFD495D}.Release|x86.Build.0 = Release|Any CPU
		{E2E893EE-ABDF-464F-96B7-94C5116963BB}.Debug|Any CPU.ActiveCfg = Debug|Any CPU
		{E2E893EE-ABDF-464F-96B7-94C5116963BB}.Debug|Any CPU.Build.0 = Debug|Any CPU
		{E2E893EE-ABDF-464F-96B7-94C5116963BB}.Debug|x64.ActiveCfg = Debug|Any CPU
		{E2E893EE-ABDF-464F-96B7-94C5116963BB}.Debug|x64.Build.0 = Debug|Any CPU
		{E2E893EE-ABDF-464F-96B7-94C5116963BB}.Debug|x86.ActiveCfg = Debug|Any CPU
		{E2E893EE-ABDF-464F-96B7-94C5116963BB}.Debug|x86.Build.0 = Debug|Any CPU
		{E2E893EE-ABDF-464F-96B7-94C5116963BB}.Release|Any CPU.ActiveCfg = Release|Any CPU
		{E2E893EE-ABDF-464F-96B7-94C5116963BB}.Release|Any CPU.Build.0 = Release|Any CPU
		{E2E893EE-ABDF-464F-96B7-94C5116963BB}.Release|x64.ActiveCfg = Release|Any CPU
		{E2E893EE-ABDF-464F-96B7-94C5116963BB}.Release|x64.Build.0 = Release|Any CPU
		{E2E893EE-ABDF-464F-96B7-94C5116963BB}.Release|x86.ActiveCfg = Release|Any CPU
		{E2E893EE-ABDF-464F-96B7-94C5116963BB}.Release|x86.Build.0 = Release|Any CPU
		{8782F76E-544A-41CF-B9CA-DBEEB12BA911}.Debug|Any CPU.ActiveCfg = Debug|Any CPU
		{8782F76E-544A-41CF-B9CA-DBEEB12BA911}.Debug|Any CPU.Build.0 = Debug|Any CPU
		{8782F76E-544A-41CF-B9CA-DBEEB12BA911}.Debug|x64.ActiveCfg = Debug|Any CPU
		{8782F76E-544A-41CF-B9CA-DBEEB12BA911}.Debug|x64.Build.0 = Debug|Any CPU
		{8782F76E-544A-41CF-B9CA-DBEEB12BA911}.Debug|x86.ActiveCfg = Debug|Any CPU
		{8782F76E-544A-41CF-B9CA-DBEEB12BA911}.Debug|x86.Build.0 = Debug|Any CPU
		{8782F76E-544A-41CF-B9CA-DBEEB12BA911}.Release|Any CPU.ActiveCfg = Release|Any CPU
		{8782F76E-544A-41CF-B9CA-DBEEB12BA911}.Release|Any CPU.Build.0 = Release|Any CPU
		{8782F76E-544A-41CF-B9CA-DBEEB12BA911}.Release|x64.ActiveCfg = Release|Any CPU
		{8782F76E-544A-41CF-B9CA-DBEEB12BA911}.Release|x64.Build.0 = Release|Any CPU
		{8782F76E-544A-41CF-B9CA-DBEEB12BA911}.Release|x86.ActiveCfg = Release|Any CPU
		{8782F76E-544A-41CF-B9CA-DBEEB12BA911}.Release|x86.Build.0 = Release|Any CPU
		{EB80C3FD-EDD8-4B5D-BEA4-AA3A5C7342D2}.Debug|Any CPU.ActiveCfg = Debug|Any CPU
		{EB80C3FD-EDD8-4B5D-BEA4-AA3A5C7342D2}.Debug|Any CPU.Build.0 = Debug|Any CPU
		{EB80C3FD-EDD8-4B5D-BEA4-AA3A5C7342D2}.Debug|x64.ActiveCfg = Debug|Any CPU
		{EB80C3FD-EDD8-4B5D-BEA4-AA3A5C7342D2}.Debug|x64.Build.0 = Debug|Any CPU
		{EB80C3FD-EDD8-4B5D-BEA4-AA3A5C7342D2}.Debug|x86.ActiveCfg = Debug|Any CPU
		{EB80C3FD-EDD8-4B5D-BEA4-AA3A5C7342D2}.Debug|x86.Build.0 = Debug|Any CPU
		{EB80C3FD-EDD8-4B5D-BEA4-AA3A5C7342D2}.Release|Any CPU.ActiveCfg = Release|Any CPU
		{EB80C3FD-EDD8-4B5D-BEA4-AA3A5C7342D2}.Release|Any CPU.Build.0 = Release|Any CPU
		{EB80C3FD-EDD8-4B5D-BEA4-AA3A5C7342D2}.Release|x64.ActiveCfg = Release|Any CPU
		{EB80C3FD-EDD8-4B5D-BEA4-AA3A5C7342D2}.Release|x64.Build.0 = Release|Any CPU
		{EB80C3FD-EDD8-4B5D-BEA4-AA3A5C7342D2}.Release|x86.ActiveCfg = Release|Any CPU
		{EB80C3FD-EDD8-4B5D-BEA4-AA3A5C7342D2}.Release|x86.Build.0 = Release|Any CPU
	EndGlobalSection
	GlobalSection(SolutionProperties) = preSolution
		HideSolutionNode = FALSE
	EndGlobalSection
	GlobalSection(NestedProjects) = preSolution
		{8782F76E-544A-41CF-B9CA-DBEEB12BA911} = {E7BDDBC6-9FD1-D1D7-ACD8-2C4F8E3D2461}
	EndGlobalSection
EndGlobal
