
Microsoft Visual Studio Solution File, Format Version 12.00
# Visual Studio Version 17
VisualStudioVersion = 17.0.31903.59
MinimumVisualStudioVersion = 10.0.40219.1
Project("{FAE04EC0-301F-11D3-BF4B-00C04F79EFBC}") = "Order.Domain", "Order.Domain\Order.Domain.csproj", "{44EF48E7-B5A5-4C28-B01F-5B68D07528FD}"
EndProject
Project("{FAE04EC0-301F-11D3-BF4B-00C04F79EFBC}") = "BuildingBlock.Domain", "..\..\BuildingBlocks\BuildingBlock.Domain\BuildingBlock.Domain.csproj", "{F1F2DE54-2F67-4C20-ACCC-7A0B3C0D5A3C}"
EndProject
Project("{FAE04EC0-301F-11D3-BF4B-00C04F79EFBC}") = "BuildingBlock.SharedKernel", "..\..\BuildingBlocks\BuildingBlock.SharedKernel\BuildingBlock.SharedKernel.csproj", "{871561A3-A192-4BFC-A481-681E55CB4C38}"
EndProject
Project("{FAE04EC0-301F-11D3-BF4B-00C04F79EFBC}") = "BuildingBlock.Application", "..\..\BuildingBlocks\BuildingBlock.Application\BuildingBlock.Application.csproj", "{F6D6868D-BBD8-439E-8886-7CE2480C637A}"
EndProject
Project("{FAE04EC0-301F-11D3-BF4B-00C04F79EFBC}") = "BuildingBlock.Contract", "..\..\BuildingBlocks\BuildingBlock.Contract\BuildingBlock.Contract.csproj", "{53DD8539-1586-4A67-9978-D4B7D837219F}"
EndProject
Project("{FAE04EC0-301F-11D3-BF4B-00C04F79EFBC}") = "BuildingBlock.Criteria", "..\..\BuildingBlocks\BuildingBlock.Criteria\BuildingBlock.Criteria.csproj", "{17345042-4F89-4CA6-97F2-9C91201583EA}"
EndProject
Project("{FAE04EC0-301F-11D3-BF4B-00C04F79EFBC}") = "BuildingBlock.Messaging", "..\..\BuildingBlocks\BuildingBlock.Messaging\BuildingBlock.Messaging.csproj", "{77B70891-85EF-48C6-84B9-A5A8CBA47010}"
EndProject
Project("{FAE04EC0-301F-11D3-BF4B-00C04F79EFBC}") = "Order.Application", "Order.Application\Order.Application.csproj", "{997732AB-2957-4AA8-80C5-B8206016361B}"
EndProject
Project("{FAE04EC0-301F-11D3-BF4B-00C04F79EFBC}") = "BuildingBlock.Saga", "..\..\BuildingBlocks\BuildingBlock.Saga\BuildingBlock.Saga.csproj", "{5970FA4B-6DA2-4083-981F-32B86729AB7C}"
EndProject
Project("{FAE04EC0-301F-11D3-BF4B-00C04F79EFBC}") = "Order.Infrastructure", "Order.Infrastructure\Order.Infrastructure.csproj", "{68EBFD1D-4FB7-49DF-9C3C-0BA65670C6EF}"
EndProject
Project("{FAE04EC0-301F-11D3-BF4B-00C04F79EFBC}") = "BuildingBlock.Infrastructure", "..\..\BuildingBlocks\BuildingBlock.Infrastructure\BuildingBlock.Infrastructure.csproj", "{A4B338F1-BE36-4305-B6B5-EA07DCD69D63}"
EndProject
Project("{FAE04EC0-301F-11D3-BF4B-00C04F79EFBC}") = "BuildingBlock.Observability", "..\..\BuildingBlocks\BuildingBlock.Observability\BuildingBlock.Observability.csproj", "{24222B4E-FCAE-4204-BEC0-E168DCB032CA}"
EndProject
Project("{FAE04EC0-301F-11D3-BF4B-00C04F79EFBC}") = "BuildingBlock.Messaging.Kafka", "..\..\BuildingBlocks\BuildingBlock.Messaging.Kafka\BuildingBlock.Messaging.Kafka.csproj", "{D9550206-8823-4D58-9191-55F96186C662}"
EndProject
Project("{FAE04EC0-301F-11D3-BF4B-00C04F79EFBC}") = "BuildingBlock.Grpc", "..\..\BuildingBlocks\BuildingBlock.Grpc\BuildingBlock.Grpc.csproj", "{29705FAE-574D-4D7F-A46A-9F382EE052D7}"
EndProject
Project("{FAE04EC0-301F-11D3-BF4B-00C04F79EFBC}") = "Order.Persistence", "Order.Persistence\Order.Persistence.csproj", "{6CB94728-AE9C-4C79-9BF9-2433EA654C7D}"
EndProject
Project("{FAE04EC0-301F-11D3-BF4B-00C04F79EFBC}") = "BuildingBlock.Persistence", "..\..\BuildingBlocks\BuildingBlock.Persistence\BuildingBlock.Persistence.csproj", "{025F7546-5D05-4454-8935-CFBAF88539C8}"
EndProject
Project("{FAE04EC0-301F-11D3-BF4B-00C04F79EFBC}") = "BuildingBlock.Persistence.Ef", "..\..\BuildingBlocks\BuildingBlock.Persistence.Ef\BuildingBlock.Persistence.Ef.csproj", "{5A41E4F3-9630-4176-B049-6F84871D4AF0}"
EndProject
Project("{FAE04EC0-301F-11D3-BF4B-00C04F79EFBC}") = "Order.API", "Order.API\Order.API.csproj", "{7F944533-8FCD-48D0-BB13-A9B1CD0CB38A}"
EndProject
Project("{FAE04EC0-301F-11D3-BF4B-00C04F79EFBC}") = "BuildingBlock.Web", "..\..\BuildingBlocks\BuildingBlock.Web\BuildingBlock.Web.csproj", "{E2AA9353-7560-45CE-A484-A4EAE43FC786}"
EndProject
Project("{FAE04EC0-301F-11D3-BF4B-00C04F79EFBC}") = "Order.Application.Tests", "..\..\..\tests\unit\Order.Application.Tests\Order.Application.Tests.csproj", "{169A554C-02C2-402D-8991-7C856C937DD7}"
EndProject
Project("{FAE04EC0-301F-11D3-BF4B-00C04F79EFBC}") = "NovaCore.TestKit", "..\..\..\tests\unit\Common\NovaCore.TestKit\NovaCore.TestKit.csproj", "{F7E1F467-9986-4A59-9B17-B4B39F7FDBA7}"
EndProject
Project("{FAE04EC0-301F-11D3-BF4B-00C04F79EFBC}") = "Order.IntegrationTests", "..\..\..\tests\integration\Order.IntegrationTests\Order.IntegrationTests.csproj", "{04A93207-1DBE-4E50-9FDD-DD0AC5B163D0}"
EndProject
Project("{2150E333-8FDC-42A3-9474-1A3956D46DE8}") = "Gateway", "Gateway", "{E7BDDBC6-9FD1-D1D7-ACD8-2C4F8E3D2461}"
EndProject
Project("{FAE04EC0-301F-11D3-BF4B-00C04F79EFBC}") = "YarpApiGateway", "..\..\ApiGateways\YarpApiGateway\YarpApiGateway.csproj", "{D76E39E0-50B7-4323-AB95-8BFD76B0A9A6}"
EndProject
Project("{FAE04EC0-301F-11D3-BF4B-00C04F79EFBC}") = "Order.DbMigrator", "Order.DbMigrator\Order.DbMigrator.csproj", "{7EDFDDA0-08CA-4147-A30C-4B26A9FA6154}"
EndProject
Global
	GlobalSection(SolutionConfigurationPlatforms) = preSolution
		Debug|Any CPU = Debug|Any CPU
		Debug|x64 = Debug|x64
		Debug|x86 = Debug|x86
		Release|Any CPU = Release|Any CPU
		Release|x64 = Release|x64
		Release|x86 = Release|x86
	EndGlobalSection
	GlobalSection(ProjectConfigurationPlatforms) = postSolution
		{44EF48E7-B5A5-4C28-B01F-5B68D07528FD}.Debug|Any CPU.ActiveCfg = Debug|Any CPU
		{44EF48E7-B5A5-4C28-B01F-5B68D07528FD}.Debug|Any CPU.Build.0 = Debug|Any CPU
		{44EF48E7-B5A5-4C28-B01F-5B68D07528FD}.Debug|x64.ActiveCfg = Debug|Any CPU
		{44EF48E7-B5A5-4C28-B01F-5B68D07528FD}.Debug|x64.Build.0 = Debug|Any CPU
		{44EF48E7-B5A5-4C28-B01F-5B68D07528FD}.Debug|x86.ActiveCfg = Debug|Any CPU
		{44EF48E7-B5A5-4C28-B01F-5B68D07528FD}.Debug|x86.Build.0 = Debug|Any CPU
		{44EF48E7-B5A5-4C28-B01F-5B68D07528FD}.Release|Any CPU.ActiveCfg = Release|Any CPU
		{44EF48E7-B5A5-4C28-B01F-5B68D07528FD}.Release|Any CPU.Build.0 = Release|Any CPU
		{44EF48E7-B5A5-4C28-B01F-5B68D07528FD}.Release|x64.ActiveCfg = Release|Any CPU
		{44EF48E7-B5A5-4C28-B01F-5B68D07528FD}.Release|x64.Build.0 = Release|Any CPU
		{44EF48E7-B5A5-4C28-B01F-5B68D07528FD}.Release|x86.ActiveCfg = Release|Any CPU
		{44EF48E7-B5A5-4C28-B01F-5B68D07528FD}.Release|x86.Build.0 = Release|Any CPU
		{F1F2DE54-2F67-4C20-ACCC-7A0B3C0D5A3C}.Debug|Any CPU.ActiveCfg = Debug|Any CPU
		{F1F2DE54-2F67-4C20-ACCC-7A0B3C0D5A3C}.Debug|Any CPU.Build.0 = Debug|Any CPU
		{F1F2DE54-2F67-4C20-ACCC-7A0B3C0D5A3C}.Debug|x64.ActiveCfg = Debug|Any CPU
		{F1F2DE54-2F67-4C20-ACCC-7A0B3C0D5A3C}.Debug|x64.Build.0 = Debug|Any CPU
		{F1F2DE54-2F67-4C20-ACCC-7A0B3C0D5A3C}.Debug|x86.ActiveCfg = Debug|Any CPU
		{F1F2DE54-2F67-4C20-ACCC-7A0B3C0D5A3C}.Debug|x86.Build.0 = Debug|Any CPU
		{F1F2DE54-2F67-4C20-ACCC-7A0B3C0D5A3C}.Release|Any CPU.ActiveCfg = Release|Any CPU
		{F1F2DE54-2F67-4C20-ACCC-7A0B3C0D5A3C}.Release|Any CPU.Build.0 = Release|Any CPU
		{F1F2DE54-2F67-4C20-ACCC-7A0B3C0D5A3C}.Release|x64.ActiveCfg = Release|Any CPU
		{F1F2DE54-2F67-4C20-ACCC-7A0B3C0D5A3C}.Release|x64.Build.0 = Release|Any CPU
		{F1F2DE54-2F67-4C20-ACCC-7A0B3C0D5A3C}.Release|x86.ActiveCfg = Release|Any CPU
		{F1F2DE54-2F67-4C20-ACCC-7A0B3C0D5A3C}.Release|x86.Build.0 = Release|Any CPU
		{871561A3-A192-4BFC-A481-681E55CB4C38}.Debug|Any CPU.ActiveCfg = Debug|Any CPU
		{871561A3-A192-4BFC-A481-681E55CB4C38}.Debug|Any CPU.Build.0 = Debug|Any CPU
		{871561A3-A192-4BFC-A481-681E55CB4C38}.Debug|x64.ActiveCfg = Debug|Any CPU
		{871561A3-A192-4BFC-A481-681E55CB4C38}.Debug|x64.Build.0 = Debug|Any CPU
		{871561A3-A192-4BFC-A481-681E55CB4C38}.Debug|x86.ActiveCfg = Debug|Any CPU
		{871561A3-A192-4BFC-A481-681E55CB4C38}.Debug|x86.Build.0 = Debug|Any CPU
		{871561A3-A192-4BFC-A481-681E55CB4C38}.Release|Any CPU.ActiveCfg = Release|Any CPU
		{871561A3-A192-4BFC-A481-681E55CB4C38}.Release|Any CPU.Build.0 = Release|Any CPU
		{871561A3-A192-4BFC-A481-681E55CB4C38}.Release|x64.ActiveCfg = Release|Any CPU
		{871561A3-A192-4BFC-A481-681E55CB4C38}.Release|x64.Build.0 = Release|Any CPU
		{871561A3-A192-4BFC-A481-681E55CB4C38}.Release|x86.ActiveCfg = Release|Any CPU
		{871561A3-A192-4BFC-A481-681E55CB4C38}.Release|x86.Build.0 = Release|Any CPU
		{F6D6868D-BBD8-439E-8886-7CE2480C637A}.Debug|Any CPU.ActiveCfg = Debug|Any CPU
		{F6D6868D-BBD8-439E-8886-7CE2480C637A}.Debug|Any CPU.Build.0 = Debug|Any CPU
		{F6D6868D-BBD8-439E-8886-7CE2480C637A}.Debug|x64.ActiveCfg = Debug|Any CPU
		{F6D6868D-BBD8-439E-8886-7CE2480C637A}.Debug|x64.Build.0 = Debug|Any CPU
		{F6D6868D-BBD8-439E-8886-7CE2480C637A}.Debug|x86.ActiveCfg = Debug|Any CPU
		{F6D6868D-BBD8-439E-8886-7CE2480C637A}.Debug|x86.Build.0 = Debug|Any CPU
		{F6D6868D-BBD8-439E-8886-7CE2480C637A}.Release|Any CPU.ActiveCfg = Release|Any CPU
		{F6D6868D-BBD8-439E-8886-7CE2480C637A}.Release|Any CPU.Build.0 = Release|Any CPU
		{F6D6868D-BBD8-439E-8886-7CE2480C637A}.Release|x64.ActiveCfg = Release|Any CPU
		{F6D6868D-BBD8-439E-8886-7CE2480C637A}.Release|x64.Build.0 = Release|Any CPU
		{F6D6868D-BBD8-439E-8886-7CE2480C637A}.Release|x86.ActiveCfg = Release|Any CPU
		{F6D6868D-BBD8-439E-8886-7CE2480C637A}.Release|x86.Build.0 = Release|Any CPU
		{53DD8539-1586-4A67-9978-D4B7D837219F}.Debug|Any CPU.ActiveCfg = Debug|Any CPU
		{53DD8539-1586-4A67-9978-D4B7D837219F}.Debug|Any CPU.Build.0 = Debug|Any CPU
		{53DD8539-1586-4A67-9978-D4B7D837219F}.Debug|x64.ActiveCfg = Debug|Any CPU
		{53DD8539-1586-4A67-9978-D4B7D837219F}.Debug|x64.Build.0 = Debug|Any CPU
		{53DD8539-1586-4A67-9978-D4B7D837219F}.Debug|x86.ActiveCfg = Debug|Any CPU
		{53DD8539-1586-4A67-9978-D4B7D837219F}.Debug|x86.Build.0 = Debug|Any CPU
		{53DD8539-1586-4A67-9978-D4B7D837219F}.Release|Any CPU.ActiveCfg = Release|Any CPU
		{53DD8539-1586-4A67-9978-D4B7D837219F}.Release|Any CPU.Build.0 = Release|Any CPU
		{53DD8539-1586-4A67-9978-D4B7D837219F}.Release|x64.ActiveCfg = Release|Any CPU
		{53DD8539-1586-4A67-9978-D4B7D837219F}.Release|x64.Build.0 = Release|Any CPU
		{53DD8539-1586-4A67-9978-D4B7D837219F}.Release|x86.ActiveCfg = Release|Any CPU
		{53DD8539-1586-4A67-9978-D4B7D837219F}.Release|x86.Build.0 = Release|Any CPU
		{17345042-4F89-4CA6-97F2-9C91201583EA}.Debug|Any CPU.ActiveCfg = Debug|Any CPU
		{17345042-4F89-4CA6-97F2-9C91201583EA}.Debug|Any CPU.Build.0 = Debug|Any CPU
		{17345042-4F89-4CA6-97F2-9C91201583EA}.Debug|x64.ActiveCfg = Debug|Any CPU
		{17345042-4F89-4CA6-97F2-9C91201583EA}.Debug|x64.Build.0 = Debug|Any CPU
		{17345042-4F89-4CA6-97F2-9C91201583EA}.Debug|x86.ActiveCfg = Debug|Any CPU
		{17345042-4F89-4CA6-97F2-9C91201583EA}.Debug|x86.Build.0 = Debug|Any CPU
		{17345042-4F89-4CA6-97F2-9C91201583EA}.Release|Any CPU.ActiveCfg = Release|Any CPU
		{17345042-4F89-4CA6-97F2-9C91201583EA}.Release|Any CPU.Build.0 = Release|Any CPU
		{17345042-4F89-4CA6-97F2-9C91201583EA}.Release|x64.ActiveCfg = Release|Any CPU
		{17345042-4F89-4CA6-97F2-9C91201583EA}.Release|x64.Build.0 = Release|Any CPU
		{17345042-4F89-4CA6-97F2-9C91201583EA}.Release|x86.ActiveCfg = Release|Any CPU
		{17345042-4F89-4CA6-97F2-9C91201583EA}.Release|x86.Build.0 = Release|Any CPU
		{77B70891-85EF-48C6-84B9-A5A8CBA47010}.Debug|Any CPU.ActiveCfg = Debug|Any CPU
		{77B70891-85EF-48C6-84B9-A5A8CBA47010}.Debug|Any CPU.Build.0 = Debug|Any CPU
		{77B70891-85EF-48C6-84B9-A5A8CBA47010}.Debug|x64.ActiveCfg = Debug|Any CPU
		{77B70891-85EF-48C6-84B9-A5A8CBA47010}.Debug|x64.Build.0 = Debug|Any CPU
		{77B70891-85EF-48C6-84B9-A5A8CBA47010}.Debug|x86.ActiveCfg = Debug|Any CPU
		{77B70891-85EF-48C6-84B9-A5A8CBA47010}.Debug|x86.Build.0 = Debug|Any CPU
		{77B70891-85EF-48C6-84B9-A5A8CBA47010}.Release|Any CPU.ActiveCfg = Release|Any CPU
		{77B70891-85EF-48C6-84B9-A5A8CBA47010}.Release|Any CPU.Build.0 = Release|Any CPU
		{77B70891-85EF-48C6-84B9-A5A8CBA47010}.Release|x64.ActiveCfg = Release|Any CPU
		{77B70891-85EF-48C6-84B9-A5A8CBA47010}.Release|x64.Build.0 = Release|Any CPU
		{77B70891-85EF-48C6-84B9-A5A8CBA47010}.Release|x86.ActiveCfg = Release|Any CPU
		{77B70891-85EF-48C6-84B9-A5A8CBA47010}.Release|x86.Build.0 = Release|Any CPU
		{997732AB-2957-4AA8-80C5-B8206016361B}.Debug|Any CPU.ActiveCfg = Debug|Any CPU
		{997732AB-2957-4AA8-80C5-B8206016361B}.Debug|Any CPU.Build.0 = Debug|Any CPU
		{997732AB-2957-4AA8-80C5-B8206016361B}.Debug|x64.ActiveCfg = Debug|Any CPU
		{997732AB-2957-4AA8-80C5-B8206016361B}.Debug|x64.Build.0 = Debug|Any CPU
		{997732AB-2957-4AA8-80C5-B8206016361B}.Debug|x86.ActiveCfg = Debug|Any CPU
		{997732AB-2957-4AA8-80C5-B8206016361B}.Debug|x86.Build.0 = Debug|Any CPU
		{997732AB-2957-4AA8-80C5-B8206016361B}.Release|Any CPU.ActiveCfg = Release|Any CPU
		{997732AB-2957-4AA8-80C5-B8206016361B}.Release|Any CPU.Build.0 = Release|Any CPU
		{997732AB-2957-4AA8-80C5-B8206016361B}.Release|x64.ActiveCfg = Release|Any CPU
		{997732AB-2957-4AA8-80C5-B8206016361B}.Release|x64.Build.0 = Release|Any CPU
		{997732AB-2957-4AA8-80C5-B8206016361B}.Release|x86.ActiveCfg = Release|Any CPU
		{997732AB-2957-4AA8-80C5-B8206016361B}.Release|x86.Build.0 = Release|Any CPU
		{5970FA4B-6DA2-4083-981F-32B86729AB7C}.Debug|Any CPU.ActiveCfg = Debug|Any CPU
		{5970FA4B-6DA2-4083-981F-32B86729AB7C}.Debug|Any CPU.Build.0 = Debug|Any CPU
		{5970FA4B-6DA2-4083-981F-32B86729AB7C}.Debug|x64.ActiveCfg = Debug|Any CPU
		{5970FA4B-6DA2-4083-981F-32B86729AB7C}.Debug|x64.Build.0 = Debug|Any CPU
		{5970FA4B-6DA2-4083-981F-32B86729AB7C}.Debug|x86.ActiveCfg = Debug|Any CPU
		{5970FA4B-6DA2-4083-981F-32B86729AB7C}.Debug|x86.Build.0 = Debug|Any CPU
		{5970FA4B-6DA2-4083-981F-32B86729AB7C}.Release|Any CPU.ActiveCfg = Release|Any CPU
		{5970FA4B-6DA2-4083-981F-32B86729AB7C}.Release|Any CPU.Build.0 = Release|Any CPU
		{5970FA4B-6DA2-4083-981F-32B86729AB7C}.Release|x64.ActiveCfg = Release|Any CPU
		{5970FA4B-6DA2-4083-981F-32B86729AB7C}.Release|x64.Build.0 = Release|Any CPU
		{5970FA4B-6DA2-4083-981F-32B86729AB7C}.Release|x86.ActiveCfg = Release|Any CPU
		{5970FA4B-6DA2-4083-981F-32B86729AB7C}.Release|x86.Build.0 = Release|Any CPU
		{68EBFD1D-4FB7-49DF-9C3C-0BA65670C6EF}.Debug|Any CPU.ActiveCfg = Debug|Any CPU
		{68EBFD1D-4FB7-49DF-9C3C-0BA65670C6EF}.Debug|Any CPU.Build.0 = Debug|Any CPU
		{68EBFD1D-4FB7-49DF-9C3C-0BA65670C6EF}.Debug|x64.ActiveCfg = Debug|Any CPU
		{68EBFD1D-4FB7-49DF-9C3C-0BA65670C6EF}.Debug|x64.Build.0 = Debug|Any CPU
		{68EBFD1D-4FB7-49DF-9C3C-0BA65670C6EF}.Debug|x86.ActiveCfg = Debug|Any CPU
		{68EBFD1D-4FB7-49DF-9C3C-0BA65670C6EF}.Debug|x86.Build.0 = Debug|Any CPU
		{68EBFD1D-4FB7-49DF-9C3C-0BA65670C6EF}.Release|Any CPU.ActiveCfg = Release|Any CPU
		{68EBFD1D-4FB7-49DF-9C3C-0BA65670C6EF}.Release|Any CPU.Build.0 = Release|Any CPU
		{68EBFD1D-4FB7-49DF-9C3C-0BA65670C6EF}.Release|x64.ActiveCfg = Release|Any CPU
		{68EBFD1D-4FB7-49DF-9C3C-0BA65670C6EF}.Release|x64.Build.0 = Release|Any CPU
		{68EBFD1D-4FB7-49DF-9C3C-0BA65670C6EF}.Release|x86.ActiveCfg = Release|Any CPU
		{68EBFD1D-4FB7-49DF-9C3C-0BA65670C6EF}.Release|x86.Build.0 = Release|Any CPU
		{A4B338F1-BE36-4305-B6B5-EA07DCD69D63}.Debug|Any CPU.ActiveCfg = Debug|Any CPU
		{A4B338F1-BE36-4305-B6B5-EA07DCD69D63}.Debug|Any CPU.Build.0 = Debug|Any CPU
		{A4B338F1-BE36-4305-B6B5-EA07DCD69D63}.Debug|x64.ActiveCfg = Debug|Any CPU
		{A4B338F1-BE36-4305-B6B5-EA07DCD69D63}.Debug|x64.Build.0 = Debug|Any CPU
		{A4B338F1-BE36-4305-B6B5-EA07DCD69D63}.Debug|x86.ActiveCfg = Debug|Any CPU
		{A4B338F1-BE36-4305-B6B5-EA07DCD69D63}.Debug|x86.Build.0 = Debug|Any CPU
		{A4B338F1-BE36-4305-B6B5-EA07DCD69D63}.Release|Any CPU.ActiveCfg = Release|Any CPU
		{A4B338F1-BE36-4305-B6B5-EA07DCD69D63}.Release|Any CPU.Build.0 = Release|Any CPU
		{A4B338F1-BE36-4305-B6B5-EA07DCD69D63}.Release|x64.ActiveCfg = Release|Any CPU
		{A4B338F1-BE36-4305-B6B5-EA07DCD69D63}.Release|x64.Build.0 = Release|Any CPU
		{A4B338F1-BE36-4305-B6B5-EA07DCD69D63}.Release|x86.ActiveCfg = Release|Any CPU
		{A4B338F1-BE36-4305-B6B5-EA07DCD69D63}.Release|x86.Build.0 = Release|Any CPU
		{24222B4E-FCAE-4204-BEC0-E168DCB032CA}.Debug|Any CPU.ActiveCfg = Debug|Any CPU
		{24222B4E-FCAE-4204-BEC0-E168DCB032CA}.Debug|Any CPU.Build.0 = Debug|Any CPU
		{24222B4E-FCAE-4204-BEC0-E168DCB032CA}.Debug|x64.ActiveCfg = Debug|Any CPU
		{24222B4E-FCAE-4204-BEC0-E168DCB032CA}.Debug|x64.Build.0 = Debug|Any CPU
		{24222B4E-FCAE-4204-BEC0-E168DCB032CA}.Debug|x86.ActiveCfg = Debug|Any CPU
		{24222B4E-FCAE-4204-BEC0-E168DCB032CA}.Debug|x86.Build.0 = Debug|Any CPU
		{24222B4E-FCAE-4204-BEC0-E168DCB032CA}.Release|Any CPU.ActiveCfg = Release|Any CPU
		{24222B4E-FCAE-4204-BEC0-E168DCB032CA}.Release|Any CPU.Build.0 = Release|Any CPU
		{24222B4E-FCAE-4204-BEC0-E168DCB032CA}.Release|x64.ActiveCfg = Release|Any CPU
		{24222B4E-FCAE-4204-BEC0-E168DCB032CA}.Release|x64.Build.0 = Release|Any CPU
		{24222B4E-FCAE-4204-BEC0-E168DCB032CA}.Release|x86.ActiveCfg = Release|Any CPU
		{24222B4E-FCAE-4204-BEC0-E168DCB032CA}.Release|x86.Build.0 = Release|Any CPU
		{D9550206-8823-4D58-9191-55F96186C662}.Debug|Any CPU.ActiveCfg = Debug|Any CPU
		{D9550206-8823-4D58-9191-55F96186C662}.Debug|Any CPU.Build.0 = Debug|Any CPU
		{D9550206-8823-4D58-9191-55F96186C662}.Debug|x64.ActiveCfg = Debug|Any CPU
		{D9550206-8823-4D58-9191-55F96186C662}.Debug|x64.Build.0 = Debug|Any CPU
		{D9550206-8823-4D58-9191-55F96186C662}.Debug|x86.ActiveCfg = Debug|Any CPU
		{D9550206-8823-4D58-9191-55F96186C662}.Debug|x86.Build.0 = Debug|Any CPU
		{D9550206-8823-4D58-9191-55F96186C662}.Release|Any CPU.ActiveCfg = Release|Any CPU
		{D9550206-8823-4D58-9191-55F96186C662}.Release|Any CPU.Build.0 = Release|Any CPU
		{D9550206-8823-4D58-9191-55F96186C662}.Release|x64.ActiveCfg = Release|Any CPU
		{D9550206-8823-4D58-9191-55F96186C662}.Release|x64.Build.0 = Release|Any CPU
		{D9550206-8823-4D58-9191-55F96186C662}.Release|x86.ActiveCfg = Release|Any CPU
		{D9550206-8823-4D58-9191-55F96186C662}.Release|x86.Build.0 = Release|Any CPU
		{29705FAE-574D-4D7F-A46A-9F382EE052D7}.Debug|Any CPU.ActiveCfg = Debug|Any CPU
		{29705FAE-574D-4D7F-A46A-9F382EE052D7}.Debug|Any CPU.Build.0 = Debug|Any CPU
		{29705FAE-574D-4D7F-A46A-9F382EE052D7}.Debug|x64.ActiveCfg = Debug|Any CPU
		{29705FAE-574D-4D7F-A46A-9F382EE052D7}.Debug|x64.Build.0 = Debug|Any CPU
		{29705FAE-574D-4D7F-A46A-9F382EE052D7}.Debug|x86.ActiveCfg = Debug|Any CPU
		{29705FAE-574D-4D7F-A46A-9F382EE052D7}.Debug|x86.Build.0 = Debug|Any CPU
		{29705FAE-574D-4D7F-A46A-9F382EE052D7}.Release|Any CPU.ActiveCfg = Release|Any CPU
		{29705FAE-574D-4D7F-A46A-9F382EE052D7}.Release|Any CPU.Build.0 = Release|Any CPU
		{29705FAE-574D-4D7F-A46A-9F382EE052D7}.Release|x64.ActiveCfg = Release|Any CPU
		{29705FAE-574D-4D7F-A46A-9F382EE052D7}.Release|x64.Build.0 = Release|Any CPU
		{29705FAE-574D-4D7F-A46A-9F382EE052D7}.Release|x86.ActiveCfg = Release|Any CPU
		{29705FAE-574D-4D7F-A46A-9F382EE052D7}.Release|x86.Build.0 = Release|Any CPU
		{6CB94728-AE9C-4C79-9BF9-2433EA654C7D}.Debug|Any CPU.ActiveCfg = Debug|Any CPU
		{6CB94728-AE9C-4C79-9BF9-2433EA654C7D}.Debug|Any CPU.Build.0 = Debug|Any CPU
		{6CB94728-AE9C-4C79-9BF9-2433EA654C7D}.Debug|x64.ActiveCfg = Debug|Any CPU
		{6CB94728-AE9C-4C79-9BF9-2433EA654C7D}.Debug|x64.Build.0 = Debug|Any CPU
		{6CB94728-AE9C-4C79-9BF9-2433EA654C7D}.Debug|x86.ActiveCfg = Debug|Any CPU
		{6CB94728-AE9C-4C79-9BF9-2433EA654C7D}.Debug|x86.Build.0 = Debug|Any CPU
		{6CB94728-AE9C-4C79-9BF9-2433EA654C7D}.Release|Any CPU.ActiveCfg = Release|Any CPU
		{6CB94728-AE9C-4C79-9BF9-2433EA654C7D}.Release|Any CPU.Build.0 = Release|Any CPU
		{6CB94728-AE9C-4C79-9BF9-2433EA654C7D}.Release|x64.ActiveCfg = Release|Any CPU
		{6CB94728-AE9C-4C79-9BF9-2433EA654C7D}.Release|x64.Build.0 = Release|Any CPU
		{6CB94728-AE9C-4C79-9BF9-2433EA654C7D}.Release|x86.ActiveCfg = Release|Any CPU
		{6CB94728-AE9C-4C79-9BF9-2433EA654C7D}.Release|x86.Build.0 = Release|Any CPU
		{025F7546-5D05-4454-8935-CFBAF88539C8}.Debug|Any CPU.ActiveCfg = Debug|Any CPU
		{025F7546-5D05-4454-8935-CFBAF88539C8}.Debug|Any CPU.Build.0 = Debug|Any CPU
		{025F7546-5D05-4454-8935-CFBAF88539C8}.Debug|x64.ActiveCfg = Debug|Any CPU
		{025F7546-5D05-4454-8935-CFBAF88539C8}.Debug|x64.Build.0 = Debug|Any CPU
		{025F7546-5D05-4454-8935-CFBAF88539C8}.Debug|x86.ActiveCfg = Debug|Any CPU
		{025F7546-5D05-4454-8935-CFBAF88539C8}.Debug|x86.Build.0 = Debug|Any CPU
		{025F7546-5D05-4454-8935-CFBAF88539C8}.Release|Any CPU.ActiveCfg = Release|Any CPU
		{025F7546-5D05-4454-8935-CFBAF88539C8}.Release|Any CPU.Build.0 = Release|Any CPU
		{025F7546-5D05-4454-8935-CFBAF88539C8}.Release|x64.ActiveCfg = Release|Any CPU
		{025F7546-5D05-4454-8935-CFBAF88539C8}.Release|x64.Build.0 = Release|Any CPU
		{025F7546-5D05-4454-8935-CFBAF88539C8}.Release|x86.ActiveCfg = Release|Any CPU
		{025F7546-5D05-4454-8935-CFBAF88539C8}.Release|x86.Build.0 = Release|Any CPU
		{5A41E4F3-9630-4176-B049-6F84871D4AF0}.Debug|Any CPU.ActiveCfg = Debug|Any CPU
		{5A41E4F3-9630-4176-B049-6F84871D4AF0}.Debug|Any CPU.Build.0 = Debug|Any CPU
		{5A41E4F3-9630-4176-B049-6F84871D4AF0}.Debug|x64.ActiveCfg = Debug|Any CPU
		{5A41E4F3-9630-4176-B049-6F84871D4AF0}.Debug|x64.Build.0 = Debug|Any CPU
		{5A41E4F3-9630-4176-B049-6F84871D4AF0}.Debug|x86.ActiveCfg = Debug|Any CPU
		{5A41E4F3-9630-4176-B049-6F84871D4AF0}.Debug|x86.Build.0 = Debug|Any CPU
		{5A41E4F3-9630-4176-B049-6F84871D4AF0}.Release|Any CPU.ActiveCfg = Release|Any CPU
		{5A41E4F3-9630-4176-B049-6F84871D4AF0}.Release|Any CPU.Build.0 = Release|Any CPU
		{5A41E4F3-9630-4176-B049-6F84871D4AF0}.Release|x64.ActiveCfg = Release|Any CPU
		{5A41E4F3-9630-4176-B049-6F84871D4AF0}.Release|x64.Build.0 = Release|Any CPU
		{5A41E4F3-9630-4176-B049-6F84871D4AF0}.Release|x86.ActiveCfg = Release|Any CPU
		{5A41E4F3-9630-4176-B049-6F84871D4AF0}.Release|x86.Build.0 = Release|Any CPU
		{7F944533-8FCD-48D0-BB13-A9B1CD0CB38A}.Debug|Any CPU.ActiveCfg = Debug|Any CPU
		{7F944533-8FCD-48D0-BB13-A9B1CD0CB38A}.Debug|Any CPU.Build.0 = Debug|Any CPU
		{7F944533-8FCD-48D0-BB13-A9B1CD0CB38A}.Debug|x64.ActiveCfg = Debug|Any CPU
		{7F944533-8FCD-48D0-BB13-A9B1CD0CB38A}.Debug|x64.Build.0 = Debug|Any CPU
		{7F944533-8FCD-48D0-BB13-A9B1CD0CB38A}.Debug|x86.ActiveCfg = Debug|Any CPU
		{7F944533-8FCD-48D0-BB13-A9B1CD0CB38A}.Debug|x86.Build.0 = Debug|Any CPU
		{7F944533-8FCD-48D0-BB13-A9B1CD0CB38A}.Release|Any CPU.ActiveCfg = Release|Any CPU
		{7F944533-8FCD-48D0-BB13-A9B1CD0CB38A}.Release|Any CPU.Build.0 = Release|Any CPU
		{7F944533-8FCD-48D0-BB13-A9B1CD0CB38A}.Release|x64.ActiveCfg = Release|Any CPU
		{7F944533-8FCD-48D0-BB13-A9B1CD0CB38A}.Release|x64.Build.0 = Release|Any CPU
		{7F944533-8FCD-48D0-BB13-A9B1CD0CB38A}.Release|x86.ActiveCfg = Release|Any CPU
		{7F944533-8FCD-48D0-BB13-A9B1CD0CB38A}.Release|x86.Build.0 = Release|Any CPU
		{E2AA9353-7560-45CE-A484-A4EAE43FC786}.Debug|Any CPU.ActiveCfg = Debug|Any CPU
		{E2AA9353-7560-45CE-A484-A4EAE43FC786}.Debug|Any CPU.Build.0 = Debug|Any CPU
		{E2AA9353-7560-45CE-A484-A4EAE43FC786}.Debug|x64.ActiveCfg = Debug|Any CPU
		{E2AA9353-7560-45CE-A484-A4EAE43FC786}.Debug|x64.Build.0 = Debug|Any CPU
		{E2AA9353-7560-45CE-A484-A4EAE43FC786}.Debug|x86.ActiveCfg = Debug|Any CPU
		{E2AA9353-7560-45CE-A484-A4EAE43FC786}.Debug|x86.Build.0 = Debug|Any CPU
		{E2AA9353-7560-45CE-A484-A4EAE43FC786}.Release|Any CPU.ActiveCfg = Release|Any CPU
		{E2AA9353-7560-45CE-A484-A4EAE43FC786}.Release|Any CPU.Build.0 = Release|Any CPU
		{E2AA9353-7560-45CE-A484-A4EAE43FC786}.Release|x64.ActiveCfg = Release|Any CPU
		{E2AA9353-7560-45CE-A484-A4EAE43FC786}.Release|x64.Build.0 = Release|Any CPU
		{E2AA9353-7560-45CE-A484-A4EAE43FC786}.Release|x86.ActiveCfg = Release|Any CPU
		{E2AA9353-7560-45CE-A484-A4EAE43FC786}.Release|x86.Build.0 = Release|Any CPU
		{169A554C-02C2-402D-8991-7C856C937DD7}.Debug|Any CPU.ActiveCfg = Debug|Any CPU
		{169A554C-02C2-402D-8991-7C856C937DD7}.Debug|Any CPU.Build.0 = Debug|Any CPU
		{169A554C-02C2-402D-8991-7C856C937DD7}.Debug|x64.ActiveCfg = Debug|Any CPU
		{169A554C-02C2-402D-8991-7C856C937DD7}.Debug|x64.Build.0 = Debug|Any CPU
		{169A554C-02C2-402D-8991-7C856C937DD7}.Debug|x86.ActiveCfg = Debug|Any CPU
		{169A554C-02C2-402D-8991-7C856C937DD7}.Debug|x86.Build.0 = Debug|Any CPU
		{169A554C-02C2-402D-8991-7C856C937DD7}.Release|Any CPU.ActiveCfg = Release|Any CPU
		{169A554C-02C2-402D-8991-7C856C937DD7}.Release|Any CPU.Build.0 = Release|Any CPU
		{169A554C-02C2-402D-8991-7C856C937DD7}.Release|x64.ActiveCfg = Release|Any CPU
		{169A554C-02C2-402D-8991-7C856C937DD7}.Release|x64.Build.0 = Release|Any CPU
		{169A554C-02C2-402D-8991-7C856C937DD7}.Release|x86.ActiveCfg = Release|Any CPU
		{169A554C-02C2-402D-8991-7C856C937DD7}.Release|x86.Build.0 = Release|Any CPU
		{F7E1F467-9986-4A59-9B17-B4B39F7FDBA7}.Debug|Any CPU.ActiveCfg = Debug|Any CPU
		{F7E1F467-9986-4A59-9B17-B4B39F7FDBA7}.Debug|Any CPU.Build.0 = Debug|Any CPU
		{F7E1F467-9986-4A59-9B17-B4B39F7FDBA7}.Debug|x64.ActiveCfg = Debug|Any CPU
		{F7E1F467-9986-4A59-9B17-B4B39F7FDBA7}.Debug|x64.Build.0 = Debug|Any CPU
		{F7E1F467-9986-4A59-9B17-B4B39F7FDBA7}.Debug|x86.ActiveCfg = Debug|Any CPU
		{F7E1F467-9986-4A59-9B17-B4B39F7FDBA7}.Debug|x86.Build.0 = Debug|Any CPU
		{F7E1F467-9986-4A59-9B17-B4B39F7FDBA7}.Release|Any CPU.ActiveCfg = Release|Any CPU
		{F7E1F467-9986-4A59-9B17-B4B39F7FDBA7}.Release|Any CPU.Build.0 = Release|Any CPU
		{F7E1F467-9986-4A59-9B17-B4B39F7FDBA7}.Release|x64.ActiveCfg = Release|Any CPU
		{F7E1F467-9986-4A59-9B17-B4B39F7FDBA7}.Release|x64.Build.0 = Release|Any CPU
		{F7E1F467-9986-4A59-9B17-B4B39F7FDBA7}.Release|x86.ActiveCfg = Release|Any CPU
		{F7E1F467-9986-4A59-9B17-B4B39F7FDBA7}.Release|x86.Build.0 = Release|Any CPU
		{04A93207-1DBE-4E50-9FDD-DD0AC5B163D0}.Debug|Any CPU.ActiveCfg = Debug|Any CPU
		{04A93207-1DBE-4E50-9FDD-DD0AC5B163D0}.Debug|Any CPU.Build.0 = Debug|Any CPU
		{04A93207-1DBE-4E50-9FDD-DD0AC5B163D0}.Debug|x64.ActiveCfg = Debug|Any CPU
		{04A93207-1DBE-4E50-9FDD-DD0AC5B163D0}.Debug|x64.Build.0 = Debug|Any CPU
		{04A93207-1DBE-4E50-9FDD-DD0AC5B163D0}.Debug|x86.ActiveCfg = Debug|Any CPU
		{04A93207-1DBE-4E50-9FDD-DD0AC5B163D0}.Debug|x86.Build.0 = Debug|Any CPU
		{04A93207-1DBE-4E50-9FDD-DD0AC5B163D0}.Release|Any CPU.ActiveCfg = Release|Any CPU
		{04A93207-1DBE-4E50-9FDD-DD0AC5B163D0}.Release|Any CPU.Build.0 = Release|Any CPU
		{04A93207-1DBE-4E50-9FDD-DD0AC5B163D0}.Release|x64.ActiveCfg = Release|Any CPU
		{04A93207-1DBE-4E50-9FDD-DD0AC5B163D0}.Release|x64.Build.0 = Release|Any CPU
		{04A93207-1DBE-4E50-9FDD-DD0AC5B163D0}.Release|x86.ActiveCfg = Release|Any CPU
		{04A93207-1DBE-4E50-9FDD-DD0AC5B163D0}.Release|x86.Build.0 = Release|Any CPU
		{D76E39E0-50B7-4323-AB95-8BFD76B0A9A6}.Debug|Any CPU.ActiveCfg = Debug|Any CPU
		{D76E39E0-50B7-4323-AB95-8BFD76B0A9A6}.Debug|Any CPU.Build.0 = Debug|Any CPU
		{D76E39E0-50B7-4323-AB95-8BFD76B0A9A6}.Debug|x64.ActiveCfg = Debug|Any CPU
		{D76E39E0-50B7-4323-AB95-8BFD76B0A9A6}.Debug|x64.Build.0 = Debug|Any CPU
		{D76E39E0-50B7-4323-AB95-8BFD76B0A9A6}.Debug|x86.ActiveCfg = Debug|Any CPU
		{D76E39E0-50B7-4323-AB95-8BFD76B0A9A6}.Debug|x86.Build.0 = Debug|Any CPU
		{D76E39E0-50B7-4323-AB95-8BFD76B0A9A6}.Release|Any CPU.ActiveCfg = Release|Any CPU
		{D76E39E0-50B7-4323-AB95-8BFD76B0A9A6}.Release|Any CPU.Build.0 = Release|Any CPU
		{D76E39E0-50B7-4323-AB95-8BFD76B0A9A6}.Release|x64.ActiveCfg = Release|Any CPU
		{D76E39E0-50B7-4323-AB95-8BFD76B0A9A6}.Release|x64.Build.0 = Release|Any CPU
		{D76E39E0-50B7-4323-AB95-8BFD76B0A9A6}.Release|x86.ActiveCfg = Release|Any CPU
		{D76E39E0-50B7-4323-AB95-8BFD76B0A9A6}.Release|x86.Build.0 = Release|Any CPU
		{7EDFDDA0-08CA-4147-A30C-4B26A9FA6154}.Debug|Any CPU.ActiveCfg = Debug|Any CPU
		{7EDFDDA0-08CA-4147-A30C-4B26A9FA6154}.Debug|Any CPU.Build.0 = Debug|Any CPU
		{7EDFDDA0-08CA-4147-A30C-4B26A9FA6154}.Debug|x64.ActiveCfg = Debug|Any CPU
		{7EDFDDA0-08CA-4147-A30C-4B26A9FA6154}.Debug|x64.Build.0 = Debug|Any CPU
		{7EDFDDA0-08CA-4147-A30C-4B26A9FA6154}.Debug|x86.ActiveCfg = Debug|Any CPU
		{7EDFDDA0-08CA-4147-A30C-4B26A9FA6154}.Debug|x86.Build.0 = Debug|Any CPU
		{7EDFDDA0-08CA-4147-A30C-4B26A9FA6154}.Release|Any CPU.ActiveCfg = Release|Any CPU
		{7EDFDDA0-08CA-4147-A30C-4B26A9FA6154}.Release|Any CPU.Build.0 = Release|Any CPU
		{7EDFDDA0-08CA-4147-A30C-4B26A9FA6154}.Release|x64.ActiveCfg = Release|Any CPU
		{7EDFDDA0-08CA-4147-A30C-4B26A9FA6154}.Release|x64.Build.0 = Release|Any CPU
		{7EDFDDA0-08CA-4147-A30C-4B26A9FA6154}.Release|x86.ActiveCfg = Release|Any CPU
		{7EDFDDA0-08CA-4147-A30C-4B26A9FA6154}.Release|x86.Build.0 = Release|Any CPU
	EndGlobalSection
	GlobalSection(SolutionProperties) = preSolution
		HideSolutionNode = FALSE
	EndGlobalSection
	GlobalSection(NestedProjects) = preSolution
		{D76E39E0-50B7-4323-AB95-8BFD76B0A9A6} = {E7BDDBC6-9FD1-D1D7-ACD8-2C4F8E3D2461}
	EndGlobalSection
EndGlobal
